{
  "version": 4,
  "terraform_version": "1.4.6",
  "serial": 5,
  "lineage": "61f04ba8-d1ad-5c8f-f1f1-a478606c8924",
  "outputs": {
    "cicd_repositories": {
      "value": {},
      "type": [
        "object",
        {}
      ]
    },
    "dataplatform": {
      "value": {
        "dev": {
          "folder": "folders/878133776630",
          "gcs_bucket": "nyx-dev-resman-dp-0",
          "service_account": "nyx-dev-resman-dp-0@nyx-prod-iac-core-0.iam.gserviceaccount.com"
        },
        "prod": {
          "folder": "folders/751176876210",
          "gcs_bucket": "nyx-prod-resman-dp-0",
          "service_account": "nyx-prod-resman-dp-0@nyx-prod-iac-core-0.iam.gserviceaccount.com"
        }
      },
      "type": [
        "map",
        [
          "object",
          {
            "folder": "string",
            "gcs_bucket": "string",
            "service_account": "string"
          }
        ]
      ]
    },
    "gke_multitenant": {
      "value": {},
      "type": [
        "map",
        [
          "object",
          {
            "folder": "dynamic",
            "gcs_bucket": "dynamic",
            "service_account": "dynamic"
          }
        ]
      ]
    },
    "project_factories": {
      "value": {
        "dev": {
          "bucket": "nyx-dev-resman-pf-0",
          "sa": "nyx-dev-resman-pf-0@nyx-prod-iac-core-0.iam.gserviceaccount.com"
        },
        "prod": {
          "bucket": "nyx-prod-resman-pf-0",
          "sa": "nyx-prod-resman-pf-0@nyx-prod-iac-core-0.iam.gserviceaccount.com"
        }
      },
      "type": [
        "map",
        [
          "object",
          {
            "bucket": "string",
            "sa": "string"
          }
        ]
      ]
    },
    "providers": {
      "value": {
        "2-networking": "/**\n * Copyright 2022 Google LLC\n *\n * Licensed under the Apache License, Version 2.0 (the \"License\");\n * you may not use this file except in compliance with the License.\n * You may obtain a copy of the License at\n *\n *      http://www.apache.org/licenses/LICENSE-2.0\n *\n * Unless required by applicable law or agreed to in writing, software\n * distributed under the License is distributed on an \"AS IS\" BASIS,\n * WITHOUT WARRANTIES OR CONDITIONS OF ANY KIND, either express or implied.\n * See the License for the specific language governing permissions and\n * limitations under the License.\n */\n\nterraform {\n  backend \"gcs\" {\n    bucket                      = \"nyx-prod-resman-net-0\"\n    impersonate_service_account = \"nyx-prod-resman-net-0@nyx-prod-iac-core-0.iam.gserviceaccount.com\"\n  }\n}\nprovider \"google\" {\n  impersonate_service_account = \"nyx-prod-resman-net-0@nyx-prod-iac-core-0.iam.gserviceaccount.com\"\n}\nprovider \"google-beta\" {\n  impersonate_service_account = \"nyx-prod-resman-net-0@nyx-prod-iac-core-0.iam.gserviceaccount.com\"\n}\n\n# end provider.tf for networking\n",
        "2-security": "/**\n * Copyright 2022 Google LLC\n *\n * Licensed under the Apache License, Version 2.0 (the \"License\");\n * you may not use this file except in compliance with the License.\n * You may obtain a copy of the License at\n *\n *      http://www.apache.org/licenses/LICENSE-2.0\n *\n * Unless required by applicable law or agreed to in writing, software\n * distributed under the License is distributed on an \"AS IS\" BASIS,\n * WITHOUT WARRANTIES OR CONDITIONS OF ANY KIND, either express or implied.\n * See the License for the specific language governing permissions and\n * limitations under the License.\n */\n\nterraform {\n  backend \"gcs\" {\n    bucket                      = \"nyx-prod-resman-sec-0\"\n    impersonate_service_account = \"nyx-security-0@nyx-prod-iac-core-0.iam.gserviceaccount.com\"\n  }\n}\nprovider \"google\" {\n  impersonate_service_account = \"nyx-security-0@nyx-prod-iac-core-0.iam.gserviceaccount.com\"\n}\nprovider \"google-beta\" {\n  impersonate_service_account = \"nyx-security-0@nyx-prod-iac-core-0.iam.gserviceaccount.com\"\n}\n\n# end provider.tf for security\n",
        "3-data-platform-dev": "/**\n * Copyright 2022 Google LLC\n *\n * Licensed under the Apache License, Version 2.0 (the \"License\");\n * you may not use this file except in compliance with the License.\n * You may obtain a copy of the License at\n *\n *      http://www.apache.org/licenses/LICENSE-2.0\n *\n * Unless required by applicable law or agreed to in writing, software\n * distributed under the License is distributed on an \"AS IS\" BASIS,\n * WITHOUT WARRANTIES OR CONDITIONS OF ANY KIND, either express or implied.\n * See the License for the specific language governing permissions and\n * limitations under the License.\n */\n\nterraform {\n  backend \"gcs\" {\n    bucket                      = \"nyx-dev-resman-dp-0\"\n    impersonate_service_account = \"nyx-dev-resman-dp-0@nyx-prod-iac-core-0.iam.gserviceaccount.com\"\n  }\n}\nprovider \"google\" {\n  impersonate_service_account = \"nyx-dev-resman-dp-0@nyx-prod-iac-core-0.iam.gserviceaccount.com\"\n}\nprovider \"google-beta\" {\n  impersonate_service_account = \"nyx-dev-resman-dp-0@nyx-prod-iac-core-0.iam.gserviceaccount.com\"\n}\n\n# end provider.tf for dp-dev\n",
        "3-data-platform-prod": "/**\n * Copyright 2022 Google LLC\n *\n * Licensed under the Apache License, Version 2.0 (the \"License\");\n * you may not use this file except in compliance with the License.\n * You may obtain a copy of the License at\n *\n *      http://www.apache.org/licenses/LICENSE-2.0\n *\n * Unless required by applicable law or agreed to in writing, software\n * distributed under the License is distributed on an \"AS IS\" BASIS,\n * WITHOUT WARRANTIES OR CONDITIONS OF ANY KIND, either express or implied.\n * See the License for the specific language governing permissions and\n * limitations under the License.\n */\n\nterraform {\n  backend \"gcs\" {\n    bucket                      = \"nyx-prod-resman-dp-0\"\n    impersonate_service_account = \"nyx-prod-resman-dp-0@nyx-prod-iac-core-0.iam.gserviceaccount.com\"\n  }\n}\nprovider \"google\" {\n  impersonate_service_account = \"nyx-prod-resman-dp-0@nyx-prod-iac-core-0.iam.gserviceaccount.com\"\n}\nprovider \"google-beta\" {\n  impersonate_service_account = \"nyx-prod-resman-dp-0@nyx-prod-iac-core-0.iam.gserviceaccount.com\"\n}\n\n# end provider.tf for dp-prod\n",
        "3-project-factory-dev": "/**\n * Copyright 2022 Google LLC\n *\n * Licensed under the Apache License, Version 2.0 (the \"License\");\n * you may not use this file except in compliance with the License.\n * You may obtain a copy of the License at\n *\n *      http://www.apache.org/licenses/LICENSE-2.0\n *\n * Unless required by applicable law or agreed to in writing, software\n * distributed under the License is distributed on an \"AS IS\" BASIS,\n * WITHOUT WARRANTIES OR CONDITIONS OF ANY KIND, either express or implied.\n * See the License for the specific language governing permissions and\n * limitations under the License.\n */\n\nterraform {\n  backend \"gcs\" {\n    bucket                      = \"nyx-dev-resman-pf-0\"\n    impersonate_service_account = \"nyx-dev-resman-pf-0@nyx-prod-iac-core-0.iam.gserviceaccount.com\"\n  }\n}\nprovider \"google\" {\n  impersonate_service_account = \"nyx-dev-resman-pf-0@nyx-prod-iac-core-0.iam.gserviceaccount.com\"\n}\nprovider \"google-beta\" {\n  impersonate_service_account = \"nyx-dev-resman-pf-0@nyx-prod-iac-core-0.iam.gserviceaccount.com\"\n}\n\n# end provider.tf for team-dev\n",
        "3-project-factory-prod": "/**\n * Copyright 2022 Google LLC\n *\n * Licensed under the Apache License, Version 2.0 (the \"License\");\n * you may not use this file except in compliance with the License.\n * You may obtain a copy of the License at\n *\n *      http://www.apache.org/licenses/LICENSE-2.0\n *\n * Unless required by applicable law or agreed to in writing, software\n * distributed under the License is distributed on an \"AS IS\" BASIS,\n * WITHOUT WARRANTIES OR CONDITIONS OF ANY KIND, either express or implied.\n * See the License for the specific language governing permissions and\n * limitations under the License.\n */\n\nterraform {\n  backend \"gcs\" {\n    bucket                      = \"nyx-prod-resman-pf-0\"\n    impersonate_service_account = \"nyx-prod-resman-pf-0@nyx-prod-iac-core-0.iam.gserviceaccount.com\"\n  }\n}\nprovider \"google\" {\n  impersonate_service_account = \"nyx-prod-resman-pf-0@nyx-prod-iac-core-0.iam.gserviceaccount.com\"\n}\nprovider \"google-beta\" {\n  impersonate_service_account = \"nyx-prod-resman-pf-0@nyx-prod-iac-core-0.iam.gserviceaccount.com\"\n}\n\n# end provider.tf for team-prod\n",
        "3-teams": "/**\n * Copyright 2022 Google LLC\n *\n * Licensed under the Apache License, Version 2.0 (the \"License\");\n * you may not use this file except in compliance with the License.\n * You may obtain a copy of the License at\n *\n *      http://www.apache.org/licenses/LICENSE-2.0\n *\n * Unless required by applicable law or agreed to in writing, software\n * distributed under the License is distributed on an \"AS IS\" BASIS,\n * WITHOUT WARRANTIES OR CONDITIONS OF ANY KIND, either express or implied.\n * See the License for the specific language governing permissions and\n * limitations under the License.\n */\n\nterraform {\n  backend \"gcs\" {\n    bucket                      = \"nyx-prod-resman-teams-0\"\n    impersonate_service_account = \"nyx-prod-resman-teams-0@nyx-prod-iac-core-0.iam.gserviceaccount.com\"\n  }\n}\nprovider \"google\" {\n  impersonate_service_account = \"nyx-prod-resman-teams-0@nyx-prod-iac-core-0.iam.gserviceaccount.com\"\n}\nprovider \"google-beta\" {\n  impersonate_service_account = \"nyx-prod-resman-teams-0@nyx-prod-iac-core-0.iam.gserviceaccount.com\"\n}\n\n# end provider.tf for teams\n",
        "3-teams-application": "/**\n * Copyright 2022 Google LLC\n *\n * Licensed under the Apache License, Version 2.0 (the \"License\");\n * you may not use this file except in compliance with the License.\n * You may obtain a copy of the License at\n *\n *      http://www.apache.org/licenses/LICENSE-2.0\n *\n * Unless required by applicable law or agreed to in writing, software\n * distributed under the License is distributed on an \"AS IS\" BASIS,\n * WITHOUT WARRANTIES OR CONDITIONS OF ANY KIND, either express or implied.\n * See the License for the specific language governing permissions and\n * limitations under the License.\n */\n\nterraform {\n  backend \"gcs\" {\n    bucket                      = \"nyx-prod-teams-application-0\"\n    impersonate_service_account = \"nyx-prod-teams-application-0@nyx-prod-iac-core-0.iam.gserviceaccount.com\"\n  }\n}\nprovider \"google\" {\n  impersonate_service_account = \"nyx-prod-teams-application-0@nyx-prod-iac-core-0.iam.gserviceaccount.com\"\n}\nprovider \"google-beta\" {\n  impersonate_service_account = \"nyx-prod-teams-application-0@nyx-prod-iac-core-0.iam.gserviceaccount.com\"\n}\n\n# end provider.tf for teams\n",
        "9-sandbox": "/**\n * Copyright 2022 Google LLC\n *\n * Licensed under the Apache License, Version 2.0 (the \"License\");\n * you may not use this file except in compliance with the License.\n * You may obtain a copy of the License at\n *\n *      http://www.apache.org/licenses/LICENSE-2.0\n *\n * Unless required by applicable law or agreed to in writing, software\n * distributed under the License is distributed on an \"AS IS\" BASIS,\n * WITHOUT WARRANTIES OR CONDITIONS OF ANY KIND, either express or implied.\n * See the License for the specific language governing permissions and\n * limitations under the License.\n */\n\nterraform {\n  backend \"gcs\" {\n    bucket                      = \"nyx-dev-resman-sbox-0\"\n    impersonate_service_account = \"nyx-dev-resman-sbox-0@nyx-prod-iac-core-0.iam.gserviceaccount.com\"\n  }\n}\nprovider \"google\" {\n  impersonate_service_account = \"nyx-dev-resman-sbox-0@nyx-prod-iac-core-0.iam.gserviceaccount.com\"\n}\nprovider \"google-beta\" {\n  impersonate_service_account = \"nyx-dev-resman-sbox-0@nyx-prod-iac-core-0.iam.gserviceaccount.com\"\n}\n\n# end provider.tf for sandbox\n"
      },
      "type": [
        "object",
        {
          "2-networking": "string",
          "2-security": "string",
          "3-data-platform-dev": "string",
          "3-data-platform-prod": "string",
          "3-project-factory-dev": "string",
          "3-project-factory-prod": "string",
          "3-teams": "string",
          "3-teams-application": "string",
          "9-sandbox": "string"
        }
      ],
      "sensitive": true
    },
    "sandbox": {
      "value": {
        "folder": "folders/439054504235",
        "gcs_bucket": "nyx-dev-resman-sbox-0",
        "service_account": "nyx-dev-resman-sbox-0@nyx-prod-iac-core-0.iam.gserviceaccount.com"
      },
      "type": [
        "object",
        {
          "folder": "string",
          "gcs_bucket": "string",
          "service_account": "string"
        }
      ]
    },
    "security": {
      "value": {
        "folder": "folders/1031690213144",
        "gcs_bucket": "nyx-prod-resman-sec-0",
        "service_account": "serviceAccount:nyx-security-0@nyx-prod-iac-core-0.iam.gserviceaccount.com"
      },
      "type": [
        "object",
        {
          "folder": "string",
          "gcs_bucket": "string",
          "service_account": "string"
        }
      ]
    },
    "teams": {
      "value": {
        "application": {
          "folder": "folders/662160269814",
          "gcs_bucket": "nyx-prod-teams-application-0",
          "service_account": "nyx-prod-teams-application-0@nyx-prod-iac-core-0.iam.gserviceaccount.com"
        }
      },
      "type": [
        "object",
        {
          "application": [
            "object",
            {
              "folder": "string",
              "gcs_bucket": "string",
              "service_account": "string"
            }
          ]
        }
      ]
    }
  },
  "resources": [
    {
      "mode": "managed",
      "type": "google_organization_iam_member",
      "name": "org_policy_admin_dp",
      "provider": "provider[\"registry.terraform.io/hashicorp/google\"]",
      "instances": [
        {
          "index_key": "data-dev",
          "schema_version": 0,
          "attributes": {
            "condition": [
              {
                "description": "Org policy tag scoped grant for data/development.",
                "expression": "resource.matchTag('1068395049087/context', 'data')\n\u0026\u0026\nresource.matchTag('1068395049087/environment', 'development')\n",
                "title": "org_policy_tag_dp_scoped"
              }
            ],
            "etag": "BwX6xuTtwWc=",
            "id": "1068395049087/roles/orgpolicy.policyAdmin/serviceAccount:nyx-dev-resman-dp-0@nyx-prod-iac-core-0.iam.gserviceaccount.com/org_policy_tag_dp_scoped/Org policy tag scoped grant for data/development./resource.matchTag('1068395049087/context', 'data')\n\u0026\u0026\nresource.matchTag('1068395049087/environment', 'development')\n",
            "member": "serviceAccount:nyx-dev-resman-dp-0@nyx-prod-iac-core-0.iam.gserviceaccount.com",
            "org_id": "1068395049087",
            "role": "roles/orgpolicy.policyAdmin"
          },
          "sensitive_attributes": [],
          "private": "bnVsbA==",
          "dependencies": [
            "module.branch-dp-dev-sa.data.google_service_account.service_account",
            "module.branch-dp-dev-sa.google_service_account.service_account",
            "module.branch-dp-prod-sa.data.google_service_account.service_account",
            "module.branch-dp-prod-sa.google_service_account.service_account"
          ]
        },
        {
          "index_key": "data-prod",
          "schema_version": 0,
          "attributes": {
            "condition": [
              {
                "description": "Org policy tag scoped grant for data/production.",
                "expression": "resource.matchTag('1068395049087/context', 'data')\n\u0026\u0026\nresource.matchTag('1068395049087/environment', 'production')\n",
                "title": "org_policy_tag_dp_scoped"
              }
            ],
            "etag": "BwX6xuTtwWc=",
            "id": "1068395049087/roles/orgpolicy.policyAdmin/serviceAccount:nyx-prod-resman-dp-0@nyx-prod-iac-core-0.iam.gserviceaccount.com/org_policy_tag_dp_scoped/Org policy tag scoped grant for data/production./resource.matchTag('1068395049087/context', 'data')\n\u0026\u0026\nresource.matchTag('1068395049087/environment', 'production')\n",
            "member": "serviceAccount:nyx-prod-resman-dp-0@nyx-prod-iac-core-0.iam.gserviceaccount.com",
            "org_id": "1068395049087",
            "role": "roles/orgpolicy.policyAdmin"
          },
          "sensitive_attributes": [],
          "private": "bnVsbA==",
          "dependencies": [
            "module.branch-dp-dev-sa.data.google_service_account.service_account",
            "module.branch-dp-dev-sa.google_service_account.service_account",
            "module.branch-dp-prod-sa.data.google_service_account.service_account",
            "module.branch-dp-prod-sa.google_service_account.service_account"
          ]
        }
      ]
    },
    {
      "mode": "managed",
      "type": "google_organization_iam_member",
      "name": "org_policy_admin_pf_dev",
      "provider": "provider[\"registry.terraform.io/hashicorp/google\"]",
      "instances": [
        {
          "index_key": 0,
          "schema_version": 0,
          "attributes": {
            "condition": [
              {
                "description": "Org policy tag scoped grant for project factory dev.",
                "expression": "resource.matchTag('1068395049087/context', 'teams')\n\u0026\u0026\nresource.matchTag('1068395049087/environment', 'development')\n",
                "title": "org_policy_tag_pf_scoped_dev"
              }
            ],
            "etag": "BwX6xuTtwWc=",
            "id": "1068395049087/roles/orgpolicy.policyAdmin/serviceAccount:nyx-dev-resman-pf-0@nyx-prod-iac-core-0.iam.gserviceaccount.com/org_policy_tag_pf_scoped_dev/Org policy tag scoped grant for project factory dev./resource.matchTag('1068395049087/context', 'teams')\n\u0026\u0026\nresource.matchTag('1068395049087/environment', 'development')\n",
            "member": "serviceAccount:nyx-dev-resman-pf-0@nyx-prod-iac-core-0.iam.gserviceaccount.com",
            "org_id": "1068395049087",
            "role": "roles/orgpolicy.policyAdmin"
          },
          "sensitive_attributes": [],
          "private": "bnVsbA==",
          "dependencies": [
            "module.branch-pf-dev-sa.data.google_service_account.service_account",
            "module.branch-pf-dev-sa.google_service_account.service_account"
          ]
        }
      ]
    },
    {
      "mode": "managed",
      "type": "google_organization_iam_member",
      "name": "org_policy_admin_pf_prod",
      "provider": "provider[\"registry.terraform.io/hashicorp/google\"]",
      "instances": [
        {
          "index_key": 0,
          "schema_version": 0,
          "attributes": {
            "condition": [
              {
                "description": "Org policy tag scoped grant for project factory prod.",
                "expression": "resource.matchTag('1068395049087/context', 'teams')\n",
                "title": "org_policy_tag_pf_scoped_prod"
              }
            ],
            "etag": "BwX6xuTtwWc=",
            "id": "1068395049087/roles/orgpolicy.policyAdmin/serviceAccount:nyx-prod-resman-pf-0@nyx-prod-iac-core-0.iam.gserviceaccount.com/org_policy_tag_pf_scoped_prod/Org policy tag scoped grant for project factory prod./resource.matchTag('1068395049087/context', 'teams')\n",
            "member": "serviceAccount:nyx-prod-resman-pf-0@nyx-prod-iac-core-0.iam.gserviceaccount.com",
            "org_id": "1068395049087",
            "role": "roles/orgpolicy.policyAdmin"
          },
          "sensitive_attributes": [],
          "private": "bnVsbA==",
          "dependencies": [
            "module.branch-pf-prod-sa.data.google_service_account.service_account",
            "module.branch-pf-prod-sa.google_service_account.service_account"
          ]
        }
      ]
    },
    {
      "mode": "managed",
      "type": "google_storage_bucket_object",
      "name": "providers",
      "provider": "provider[\"registry.terraform.io/hashicorp/google\"]",
      "instances": [
        {
          "index_key": "2-networking",
          "schema_version": 0,
          "attributes": {
            "bucket": "nyx-prod-iac-core-outputs-0",
            "cache_control": "",
            "content": "/**\n * Copyright 2022 Google LLC\n *\n * Licensed under the Apache License, Version 2.0 (the \"License\");\n * you may not use this file except in compliance with the License.\n * You may obtain a copy of the License at\n *\n *      http://www.apache.org/licenses/LICENSE-2.0\n *\n * Unless required by applicable law or agreed to in writing, software\n * distributed under the License is distributed on an \"AS IS\" BASIS,\n * WITHOUT WARRANTIES OR CONDITIONS OF ANY KIND, either express or implied.\n * See the License for the specific language governing permissions and\n * limitations under the License.\n */\n\nterraform {\n  backend \"gcs\" {\n    bucket                      = \"nyx-prod-resman-net-0\"\n    impersonate_service_account = \"nyx-prod-resman-net-0@nyx-prod-iac-core-0.iam.gserviceaccount.com\"\n  }\n}\nprovider \"google\" {\n  impersonate_service_account = \"nyx-prod-resman-net-0@nyx-prod-iac-core-0.iam.gserviceaccount.com\"\n}\nprovider \"google-beta\" {\n  impersonate_service_account = \"nyx-prod-resman-net-0@nyx-prod-iac-core-0.iam.gserviceaccount.com\"\n}\n\n# end provider.tf for networking\n",
            "content_disposition": "",
            "content_encoding": "",
            "content_language": "",
            "content_type": "text/plain; charset=utf-8",
            "crc32c": "TSqxjw==",
            "customer_encryption": [],
            "detect_md5hash": "xCv+35lCH09u/8gCInnWaw==",
            "event_based_hold": false,
            "id": "nyx-prod-iac-core-outputs-0-providers/2-networking-providers.tf",
            "kms_key_name": "",
            "md5hash": "xCv+35lCH09u/8gCInnWaw==",
            "media_link": "https://storage.googleapis.com/download/storage/v1/b/nyx-prod-iac-core-outputs-0/o/providers%2F2-networking-providers.tf?generation=1683107040188701\u0026alt=media",
            "metadata": {},
            "name": "providers/2-networking-providers.tf",
            "output_name": "providers/2-networking-providers.tf",
            "self_link": "https://www.googleapis.com/storage/v1/b/nyx-prod-iac-core-outputs-0/o/providers%2F2-networking-providers.tf",
            "source": null,
            "storage_class": "MULTI_REGIONAL",
            "temporary_hold": false,
            "timeouts": null
          },
          "sensitive_attributes": [],
          "private": "eyJlMmJmYjczMC1lY2FhLTExZTYtOGY4OC0zNDM2M2JjN2M0YzAiOnsiY3JlYXRlIjoyNDAwMDAwMDAwMDAsImRlbGV0ZSI6MjQwMDAwMDAwMDAwLCJ1cGRhdGUiOjI0MDAwMDAwMDAwMH19",
          "dependencies": [
            "module.branch-dp-dev-gcs.google_storage_bucket.bucket",
            "module.branch-dp-dev-gcs.google_storage_bucket_iam_binding.bindings",
            "module.branch-dp-dev-sa.data.google_service_account.service_account",
            "module.branch-dp-dev-sa.google_service_account.service_account",
            "module.branch-dp-prod-gcs.google_storage_bucket.bucket",
            "module.branch-dp-prod-gcs.google_storage_bucket_iam_binding.bindings",
            "module.branch-dp-prod-sa.data.google_service_account.service_account",
            "module.branch-dp-prod-sa.google_service_account.service_account",
            "module.branch-gke-dev-gcs.google_storage_bucket.bucket",
            "module.branch-gke-dev-gcs.google_storage_bucket_iam_binding.bindings",
            "module.branch-gke-dev-sa.data.google_service_account.service_account",
            "module.branch-gke-dev-sa.google_service_account.service_account",
            "module.branch-gke-prod-gcs.google_storage_bucket.bucket",
            "module.branch-gke-prod-gcs.google_storage_bucket_iam_binding.bindings",
            "module.branch-gke-prod-sa.data.google_service_account.service_account",
            "module.branch-gke-prod-sa.google_service_account.service_account",
            "module.branch-network-gcs.google_storage_bucket.bucket",
            "module.branch-network-gcs.google_storage_bucket_iam_binding.bindings",
            "module.branch-network-sa.data.google_service_account.service_account",
            "module.branch-network-sa.google_service_account.service_account",
            "module.branch-pf-dev-gcs.google_storage_bucket.bucket",
            "module.branch-pf-dev-gcs.google_storage_bucket_iam_binding.bindings",
            "module.branch-pf-dev-sa.data.google_service_account.service_account",
            "module.branch-pf-dev-sa.google_service_account.service_account",
            "module.branch-pf-prod-gcs.google_storage_bucket.bucket",
            "module.branch-pf-prod-gcs.google_storage_bucket_iam_binding.bindings",
            "module.branch-pf-prod-sa.data.google_service_account.service_account",
            "module.branch-pf-prod-sa.google_service_account.service_account",
            "module.branch-sandbox-gcs.google_storage_bucket.bucket",
            "module.branch-sandbox-gcs.google_storage_bucket_iam_binding.bindings",
            "module.branch-sandbox-sa.data.google_service_account.service_account",
            "module.branch-sandbox-sa.google_service_account.service_account",
            "module.branch-security-gcs.google_storage_bucket.bucket",
            "module.branch-security-gcs.google_storage_bucket_iam_binding.bindings",
            "module.branch-security-sa.data.google_service_account.service_account",
            "module.branch-security-sa.google_service_account.service_account",
            "module.branch-teams-gcs.google_storage_bucket.bucket",
            "module.branch-teams-gcs.google_storage_bucket_iam_binding.bindings",
            "module.branch-teams-sa.data.google_service_account.service_account",
            "module.branch-teams-sa.google_service_account.service_account",
            "module.branch-teams-team-gcs.google_pubsub_topic.topic",
            "module.branch-teams-team-gcs.google_pubsub_topic_iam_binding.binding",
            "module.branch-teams-team-gcs.google_storage_bucket.bucket",
            "module.branch-teams-team-gcs.google_storage_bucket_iam_binding.bindings",
            "module.branch-teams-team-gcs.google_storage_notification.notification",
            "module.branch-teams-team-sa.data.google_service_account.service_account",
            "module.branch-teams-team-sa.google_billing_account_iam_member.billing-roles",
            "module.branch-teams-team-sa.google_folder_iam_member.folder-roles",
            "module.branch-teams-team-sa.google_organization_iam_member.organization-roles",
            "module.branch-teams-team-sa.google_project_iam_member.project-roles",
            "module.branch-teams-team-sa.google_service_account.service_account",
            "module.branch-teams-team-sa.google_service_account_iam_binding.roles",
            "module.branch-teams-team-sa.google_service_account_iam_member.additive",
            "module.branch-teams-team-sa.google_service_account_iam_member.roles",
            "module.branch-teams-team-sa.google_service_account_key.key",
            "module.branch-teams-team-sa.google_service_account_key.upload_key",
            "module.branch-teams-team-sa.google_storage_bucket_iam_member.bucket-roles"
          ]
        },
        {
          "index_key": "2-security",
          "schema_version": 0,
          "attributes": {
            "bucket": "nyx-prod-iac-core-outputs-0",
            "cache_control": "",
            "content": "/**\n * Copyright 2022 Google LLC\n *\n * Licensed under the Apache License, Version 2.0 (the \"License\");\n * you may not use this file except in compliance with the License.\n * You may obtain a copy of the License at\n *\n *      http://www.apache.org/licenses/LICENSE-2.0\n *\n * Unless required by applicable law or agreed to in writing, software\n * distributed under the License is distributed on an \"AS IS\" BASIS,\n * WITHOUT WARRANTIES OR CONDITIONS OF ANY KIND, either express or implied.\n * See the License for the specific language governing permissions and\n * limitations under the License.\n */\n\nterraform {\n  backend \"gcs\" {\n    bucket                      = \"nyx-prod-resman-sec-0\"\n    impersonate_service_account = \"nyx-security-0@nyx-prod-iac-core-0.iam.gserviceaccount.com\"\n  }\n}\nprovider \"google\" {\n  impersonate_service_account = \"nyx-security-0@nyx-prod-iac-core-0.iam.gserviceaccount.com\"\n}\nprovider \"google-beta\" {\n  impersonate_service_account = \"nyx-security-0@nyx-prod-iac-core-0.iam.gserviceaccount.com\"\n}\n\n# end provider.tf for security\n",
            "content_disposition": "",
            "content_encoding": "",
            "content_language": "",
            "content_type": "text/plain; charset=utf-8",
            "crc32c": "4TmOnQ==",
            "customer_encryption": [],
            "detect_md5hash": "WZ88NxpdeEqCGd4m9BzArA==",
            "event_based_hold": false,
            "id": "nyx-prod-iac-core-outputs-0-providers/2-security-providers.tf",
            "kms_key_name": "",
            "md5hash": "WZ88NxpdeEqCGd4m9BzArA==",
            "media_link": "https://storage.googleapis.com/download/storage/v1/b/nyx-prod-iac-core-outputs-0/o/providers%2F2-security-providers.tf?generation=1683107039588177\u0026alt=media",
            "metadata": {},
            "name": "providers/2-security-providers.tf",
            "output_name": "providers/2-security-providers.tf",
            "self_link": "https://www.googleapis.com/storage/v1/b/nyx-prod-iac-core-outputs-0/o/providers%2F2-security-providers.tf",
            "source": null,
            "storage_class": "MULTI_REGIONAL",
            "temporary_hold": false,
            "timeouts": null
          },
          "sensitive_attributes": [],
          "private": "eyJlMmJmYjczMC1lY2FhLTExZTYtOGY4OC0zNDM2M2JjN2M0YzAiOnsiY3JlYXRlIjoyNDAwMDAwMDAwMDAsImRlbGV0ZSI6MjQwMDAwMDAwMDAwLCJ1cGRhdGUiOjI0MDAwMDAwMDAwMH19",
          "dependencies": [
            "module.branch-dp-dev-gcs.google_storage_bucket.bucket",
            "module.branch-dp-dev-gcs.google_storage_bucket_iam_binding.bindings",
            "module.branch-dp-dev-sa.data.google_service_account.service_account",
            "module.branch-dp-dev-sa.google_service_account.service_account",
            "module.branch-dp-prod-gcs.google_storage_bucket.bucket",
            "module.branch-dp-prod-gcs.google_storage_bucket_iam_binding.bindings",
            "module.branch-dp-prod-sa.data.google_service_account.service_account",
            "module.branch-dp-prod-sa.google_service_account.service_account",
            "module.branch-gke-dev-gcs.google_storage_bucket.bucket",
            "module.branch-gke-dev-gcs.google_storage_bucket_iam_binding.bindings",
            "module.branch-gke-dev-sa.data.google_service_account.service_account",
            "module.branch-gke-dev-sa.google_service_account.service_account",
            "module.branch-gke-prod-gcs.google_storage_bucket.bucket",
            "module.branch-gke-prod-gcs.google_storage_bucket_iam_binding.bindings",
            "module.branch-gke-prod-sa.data.google_service_account.service_account",
            "module.branch-gke-prod-sa.google_service_account.service_account",
            "module.branch-network-gcs.google_storage_bucket.bucket",
            "module.branch-network-gcs.google_storage_bucket_iam_binding.bindings",
            "module.branch-network-sa.data.google_service_account.service_account",
            "module.branch-network-sa.google_service_account.service_account",
            "module.branch-pf-dev-gcs.google_storage_bucket.bucket",
            "module.branch-pf-dev-gcs.google_storage_bucket_iam_binding.bindings",
            "module.branch-pf-dev-sa.data.google_service_account.service_account",
            "module.branch-pf-dev-sa.google_service_account.service_account",
            "module.branch-pf-prod-gcs.google_storage_bucket.bucket",
            "module.branch-pf-prod-gcs.google_storage_bucket_iam_binding.bindings",
            "module.branch-pf-prod-sa.data.google_service_account.service_account",
            "module.branch-pf-prod-sa.google_service_account.service_account",
            "module.branch-sandbox-gcs.google_storage_bucket.bucket",
            "module.branch-sandbox-gcs.google_storage_bucket_iam_binding.bindings",
            "module.branch-sandbox-sa.data.google_service_account.service_account",
            "module.branch-sandbox-sa.google_service_account.service_account",
            "module.branch-security-gcs.google_storage_bucket.bucket",
            "module.branch-security-gcs.google_storage_bucket_iam_binding.bindings",
            "module.branch-security-sa.data.google_service_account.service_account",
            "module.branch-security-sa.google_service_account.service_account",
            "module.branch-teams-gcs.google_storage_bucket.bucket",
            "module.branch-teams-gcs.google_storage_bucket_iam_binding.bindings",
            "module.branch-teams-sa.data.google_service_account.service_account",
            "module.branch-teams-sa.google_service_account.service_account",
            "module.branch-teams-team-gcs.google_pubsub_topic.topic",
            "module.branch-teams-team-gcs.google_pubsub_topic_iam_binding.binding",
            "module.branch-teams-team-gcs.google_storage_bucket.bucket",
            "module.branch-teams-team-gcs.google_storage_bucket_iam_binding.bindings",
            "module.branch-teams-team-gcs.google_storage_notification.notification",
            "module.branch-teams-team-sa.data.google_service_account.service_account",
            "module.branch-teams-team-sa.google_billing_account_iam_member.billing-roles",
            "module.branch-teams-team-sa.google_folder_iam_member.folder-roles",
            "module.branch-teams-team-sa.google_organization_iam_member.organization-roles",
            "module.branch-teams-team-sa.google_project_iam_member.project-roles",
            "module.branch-teams-team-sa.google_service_account.service_account",
            "module.branch-teams-team-sa.google_service_account_iam_binding.roles",
            "module.branch-teams-team-sa.google_service_account_iam_member.additive",
            "module.branch-teams-team-sa.google_service_account_iam_member.roles",
            "module.branch-teams-team-sa.google_service_account_key.key",
            "module.branch-teams-team-sa.google_service_account_key.upload_key",
            "module.branch-teams-team-sa.google_storage_bucket_iam_member.bucket-roles"
          ]
        },
        {
          "index_key": "3-data-platform-dev",
          "schema_version": 0,
          "attributes": {
            "bucket": "nyx-prod-iac-core-outputs-0",
            "cache_control": "",
            "content": "/**\n * Copyright 2022 Google LLC\n *\n * Licensed under the Apache License, Version 2.0 (the \"License\");\n * you may not use this file except in compliance with the License.\n * You may obtain a copy of the License at\n *\n *      http://www.apache.org/licenses/LICENSE-2.0\n *\n * Unless required by applicable law or agreed to in writing, software\n * distributed under the License is distributed on an \"AS IS\" BASIS,\n * WITHOUT WARRANTIES OR CONDITIONS OF ANY KIND, either express or implied.\n * See the License for the specific language governing permissions and\n * limitations under the License.\n */\n\nterraform {\n  backend \"gcs\" {\n    bucket                      = \"nyx-dev-resman-dp-0\"\n    impersonate_service_account = \"nyx-dev-resman-dp-0@nyx-prod-iac-core-0.iam.gserviceaccount.com\"\n  }\n}\nprovider \"google\" {\n  impersonate_service_account = \"nyx-dev-resman-dp-0@nyx-prod-iac-core-0.iam.gserviceaccount.com\"\n}\nprovider \"google-beta\" {\n  impersonate_service_account = \"nyx-dev-resman-dp-0@nyx-prod-iac-core-0.iam.gserviceaccount.com\"\n}\n\n# end provider.tf for dp-dev\n",
            "content_disposition": "",
            "content_encoding": "",
            "content_language": "",
            "content_type": "text/plain; charset=utf-8",
            "crc32c": "8rfhnQ==",
            "customer_encryption": [],
            "detect_md5hash": "6jBgl9Zf2WtWIvHAbp8QJg==",
            "event_based_hold": false,
            "id": "nyx-prod-iac-core-outputs-0-providers/3-data-platform-dev-providers.tf",
            "kms_key_name": "",
            "md5hash": "6jBgl9Zf2WtWIvHAbp8QJg==",
            "media_link": "https://storage.googleapis.com/download/storage/v1/b/nyx-prod-iac-core-outputs-0/o/providers%2F3-data-platform-dev-providers.tf?generation=1683107039328694\u0026alt=media",
            "metadata": {},
            "name": "providers/3-data-platform-dev-providers.tf",
            "output_name": "providers/3-data-platform-dev-providers.tf",
            "self_link": "https://www.googleapis.com/storage/v1/b/nyx-prod-iac-core-outputs-0/o/providers%2F3-data-platform-dev-providers.tf",
            "source": null,
            "storage_class": "MULTI_REGIONAL",
            "temporary_hold": false,
            "timeouts": null
          },
          "sensitive_attributes": [],
          "private": "eyJlMmJmYjczMC1lY2FhLTExZTYtOGY4OC0zNDM2M2JjN2M0YzAiOnsiY3JlYXRlIjoyNDAwMDAwMDAwMDAsImRlbGV0ZSI6MjQwMDAwMDAwMDAwLCJ1cGRhdGUiOjI0MDAwMDAwMDAwMH19",
          "dependencies": [
            "module.branch-dp-dev-gcs.google_storage_bucket.bucket",
            "module.branch-dp-dev-gcs.google_storage_bucket_iam_binding.bindings",
            "module.branch-dp-dev-sa.data.google_service_account.service_account",
            "module.branch-dp-dev-sa.google_service_account.service_account",
            "module.branch-dp-prod-gcs.google_storage_bucket.bucket",
            "module.branch-dp-prod-gcs.google_storage_bucket_iam_binding.bindings",
            "module.branch-dp-prod-sa.data.google_service_account.service_account",
            "module.branch-dp-prod-sa.google_service_account.service_account",
            "module.branch-gke-dev-gcs.google_storage_bucket.bucket",
            "module.branch-gke-dev-gcs.google_storage_bucket_iam_binding.bindings",
            "module.branch-gke-dev-sa.data.google_service_account.service_account",
            "module.branch-gke-dev-sa.google_service_account.service_account",
            "module.branch-gke-prod-gcs.google_storage_bucket.bucket",
            "module.branch-gke-prod-gcs.google_storage_bucket_iam_binding.bindings",
            "module.branch-gke-prod-sa.data.google_service_account.service_account",
            "module.branch-gke-prod-sa.google_service_account.service_account",
            "module.branch-network-gcs.google_storage_bucket.bucket",
            "module.branch-network-gcs.google_storage_bucket_iam_binding.bindings",
            "module.branch-network-sa.data.google_service_account.service_account",
            "module.branch-network-sa.google_service_account.service_account",
            "module.branch-pf-dev-gcs.google_storage_bucket.bucket",
            "module.branch-pf-dev-gcs.google_storage_bucket_iam_binding.bindings",
            "module.branch-pf-dev-sa.data.google_service_account.service_account",
            "module.branch-pf-dev-sa.google_service_account.service_account",
            "module.branch-pf-prod-gcs.google_storage_bucket.bucket",
            "module.branch-pf-prod-gcs.google_storage_bucket_iam_binding.bindings",
            "module.branch-pf-prod-sa.data.google_service_account.service_account",
            "module.branch-pf-prod-sa.google_service_account.service_account",
            "module.branch-sandbox-gcs.google_storage_bucket.bucket",
            "module.branch-sandbox-gcs.google_storage_bucket_iam_binding.bindings",
            "module.branch-sandbox-sa.data.google_service_account.service_account",
            "module.branch-sandbox-sa.google_service_account.service_account",
            "module.branch-security-gcs.google_storage_bucket.bucket",
            "module.branch-security-gcs.google_storage_bucket_iam_binding.bindings",
            "module.branch-security-sa.data.google_service_account.service_account",
            "module.branch-security-sa.google_service_account.service_account",
            "module.branch-teams-gcs.google_storage_bucket.bucket",
            "module.branch-teams-gcs.google_storage_bucket_iam_binding.bindings",
            "module.branch-teams-sa.data.google_service_account.service_account",
            "module.branch-teams-sa.google_service_account.service_account",
            "module.branch-teams-team-gcs.google_pubsub_topic.topic",
            "module.branch-teams-team-gcs.google_pubsub_topic_iam_binding.binding",
            "module.branch-teams-team-gcs.google_storage_bucket.bucket",
            "module.branch-teams-team-gcs.google_storage_bucket_iam_binding.bindings",
            "module.branch-teams-team-gcs.google_storage_notification.notification",
            "module.branch-teams-team-sa.data.google_service_account.service_account",
            "module.branch-teams-team-sa.google_billing_account_iam_member.billing-roles",
            "module.branch-teams-team-sa.google_folder_iam_member.folder-roles",
            "module.branch-teams-team-sa.google_organization_iam_member.organization-roles",
            "module.branch-teams-team-sa.google_project_iam_member.project-roles",
            "module.branch-teams-team-sa.google_service_account.service_account",
            "module.branch-teams-team-sa.google_service_account_iam_binding.roles",
            "module.branch-teams-team-sa.google_service_account_iam_member.additive",
            "module.branch-teams-team-sa.google_service_account_iam_member.roles",
            "module.branch-teams-team-sa.google_service_account_key.key",
            "module.branch-teams-team-sa.google_service_account_key.upload_key",
            "module.branch-teams-team-sa.google_storage_bucket_iam_member.bucket-roles"
          ]
        },
        {
          "index_key": "3-data-platform-prod",
          "schema_version": 0,
          "attributes": {
            "bucket": "nyx-prod-iac-core-outputs-0",
            "cache_control": "",
            "content": "/**\n * Copyright 2022 Google LLC\n *\n * Licensed under the Apache License, Version 2.0 (the \"License\");\n * you may not use this file except in compliance with the License.\n * You may obtain a copy of the License at\n *\n *      http://www.apache.org/licenses/LICENSE-2.0\n *\n * Unless required by applicable law or agreed to in writing, software\n * distributed under the License is distributed on an \"AS IS\" BASIS,\n * WITHOUT WARRANTIES OR CONDITIONS OF ANY KIND, either express or implied.\n * See the License for the specific language governing permissions and\n * limitations under the License.\n */\n\nterraform {\n  backend \"gcs\" {\n    bucket                      = \"nyx-prod-resman-dp-0\"\n    impersonate_service_account = \"nyx-prod-resman-dp-0@nyx-prod-iac-core-0.iam.gserviceaccount.com\"\n  }\n}\nprovider \"google\" {\n  impersonate_service_account = \"nyx-prod-resman-dp-0@nyx-prod-iac-core-0.iam.gserviceaccount.com\"\n}\nprovider \"google-beta\" {\n  impersonate_service_account = \"nyx-prod-resman-dp-0@nyx-prod-iac-core-0.iam.gserviceaccount.com\"\n}\n\n# end provider.tf for dp-prod\n",
            "content_disposition": "",
            "content_encoding": "",
            "content_language": "",
            "content_type": "text/plain; charset=utf-8",
            "crc32c": "R53kSQ==",
            "customer_encryption": [],
            "detect_md5hash": "FCejmn4X/OeSldhizK2Kdw==",
            "event_based_hold": false,
            "id": "nyx-prod-iac-core-outputs-0-providers/3-data-platform-prod-providers.tf",
            "kms_key_name": "",
            "md5hash": "FCejmn4X/OeSldhizK2Kdw==",
            "media_link": "https://storage.googleapis.com/download/storage/v1/b/nyx-prod-iac-core-outputs-0/o/providers%2F3-data-platform-prod-providers.tf?generation=1683107040398009\u0026alt=media",
            "metadata": {},
            "name": "providers/3-data-platform-prod-providers.tf",
            "output_name": "providers/3-data-platform-prod-providers.tf",
            "self_link": "https://www.googleapis.com/storage/v1/b/nyx-prod-iac-core-outputs-0/o/providers%2F3-data-platform-prod-providers.tf",
            "source": null,
            "storage_class": "MULTI_REGIONAL",
            "temporary_hold": false,
            "timeouts": null
          },
          "sensitive_attributes": [],
          "private": "eyJlMmJmYjczMC1lY2FhLTExZTYtOGY4OC0zNDM2M2JjN2M0YzAiOnsiY3JlYXRlIjoyNDAwMDAwMDAwMDAsImRlbGV0ZSI6MjQwMDAwMDAwMDAwLCJ1cGRhdGUiOjI0MDAwMDAwMDAwMH19",
          "dependencies": [
            "module.branch-dp-dev-gcs.google_storage_bucket.bucket",
            "module.branch-dp-dev-gcs.google_storage_bucket_iam_binding.bindings",
            "module.branch-dp-dev-sa.data.google_service_account.service_account",
            "module.branch-dp-dev-sa.google_service_account.service_account",
            "module.branch-dp-prod-gcs.google_storage_bucket.bucket",
            "module.branch-dp-prod-gcs.google_storage_bucket_iam_binding.bindings",
            "module.branch-dp-prod-sa.data.google_service_account.service_account",
            "module.branch-dp-prod-sa.google_service_account.service_account",
            "module.branch-gke-dev-gcs.google_storage_bucket.bucket",
            "module.branch-gke-dev-gcs.google_storage_bucket_iam_binding.bindings",
            "module.branch-gke-dev-sa.data.google_service_account.service_account",
            "module.branch-gke-dev-sa.google_service_account.service_account",
            "module.branch-gke-prod-gcs.google_storage_bucket.bucket",
            "module.branch-gke-prod-gcs.google_storage_bucket_iam_binding.bindings",
            "module.branch-gke-prod-sa.data.google_service_account.service_account",
            "module.branch-gke-prod-sa.google_service_account.service_account",
            "module.branch-network-gcs.google_storage_bucket.bucket",
            "module.branch-network-gcs.google_storage_bucket_iam_binding.bindings",
            "module.branch-network-sa.data.google_service_account.service_account",
            "module.branch-network-sa.google_service_account.service_account",
            "module.branch-pf-dev-gcs.google_storage_bucket.bucket",
            "module.branch-pf-dev-gcs.google_storage_bucket_iam_binding.bindings",
            "module.branch-pf-dev-sa.data.google_service_account.service_account",
            "module.branch-pf-dev-sa.google_service_account.service_account",
            "module.branch-pf-prod-gcs.google_storage_bucket.bucket",
            "module.branch-pf-prod-gcs.google_storage_bucket_iam_binding.bindings",
            "module.branch-pf-prod-sa.data.google_service_account.service_account",
            "module.branch-pf-prod-sa.google_service_account.service_account",
            "module.branch-sandbox-gcs.google_storage_bucket.bucket",
            "module.branch-sandbox-gcs.google_storage_bucket_iam_binding.bindings",
            "module.branch-sandbox-sa.data.google_service_account.service_account",
            "module.branch-sandbox-sa.google_service_account.service_account",
            "module.branch-security-gcs.google_storage_bucket.bucket",
            "module.branch-security-gcs.google_storage_bucket_iam_binding.bindings",
            "module.branch-security-sa.data.google_service_account.service_account",
            "module.branch-security-sa.google_service_account.service_account",
            "module.branch-teams-gcs.google_storage_bucket.bucket",
            "module.branch-teams-gcs.google_storage_bucket_iam_binding.bindings",
            "module.branch-teams-sa.data.google_service_account.service_account",
            "module.branch-teams-sa.google_service_account.service_account",
            "module.branch-teams-team-gcs.google_pubsub_topic.topic",
            "module.branch-teams-team-gcs.google_pubsub_topic_iam_binding.binding",
            "module.branch-teams-team-gcs.google_storage_bucket.bucket",
            "module.branch-teams-team-gcs.google_storage_bucket_iam_binding.bindings",
            "module.branch-teams-team-gcs.google_storage_notification.notification",
            "module.branch-teams-team-sa.data.google_service_account.service_account",
            "module.branch-teams-team-sa.google_billing_account_iam_member.billing-roles",
            "module.branch-teams-team-sa.google_folder_iam_member.folder-roles",
            "module.branch-teams-team-sa.google_organization_iam_member.organization-roles",
            "module.branch-teams-team-sa.google_project_iam_member.project-roles",
            "module.branch-teams-team-sa.google_service_account.service_account",
            "module.branch-teams-team-sa.google_service_account_iam_binding.roles",
            "module.branch-teams-team-sa.google_service_account_iam_member.additive",
            "module.branch-teams-team-sa.google_service_account_iam_member.roles",
            "module.branch-teams-team-sa.google_service_account_key.key",
            "module.branch-teams-team-sa.google_service_account_key.upload_key",
            "module.branch-teams-team-sa.google_storage_bucket_iam_member.bucket-roles"
          ]
        },
        {
          "index_key": "3-project-factory-dev",
          "schema_version": 0,
          "attributes": {
            "bucket": "nyx-prod-iac-core-outputs-0",
            "cache_control": "",
            "content": "/**\n * Copyright 2022 Google LLC\n *\n * Licensed under the Apache License, Version 2.0 (the \"License\");\n * you may not use this file except in compliance with the License.\n * You may obtain a copy of the License at\n *\n *      http://www.apache.org/licenses/LICENSE-2.0\n *\n * Unless required by applicable law or agreed to in writing, software\n * distributed under the License is distributed on an \"AS IS\" BASIS,\n * WITHOUT WARRANTIES OR CONDITIONS OF ANY KIND, either express or implied.\n * See the License for the specific language governing permissions and\n * limitations under the License.\n */\n\nterraform {\n  backend \"gcs\" {\n    bucket                      = \"nyx-dev-resman-pf-0\"\n    impersonate_service_account = \"nyx-dev-resman-pf-0@nyx-prod-iac-core-0.iam.gserviceaccount.com\"\n  }\n}\nprovider \"google\" {\n  impersonate_service_account = \"nyx-dev-resman-pf-0@nyx-prod-iac-core-0.iam.gserviceaccount.com\"\n}\nprovider \"google-beta\" {\n  impersonate_service_account = \"nyx-dev-resman-pf-0@nyx-prod-iac-core-0.iam.gserviceaccount.com\"\n}\n\n# end provider.tf for team-dev\n",
            "content_disposition": "",
            "content_encoding": "",
            "content_language": "",
            "content_type": "text/plain; charset=utf-8",
            "crc32c": "WeVJJA==",
            "customer_encryption": [],
            "detect_md5hash": "JxYxtWt9K3hovdBoLYMjnw==",
            "event_based_hold": false,
            "id": "nyx-prod-iac-core-outputs-0-providers/3-project-factory-dev-providers.tf",
            "kms_key_name": "",
            "md5hash": "JxYxtWt9K3hovdBoLYMjnw==",
            "media_link": "https://storage.googleapis.com/download/storage/v1/b/nyx-prod-iac-core-outputs-0/o/providers%2F3-project-factory-dev-providers.tf?generation=1683107039857199\u0026alt=media",
            "metadata": {},
            "name": "providers/3-project-factory-dev-providers.tf",
            "output_name": "providers/3-project-factory-dev-providers.tf",
            "self_link": "https://www.googleapis.com/storage/v1/b/nyx-prod-iac-core-outputs-0/o/providers%2F3-project-factory-dev-providers.tf",
            "source": null,
            "storage_class": "MULTI_REGIONAL",
            "temporary_hold": false,
            "timeouts": null
          },
          "sensitive_attributes": [],
          "private": "eyJlMmJmYjczMC1lY2FhLTExZTYtOGY4OC0zNDM2M2JjN2M0YzAiOnsiY3JlYXRlIjoyNDAwMDAwMDAwMDAsImRlbGV0ZSI6MjQwMDAwMDAwMDAwLCJ1cGRhdGUiOjI0MDAwMDAwMDAwMH19",
          "dependencies": [
            "module.branch-dp-dev-gcs.google_storage_bucket.bucket",
            "module.branch-dp-dev-gcs.google_storage_bucket_iam_binding.bindings",
            "module.branch-dp-dev-sa.data.google_service_account.service_account",
            "module.branch-dp-dev-sa.google_service_account.service_account",
            "module.branch-dp-prod-gcs.google_storage_bucket.bucket",
            "module.branch-dp-prod-gcs.google_storage_bucket_iam_binding.bindings",
            "module.branch-dp-prod-sa.data.google_service_account.service_account",
            "module.branch-dp-prod-sa.google_service_account.service_account",
            "module.branch-gke-dev-gcs.google_storage_bucket.bucket",
            "module.branch-gke-dev-gcs.google_storage_bucket_iam_binding.bindings",
            "module.branch-gke-dev-sa.data.google_service_account.service_account",
            "module.branch-gke-dev-sa.google_service_account.service_account",
            "module.branch-gke-prod-gcs.google_storage_bucket.bucket",
            "module.branch-gke-prod-gcs.google_storage_bucket_iam_binding.bindings",
            "module.branch-gke-prod-sa.data.google_service_account.service_account",
            "module.branch-gke-prod-sa.google_service_account.service_account",
            "module.branch-network-gcs.google_storage_bucket.bucket",
            "module.branch-network-gcs.google_storage_bucket_iam_binding.bindings",
            "module.branch-network-sa.data.google_service_account.service_account",
            "module.branch-network-sa.google_service_account.service_account",
            "module.branch-pf-dev-gcs.google_storage_bucket.bucket",
            "module.branch-pf-dev-gcs.google_storage_bucket_iam_binding.bindings",
            "module.branch-pf-dev-sa.data.google_service_account.service_account",
            "module.branch-pf-dev-sa.google_service_account.service_account",
            "module.branch-pf-prod-gcs.google_storage_bucket.bucket",
            "module.branch-pf-prod-gcs.google_storage_bucket_iam_binding.bindings",
            "module.branch-pf-prod-sa.data.google_service_account.service_account",
            "module.branch-pf-prod-sa.google_service_account.service_account",
            "module.branch-sandbox-gcs.google_storage_bucket.bucket",
            "module.branch-sandbox-gcs.google_storage_bucket_iam_binding.bindings",
            "module.branch-sandbox-sa.data.google_service_account.service_account",
            "module.branch-sandbox-sa.google_service_account.service_account",
            "module.branch-security-gcs.google_storage_bucket.bucket",
            "module.branch-security-gcs.google_storage_bucket_iam_binding.bindings",
            "module.branch-security-sa.data.google_service_account.service_account",
            "module.branch-security-sa.google_service_account.service_account",
            "module.branch-teams-gcs.google_storage_bucket.bucket",
            "module.branch-teams-gcs.google_storage_bucket_iam_binding.bindings",
            "module.branch-teams-sa.data.google_service_account.service_account",
            "module.branch-teams-sa.google_service_account.service_account",
            "module.branch-teams-team-gcs.google_pubsub_topic.topic",
            "module.branch-teams-team-gcs.google_pubsub_topic_iam_binding.binding",
            "module.branch-teams-team-gcs.google_storage_bucket.bucket",
            "module.branch-teams-team-gcs.google_storage_bucket_iam_binding.bindings",
            "module.branch-teams-team-gcs.google_storage_notification.notification",
            "module.branch-teams-team-sa.data.google_service_account.service_account",
            "module.branch-teams-team-sa.google_billing_account_iam_member.billing-roles",
            "module.branch-teams-team-sa.google_folder_iam_member.folder-roles",
            "module.branch-teams-team-sa.google_organization_iam_member.organization-roles",
            "module.branch-teams-team-sa.google_project_iam_member.project-roles",
            "module.branch-teams-team-sa.google_service_account.service_account",
            "module.branch-teams-team-sa.google_service_account_iam_binding.roles",
            "module.branch-teams-team-sa.google_service_account_iam_member.additive",
            "module.branch-teams-team-sa.google_service_account_iam_member.roles",
            "module.branch-teams-team-sa.google_service_account_key.key",
            "module.branch-teams-team-sa.google_service_account_key.upload_key",
            "module.branch-teams-team-sa.google_storage_bucket_iam_member.bucket-roles"
          ]
        },
        {
          "index_key": "3-project-factory-prod",
          "schema_version": 0,
          "attributes": {
            "bucket": "nyx-prod-iac-core-outputs-0",
            "cache_control": "",
            "content": "/**\n * Copyright 2022 Google LLC\n *\n * Licensed under the Apache License, Version 2.0 (the \"License\");\n * you may not use this file except in compliance with the License.\n * You may obtain a copy of the License at\n *\n *      http://www.apache.org/licenses/LICENSE-2.0\n *\n * Unless required by applicable law or agreed to in writing, software\n * distributed under the License is distributed on an \"AS IS\" BASIS,\n * WITHOUT WARRANTIES OR CONDITIONS OF ANY KIND, either express or implied.\n * See the License for the specific language governing permissions and\n * limitations under the License.\n */\n\nterraform {\n  backend \"gcs\" {\n    bucket                      = \"nyx-prod-resman-pf-0\"\n    impersonate_service_account = \"nyx-prod-resman-pf-0@nyx-prod-iac-core-0.iam.gserviceaccount.com\"\n  }\n}\nprovider \"google\" {\n  impersonate_service_account = \"nyx-prod-resman-pf-0@nyx-prod-iac-core-0.iam.gserviceaccount.com\"\n}\nprovider \"google-beta\" {\n  impersonate_service_account = \"nyx-prod-resman-pf-0@nyx-prod-iac-core-0.iam.gserviceaccount.com\"\n}\n\n# end provider.tf for team-prod\n",
            "content_disposition": "",
            "content_encoding": "",
            "content_language": "",
            "content_type": "text/plain; charset=utf-8",
            "crc32c": "STwIfQ==",
            "customer_encryption": [],
            "detect_md5hash": "PNne0HHEKFVMEKRrs7bZwQ==",
            "event_based_hold": false,
            "id": "nyx-prod-iac-core-outputs-0-providers/3-project-factory-prod-providers.tf",
            "kms_key_name": "",
            "md5hash": "PNne0HHEKFVMEKRrs7bZwQ==",
            "media_link": "https://storage.googleapis.com/download/storage/v1/b/nyx-prod-iac-core-outputs-0/o/providers%2F3-project-factory-prod-providers.tf?generation=1683107040009421\u0026alt=media",
            "metadata": {},
            "name": "providers/3-project-factory-prod-providers.tf",
            "output_name": "providers/3-project-factory-prod-providers.tf",
            "self_link": "https://www.googleapis.com/storage/v1/b/nyx-prod-iac-core-outputs-0/o/providers%2F3-project-factory-prod-providers.tf",
            "source": null,
            "storage_class": "MULTI_REGIONAL",
            "temporary_hold": false,
            "timeouts": null
          },
          "sensitive_attributes": [],
          "private": "eyJlMmJmYjczMC1lY2FhLTExZTYtOGY4OC0zNDM2M2JjN2M0YzAiOnsiY3JlYXRlIjoyNDAwMDAwMDAwMDAsImRlbGV0ZSI6MjQwMDAwMDAwMDAwLCJ1cGRhdGUiOjI0MDAwMDAwMDAwMH19",
          "dependencies": [
            "module.branch-dp-dev-gcs.google_storage_bucket.bucket",
            "module.branch-dp-dev-gcs.google_storage_bucket_iam_binding.bindings",
            "module.branch-dp-dev-sa.data.google_service_account.service_account",
            "module.branch-dp-dev-sa.google_service_account.service_account",
            "module.branch-dp-prod-gcs.google_storage_bucket.bucket",
            "module.branch-dp-prod-gcs.google_storage_bucket_iam_binding.bindings",
            "module.branch-dp-prod-sa.data.google_service_account.service_account",
            "module.branch-dp-prod-sa.google_service_account.service_account",
            "module.branch-gke-dev-gcs.google_storage_bucket.bucket",
            "module.branch-gke-dev-gcs.google_storage_bucket_iam_binding.bindings",
            "module.branch-gke-dev-sa.data.google_service_account.service_account",
            "module.branch-gke-dev-sa.google_service_account.service_account",
            "module.branch-gke-prod-gcs.google_storage_bucket.bucket",
            "module.branch-gke-prod-gcs.google_storage_bucket_iam_binding.bindings",
            "module.branch-gke-prod-sa.data.google_service_account.service_account",
            "module.branch-gke-prod-sa.google_service_account.service_account",
            "module.branch-network-gcs.google_storage_bucket.bucket",
            "module.branch-network-gcs.google_storage_bucket_iam_binding.bindings",
            "module.branch-network-sa.data.google_service_account.service_account",
            "module.branch-network-sa.google_service_account.service_account",
            "module.branch-pf-dev-gcs.google_storage_bucket.bucket",
            "module.branch-pf-dev-gcs.google_storage_bucket_iam_binding.bindings",
            "module.branch-pf-dev-sa.data.google_service_account.service_account",
            "module.branch-pf-dev-sa.google_service_account.service_account",
            "module.branch-pf-prod-gcs.google_storage_bucket.bucket",
            "module.branch-pf-prod-gcs.google_storage_bucket_iam_binding.bindings",
            "module.branch-pf-prod-sa.data.google_service_account.service_account",
            "module.branch-pf-prod-sa.google_service_account.service_account",
            "module.branch-sandbox-gcs.google_storage_bucket.bucket",
            "module.branch-sandbox-gcs.google_storage_bucket_iam_binding.bindings",
            "module.branch-sandbox-sa.data.google_service_account.service_account",
            "module.branch-sandbox-sa.google_service_account.service_account",
            "module.branch-security-gcs.google_storage_bucket.bucket",
            "module.branch-security-gcs.google_storage_bucket_iam_binding.bindings",
            "module.branch-security-sa.data.google_service_account.service_account",
            "module.branch-security-sa.google_service_account.service_account",
            "module.branch-teams-gcs.google_storage_bucket.bucket",
            "module.branch-teams-gcs.google_storage_bucket_iam_binding.bindings",
            "module.branch-teams-sa.data.google_service_account.service_account",
            "module.branch-teams-sa.google_service_account.service_account",
            "module.branch-teams-team-gcs.google_pubsub_topic.topic",
            "module.branch-teams-team-gcs.google_pubsub_topic_iam_binding.binding",
            "module.branch-teams-team-gcs.google_storage_bucket.bucket",
            "module.branch-teams-team-gcs.google_storage_bucket_iam_binding.bindings",
            "module.branch-teams-team-gcs.google_storage_notification.notification",
            "module.branch-teams-team-sa.data.google_service_account.service_account",
            "module.branch-teams-team-sa.google_billing_account_iam_member.billing-roles",
            "module.branch-teams-team-sa.google_folder_iam_member.folder-roles",
            "module.branch-teams-team-sa.google_organization_iam_member.organization-roles",
            "module.branch-teams-team-sa.google_project_iam_member.project-roles",
            "module.branch-teams-team-sa.google_service_account.service_account",
            "module.branch-teams-team-sa.google_service_account_iam_binding.roles",
            "module.branch-teams-team-sa.google_service_account_iam_member.additive",
            "module.branch-teams-team-sa.google_service_account_iam_member.roles",
            "module.branch-teams-team-sa.google_service_account_key.key",
            "module.branch-teams-team-sa.google_service_account_key.upload_key",
            "module.branch-teams-team-sa.google_storage_bucket_iam_member.bucket-roles"
          ]
        },
        {
          "index_key": "3-teams",
          "schema_version": 0,
          "attributes": {
            "bucket": "nyx-prod-iac-core-outputs-0",
            "cache_control": "",
            "content": "/**\n * Copyright 2022 Google LLC\n *\n * Licensed under the Apache License, Version 2.0 (the \"License\");\n * you may not use this file except in compliance with the License.\n * You may obtain a copy of the License at\n *\n *      http://www.apache.org/licenses/LICENSE-2.0\n *\n * Unless required by applicable law or agreed to in writing, software\n * distributed under the License is distributed on an \"AS IS\" BASIS,\n * WITHOUT WARRANTIES OR CONDITIONS OF ANY KIND, either express or implied.\n * See the License for the specific language governing permissions and\n * limitations under the License.\n */\n\nterraform {\n  backend \"gcs\" {\n    bucket                      = \"nyx-prod-resman-teams-0\"\n    impersonate_service_account = \"nyx-prod-resman-teams-0@nyx-prod-iac-core-0.iam.gserviceaccount.com\"\n  }\n}\nprovider \"google\" {\n  impersonate_service_account = \"nyx-prod-resman-teams-0@nyx-prod-iac-core-0.iam.gserviceaccount.com\"\n}\nprovider \"google-beta\" {\n  impersonate_service_account = \"nyx-prod-resman-teams-0@nyx-prod-iac-core-0.iam.gserviceaccount.com\"\n}\n\n# end provider.tf for teams\n",
            "content_disposition": "",
            "content_encoding": "",
            "content_language": "",
            "content_type": "text/plain; charset=utf-8",
            "crc32c": "RgP+iQ==",
            "customer_encryption": [],
            "detect_md5hash": "Q0Ypppm4UYEfBcXGfUojQQ==",
            "event_based_hold": false,
            "id": "nyx-prod-iac-core-outputs-0-providers/3-teams-providers.tf",
            "kms_key_name": "",
            "md5hash": "Q0Ypppm4UYEfBcXGfUojQQ==",
            "media_link": "https://storage.googleapis.com/download/storage/v1/b/nyx-prod-iac-core-outputs-0/o/providers%2F3-teams-providers.tf?generation=1683107040288990\u0026alt=media",
            "metadata": {},
            "name": "providers/3-teams-providers.tf",
            "output_name": "providers/3-teams-providers.tf",
            "self_link": "https://www.googleapis.com/storage/v1/b/nyx-prod-iac-core-outputs-0/o/providers%2F3-teams-providers.tf",
            "source": null,
            "storage_class": "MULTI_REGIONAL",
            "temporary_hold": false,
            "timeouts": null
          },
          "sensitive_attributes": [],
          "private": "eyJlMmJmYjczMC1lY2FhLTExZTYtOGY4OC0zNDM2M2JjN2M0YzAiOnsiY3JlYXRlIjoyNDAwMDAwMDAwMDAsImRlbGV0ZSI6MjQwMDAwMDAwMDAwLCJ1cGRhdGUiOjI0MDAwMDAwMDAwMH19",
          "dependencies": [
            "module.branch-dp-dev-gcs.google_storage_bucket.bucket",
            "module.branch-dp-dev-gcs.google_storage_bucket_iam_binding.bindings",
            "module.branch-dp-dev-sa.data.google_service_account.service_account",
            "module.branch-dp-dev-sa.google_service_account.service_account",
            "module.branch-dp-prod-gcs.google_storage_bucket.bucket",
            "module.branch-dp-prod-gcs.google_storage_bucket_iam_binding.bindings",
            "module.branch-dp-prod-sa.data.google_service_account.service_account",
            "module.branch-dp-prod-sa.google_service_account.service_account",
            "module.branch-gke-dev-gcs.google_storage_bucket.bucket",
            "module.branch-gke-dev-gcs.google_storage_bucket_iam_binding.bindings",
            "module.branch-gke-dev-sa.data.google_service_account.service_account",
            "module.branch-gke-dev-sa.google_service_account.service_account",
            "module.branch-gke-prod-gcs.google_storage_bucket.bucket",
            "module.branch-gke-prod-gcs.google_storage_bucket_iam_binding.bindings",
            "module.branch-gke-prod-sa.data.google_service_account.service_account",
            "module.branch-gke-prod-sa.google_service_account.service_account",
            "module.branch-network-gcs.google_storage_bucket.bucket",
            "module.branch-network-gcs.google_storage_bucket_iam_binding.bindings",
            "module.branch-network-sa.data.google_service_account.service_account",
            "module.branch-network-sa.google_service_account.service_account",
            "module.branch-pf-dev-gcs.google_storage_bucket.bucket",
            "module.branch-pf-dev-gcs.google_storage_bucket_iam_binding.bindings",
            "module.branch-pf-dev-sa.data.google_service_account.service_account",
            "module.branch-pf-dev-sa.google_service_account.service_account",
            "module.branch-pf-prod-gcs.google_storage_bucket.bucket",
            "module.branch-pf-prod-gcs.google_storage_bucket_iam_binding.bindings",
            "module.branch-pf-prod-sa.data.google_service_account.service_account",
            "module.branch-pf-prod-sa.google_service_account.service_account",
            "module.branch-sandbox-gcs.google_storage_bucket.bucket",
            "module.branch-sandbox-gcs.google_storage_bucket_iam_binding.bindings",
            "module.branch-sandbox-sa.data.google_service_account.service_account",
            "module.branch-sandbox-sa.google_service_account.service_account",
            "module.branch-security-gcs.google_storage_bucket.bucket",
            "module.branch-security-gcs.google_storage_bucket_iam_binding.bindings",
            "module.branch-security-sa.data.google_service_account.service_account",
            "module.branch-security-sa.google_service_account.service_account",
            "module.branch-teams-gcs.google_storage_bucket.bucket",
            "module.branch-teams-gcs.google_storage_bucket_iam_binding.bindings",
            "module.branch-teams-sa.data.google_service_account.service_account",
            "module.branch-teams-sa.google_service_account.service_account",
            "module.branch-teams-team-gcs.google_pubsub_topic.topic",
            "module.branch-teams-team-gcs.google_pubsub_topic_iam_binding.binding",
            "module.branch-teams-team-gcs.google_storage_bucket.bucket",
            "module.branch-teams-team-gcs.google_storage_bucket_iam_binding.bindings",
            "module.branch-teams-team-gcs.google_storage_notification.notification",
            "module.branch-teams-team-sa.data.google_service_account.service_account",
            "module.branch-teams-team-sa.google_billing_account_iam_member.billing-roles",
            "module.branch-teams-team-sa.google_folder_iam_member.folder-roles",
            "module.branch-teams-team-sa.google_organization_iam_member.organization-roles",
            "module.branch-teams-team-sa.google_project_iam_member.project-roles",
            "module.branch-teams-team-sa.google_service_account.service_account",
            "module.branch-teams-team-sa.google_service_account_iam_binding.roles",
            "module.branch-teams-team-sa.google_service_account_iam_member.additive",
            "module.branch-teams-team-sa.google_service_account_iam_member.roles",
            "module.branch-teams-team-sa.google_service_account_key.key",
            "module.branch-teams-team-sa.google_service_account_key.upload_key",
            "module.branch-teams-team-sa.google_storage_bucket_iam_member.bucket-roles"
          ]
        },
        {
          "index_key": "3-teams-application",
          "schema_version": 0,
          "attributes": {
            "bucket": "nyx-prod-iac-core-outputs-0",
            "cache_control": "",
            "content": "/**\n * Copyright 2022 Google LLC\n *\n * Licensed under the Apache License, Version 2.0 (the \"License\");\n * you may not use this file except in compliance with the License.\n * You may obtain a copy of the License at\n *\n *      http://www.apache.org/licenses/LICENSE-2.0\n *\n * Unless required by applicable law or agreed to in writing, software\n * distributed under the License is distributed on an \"AS IS\" BASIS,\n * WITHOUT WARRANTIES OR CONDITIONS OF ANY KIND, either express or implied.\n * See the License for the specific language governing permissions and\n * limitations under the License.\n */\n\nterraform {\n  backend \"gcs\" {\n    bucket                      = \"nyx-prod-teams-application-0\"\n    impersonate_service_account = \"nyx-prod-teams-application-0@nyx-prod-iac-core-0.iam.gserviceaccount.com\"\n  }\n}\nprovider \"google\" {\n  impersonate_service_account = \"nyx-prod-teams-application-0@nyx-prod-iac-core-0.iam.gserviceaccount.com\"\n}\nprovider \"google-beta\" {\n  impersonate_service_account = \"nyx-prod-teams-application-0@nyx-prod-iac-core-0.iam.gserviceaccount.com\"\n}\n\n# end provider.tf for teams\n",
            "content_disposition": "",
            "content_encoding": "",
            "content_language": "",
            "content_type": "text/plain; charset=utf-8",
            "crc32c": "Cqt24w==",
            "customer_encryption": [],
            "detect_md5hash": "HrWrg8lD4jA8xkawAO3QhA==",
            "event_based_hold": false,
            "id": "nyx-prod-iac-core-outputs-0-providers/3-teams-application-providers.tf",
            "kms_key_name": "",
            "md5hash": "HrWrg8lD4jA8xkawAO3QhA==",
            "media_link": "https://storage.googleapis.com/download/storage/v1/b/nyx-prod-iac-core-outputs-0/o/providers%2F3-teams-application-providers.tf?generation=1683107040194555\u0026alt=media",
            "metadata": {},
            "name": "providers/3-teams-application-providers.tf",
            "output_name": "providers/3-teams-application-providers.tf",
            "self_link": "https://www.googleapis.com/storage/v1/b/nyx-prod-iac-core-outputs-0/o/providers%2F3-teams-application-providers.tf",
            "source": null,
            "storage_class": "MULTI_REGIONAL",
            "temporary_hold": false,
            "timeouts": null
          },
          "sensitive_attributes": [],
          "private": "eyJlMmJmYjczMC1lY2FhLTExZTYtOGY4OC0zNDM2M2JjN2M0YzAiOnsiY3JlYXRlIjoyNDAwMDAwMDAwMDAsImRlbGV0ZSI6MjQwMDAwMDAwMDAwLCJ1cGRhdGUiOjI0MDAwMDAwMDAwMH19",
          "dependencies": [
            "module.branch-dp-dev-gcs.google_storage_bucket.bucket",
            "module.branch-dp-dev-gcs.google_storage_bucket_iam_binding.bindings",
            "module.branch-dp-dev-sa.data.google_service_account.service_account",
            "module.branch-dp-dev-sa.google_service_account.service_account",
            "module.branch-dp-prod-gcs.google_storage_bucket.bucket",
            "module.branch-dp-prod-gcs.google_storage_bucket_iam_binding.bindings",
            "module.branch-dp-prod-sa.data.google_service_account.service_account",
            "module.branch-dp-prod-sa.google_service_account.service_account",
            "module.branch-gke-dev-gcs.google_storage_bucket.bucket",
            "module.branch-gke-dev-gcs.google_storage_bucket_iam_binding.bindings",
            "module.branch-gke-dev-sa.data.google_service_account.service_account",
            "module.branch-gke-dev-sa.google_service_account.service_account",
            "module.branch-gke-prod-gcs.google_storage_bucket.bucket",
            "module.branch-gke-prod-gcs.google_storage_bucket_iam_binding.bindings",
            "module.branch-gke-prod-sa.data.google_service_account.service_account",
            "module.branch-gke-prod-sa.google_service_account.service_account",
            "module.branch-network-gcs.google_storage_bucket.bucket",
            "module.branch-network-gcs.google_storage_bucket_iam_binding.bindings",
            "module.branch-network-sa.data.google_service_account.service_account",
            "module.branch-network-sa.google_service_account.service_account",
            "module.branch-pf-dev-gcs.google_storage_bucket.bucket",
            "module.branch-pf-dev-gcs.google_storage_bucket_iam_binding.bindings",
            "module.branch-pf-dev-sa.data.google_service_account.service_account",
            "module.branch-pf-dev-sa.google_service_account.service_account",
            "module.branch-pf-prod-gcs.google_storage_bucket.bucket",
            "module.branch-pf-prod-gcs.google_storage_bucket_iam_binding.bindings",
            "module.branch-pf-prod-sa.data.google_service_account.service_account",
            "module.branch-pf-prod-sa.google_service_account.service_account",
            "module.branch-sandbox-gcs.google_storage_bucket.bucket",
            "module.branch-sandbox-gcs.google_storage_bucket_iam_binding.bindings",
            "module.branch-sandbox-sa.data.google_service_account.service_account",
            "module.branch-sandbox-sa.google_service_account.service_account",
            "module.branch-security-gcs.google_storage_bucket.bucket",
            "module.branch-security-gcs.google_storage_bucket_iam_binding.bindings",
            "module.branch-security-sa.data.google_service_account.service_account",
            "module.branch-security-sa.google_service_account.service_account",
            "module.branch-teams-gcs.google_storage_bucket.bucket",
            "module.branch-teams-gcs.google_storage_bucket_iam_binding.bindings",
            "module.branch-teams-sa.data.google_service_account.service_account",
            "module.branch-teams-sa.google_service_account.service_account",
            "module.branch-teams-team-gcs.google_pubsub_topic.topic",
            "module.branch-teams-team-gcs.google_pubsub_topic_iam_binding.binding",
            "module.branch-teams-team-gcs.google_storage_bucket.bucket",
            "module.branch-teams-team-gcs.google_storage_bucket_iam_binding.bindings",
            "module.branch-teams-team-gcs.google_storage_notification.notification",
            "module.branch-teams-team-sa.data.google_service_account.service_account",
            "module.branch-teams-team-sa.google_billing_account_iam_member.billing-roles",
            "module.branch-teams-team-sa.google_folder_iam_member.folder-roles",
            "module.branch-teams-team-sa.google_organization_iam_member.organization-roles",
            "module.branch-teams-team-sa.google_project_iam_member.project-roles",
            "module.branch-teams-team-sa.google_service_account.service_account",
            "module.branch-teams-team-sa.google_service_account_iam_binding.roles",
            "module.branch-teams-team-sa.google_service_account_iam_member.additive",
            "module.branch-teams-team-sa.google_service_account_iam_member.roles",
            "module.branch-teams-team-sa.google_service_account_key.key",
            "module.branch-teams-team-sa.google_service_account_key.upload_key",
            "module.branch-teams-team-sa.google_storage_bucket_iam_member.bucket-roles"
          ]
        },
        {
          "index_key": "9-sandbox",
          "schema_version": 0,
          "attributes": {
            "bucket": "nyx-prod-iac-core-outputs-0",
            "cache_control": "",
            "content": "/**\n * Copyright 2022 Google LLC\n *\n * Licensed under the Apache License, Version 2.0 (the \"License\");\n * you may not use this file except in compliance with the License.\n * You may obtain a copy of the License at\n *\n *      http://www.apache.org/licenses/LICENSE-2.0\n *\n * Unless required by applicable law or agreed to in writing, software\n * distributed under the License is distributed on an \"AS IS\" BASIS,\n * WITHOUT WARRANTIES OR CONDITIONS OF ANY KIND, either express or implied.\n * See the License for the specific language governing permissions and\n * limitations under the License.\n */\n\nterraform {\n  backend \"gcs\" {\n    bucket                      = \"nyx-dev-resman-sbox-0\"\n    impersonate_service_account = \"nyx-dev-resman-sbox-0@nyx-prod-iac-core-0.iam.gserviceaccount.com\"\n  }\n}\nprovider \"google\" {\n  impersonate_service_account = \"nyx-dev-resman-sbox-0@nyx-prod-iac-core-0.iam.gserviceaccount.com\"\n}\nprovider \"google-beta\" {\n  impersonate_service_account = \"nyx-dev-resman-sbox-0@nyx-prod-iac-core-0.iam.gserviceaccount.com\"\n}\n\n# end provider.tf for sandbox\n",
            "content_disposition": "",
            "content_encoding": "",
            "content_language": "",
            "content_type": "text/plain; charset=utf-8",
            "crc32c": "oz2alg==",
            "customer_encryption": [],
            "detect_md5hash": "hJq9GO6QJRpI9Oh1kZ85+g==",
            "event_based_hold": false,
            "id": "nyx-prod-iac-core-outputs-0-providers/9-sandbox-providers.tf",
            "kms_key_name": "",
            "md5hash": "hJq9GO6QJRpI9Oh1kZ85+g==",
            "media_link": "https://storage.googleapis.com/download/storage/v1/b/nyx-prod-iac-core-outputs-0/o/providers%2F9-sandbox-providers.tf?generation=1683107039728693\u0026alt=media",
            "metadata": {},
            "name": "providers/9-sandbox-providers.tf",
            "output_name": "providers/9-sandbox-providers.tf",
            "self_link": "https://www.googleapis.com/storage/v1/b/nyx-prod-iac-core-outputs-0/o/providers%2F9-sandbox-providers.tf",
            "source": null,
            "storage_class": "MULTI_REGIONAL",
            "temporary_hold": false,
            "timeouts": null
          },
          "sensitive_attributes": [],
          "private": "eyJlMmJmYjczMC1lY2FhLTExZTYtOGY4OC0zNDM2M2JjN2M0YzAiOnsiY3JlYXRlIjoyNDAwMDAwMDAwMDAsImRlbGV0ZSI6MjQwMDAwMDAwMDAwLCJ1cGRhdGUiOjI0MDAwMDAwMDAwMH19",
          "dependencies": [
            "module.branch-dp-dev-gcs.google_storage_bucket.bucket",
            "module.branch-dp-dev-gcs.google_storage_bucket_iam_binding.bindings",
            "module.branch-dp-dev-sa.data.google_service_account.service_account",
            "module.branch-dp-dev-sa.google_service_account.service_account",
            "module.branch-dp-prod-gcs.google_storage_bucket.bucket",
            "module.branch-dp-prod-gcs.google_storage_bucket_iam_binding.bindings",
            "module.branch-dp-prod-sa.data.google_service_account.service_account",
            "module.branch-dp-prod-sa.google_service_account.service_account",
            "module.branch-gke-dev-gcs.google_storage_bucket.bucket",
            "module.branch-gke-dev-gcs.google_storage_bucket_iam_binding.bindings",
            "module.branch-gke-dev-sa.data.google_service_account.service_account",
            "module.branch-gke-dev-sa.google_service_account.service_account",
            "module.branch-gke-prod-gcs.google_storage_bucket.bucket",
            "module.branch-gke-prod-gcs.google_storage_bucket_iam_binding.bindings",
            "module.branch-gke-prod-sa.data.google_service_account.service_account",
            "module.branch-gke-prod-sa.google_service_account.service_account",
            "module.branch-network-gcs.google_storage_bucket.bucket",
            "module.branch-network-gcs.google_storage_bucket_iam_binding.bindings",
            "module.branch-network-sa.data.google_service_account.service_account",
            "module.branch-network-sa.google_service_account.service_account",
            "module.branch-pf-dev-gcs.google_storage_bucket.bucket",
            "module.branch-pf-dev-gcs.google_storage_bucket_iam_binding.bindings",
            "module.branch-pf-dev-sa.data.google_service_account.service_account",
            "module.branch-pf-dev-sa.google_service_account.service_account",
            "module.branch-pf-prod-gcs.google_storage_bucket.bucket",
            "module.branch-pf-prod-gcs.google_storage_bucket_iam_binding.bindings",
            "module.branch-pf-prod-sa.data.google_service_account.service_account",
            "module.branch-pf-prod-sa.google_service_account.service_account",
            "module.branch-sandbox-gcs.google_storage_bucket.bucket",
            "module.branch-sandbox-gcs.google_storage_bucket_iam_binding.bindings",
            "module.branch-sandbox-sa.data.google_service_account.service_account",
            "module.branch-sandbox-sa.google_service_account.service_account",
            "module.branch-security-gcs.google_storage_bucket.bucket",
            "module.branch-security-gcs.google_storage_bucket_iam_binding.bindings",
            "module.branch-security-sa.data.google_service_account.service_account",
            "module.branch-security-sa.google_service_account.service_account",
            "module.branch-teams-gcs.google_storage_bucket.bucket",
            "module.branch-teams-gcs.google_storage_bucket_iam_binding.bindings",
            "module.branch-teams-sa.data.google_service_account.service_account",
            "module.branch-teams-sa.google_service_account.service_account",
            "module.branch-teams-team-gcs.google_pubsub_topic.topic",
            "module.branch-teams-team-gcs.google_pubsub_topic_iam_binding.binding",
            "module.branch-teams-team-gcs.google_storage_bucket.bucket",
            "module.branch-teams-team-gcs.google_storage_bucket_iam_binding.bindings",
            "module.branch-teams-team-gcs.google_storage_notification.notification",
            "module.branch-teams-team-sa.data.google_service_account.service_account",
            "module.branch-teams-team-sa.google_billing_account_iam_member.billing-roles",
            "module.branch-teams-team-sa.google_folder_iam_member.folder-roles",
            "module.branch-teams-team-sa.google_organization_iam_member.organization-roles",
            "module.branch-teams-team-sa.google_project_iam_member.project-roles",
            "module.branch-teams-team-sa.google_service_account.service_account",
            "module.branch-teams-team-sa.google_service_account_iam_binding.roles",
            "module.branch-teams-team-sa.google_service_account_iam_member.additive",
            "module.branch-teams-team-sa.google_service_account_iam_member.roles",
            "module.branch-teams-team-sa.google_service_account_key.key",
            "module.branch-teams-team-sa.google_service_account_key.upload_key",
            "module.branch-teams-team-sa.google_storage_bucket_iam_member.bucket-roles"
          ]
        }
      ]
    },
    {
      "mode": "managed",
      "type": "google_storage_bucket_object",
      "name": "tfvars",
      "provider": "provider[\"registry.terraform.io/hashicorp/google\"]",
      "instances": []
    },
    {
      "mode": "managed",
      "type": "local_file",
      "name": "providers",
      "provider": "provider[\"registry.terraform.io/hashicorp/local\"]",
      "instances": [
        {
          "index_key": "2-networking",
          "schema_version": 0,
          "attributes": {
            "content": "/**\n * Copyright 2022 Google LLC\n *\n * Licensed under the Apache License, Version 2.0 (the \"License\");\n * you may not use this file except in compliance with the License.\n * You may obtain a copy of the License at\n *\n *      http://www.apache.org/licenses/LICENSE-2.0\n *\n * Unless required by applicable law or agreed to in writing, software\n * distributed under the License is distributed on an \"AS IS\" BASIS,\n * WITHOUT WARRANTIES OR CONDITIONS OF ANY KIND, either express or implied.\n * See the License for the specific language governing permissions and\n * limitations under the License.\n */\n\nterraform {\n  backend \"gcs\" {\n    bucket                      = \"nyx-prod-resman-net-0\"\n    impersonate_service_account = \"nyx-prod-resman-net-0@nyx-prod-iac-core-0.iam.gserviceaccount.com\"\n  }\n}\nprovider \"google\" {\n  impersonate_service_account = \"nyx-prod-resman-net-0@nyx-prod-iac-core-0.iam.gserviceaccount.com\"\n}\nprovider \"google-beta\" {\n  impersonate_service_account = \"nyx-prod-resman-net-0@nyx-prod-iac-core-0.iam.gserviceaccount.com\"\n}\n\n# end provider.tf for networking\n",
            "content_base64": null,
            "content_base64sha256": "4epVqPiKg8e6Fn4suIB7fbAxEVCFmI7Pf/fpaxYxueU=",
            "content_base64sha512": "N4Yr8Ghgy7ua/FGlfXwFxTGuMOF9ve0RZRXe7Hf2EPLKk3jlg96SkUG5I2ZYYcIOu2Lghhsev7HnYYZrus50YA==",
            "content_md5": "c42bfedf99421f4f6effc8022279d66b",
            "content_sha1": "5d1768d4a6fdd6b8a520bf6eee5cda31b1d90c78",
            "content_sha256": "e1ea55a8f88a83c7ba167e2cb8807b7db031115085988ecf7ff7e96b1631b9e5",
            "content_sha512": "37862bf06860cbbb9afc51a57d7c05c531ae30e17dbded116515deec77f610f2ca9378e583de929141b923665861c20ebb62e0861b1ebfb1e761866bbace7460",
            "directory_permission": "0777",
            "file_permission": "0644",
            "filename": "/home/yarden/fast-config/providers/2-networking-providers.tf",
            "id": "5d1768d4a6fdd6b8a520bf6eee5cda31b1d90c78",
            "sensitive_content": null,
            "source": null
          },
          "sensitive_attributes": [],
          "dependencies": [
            "module.branch-dp-dev-gcs.google_storage_bucket.bucket",
            "module.branch-dp-dev-gcs.google_storage_bucket_iam_binding.bindings",
            "module.branch-dp-dev-sa.data.google_service_account.service_account",
            "module.branch-dp-dev-sa.google_service_account.service_account",
            "module.branch-dp-prod-gcs.google_storage_bucket.bucket",
            "module.branch-dp-prod-gcs.google_storage_bucket_iam_binding.bindings",
            "module.branch-dp-prod-sa.data.google_service_account.service_account",
            "module.branch-dp-prod-sa.google_service_account.service_account",
            "module.branch-gke-dev-gcs.google_storage_bucket.bucket",
            "module.branch-gke-dev-gcs.google_storage_bucket_iam_binding.bindings",
            "module.branch-gke-dev-sa.data.google_service_account.service_account",
            "module.branch-gke-dev-sa.google_service_account.service_account",
            "module.branch-gke-prod-gcs.google_storage_bucket.bucket",
            "module.branch-gke-prod-gcs.google_storage_bucket_iam_binding.bindings",
            "module.branch-gke-prod-sa.data.google_service_account.service_account",
            "module.branch-gke-prod-sa.google_service_account.service_account",
            "module.branch-network-gcs.google_storage_bucket.bucket",
            "module.branch-network-gcs.google_storage_bucket_iam_binding.bindings",
            "module.branch-network-sa.data.google_service_account.service_account",
            "module.branch-network-sa.google_service_account.service_account",
            "module.branch-pf-dev-gcs.google_storage_bucket.bucket",
            "module.branch-pf-dev-gcs.google_storage_bucket_iam_binding.bindings",
            "module.branch-pf-dev-sa.data.google_service_account.service_account",
            "module.branch-pf-dev-sa.google_service_account.service_account",
            "module.branch-pf-prod-gcs.google_storage_bucket.bucket",
            "module.branch-pf-prod-gcs.google_storage_bucket_iam_binding.bindings",
            "module.branch-pf-prod-sa.data.google_service_account.service_account",
            "module.branch-pf-prod-sa.google_service_account.service_account",
            "module.branch-sandbox-gcs.google_storage_bucket.bucket",
            "module.branch-sandbox-gcs.google_storage_bucket_iam_binding.bindings",
            "module.branch-sandbox-sa.data.google_service_account.service_account",
            "module.branch-sandbox-sa.google_service_account.service_account",
            "module.branch-security-gcs.google_storage_bucket.bucket",
            "module.branch-security-gcs.google_storage_bucket_iam_binding.bindings",
            "module.branch-security-sa.data.google_service_account.service_account",
            "module.branch-security-sa.google_service_account.service_account",
            "module.branch-teams-gcs.google_storage_bucket.bucket",
            "module.branch-teams-gcs.google_storage_bucket_iam_binding.bindings",
            "module.branch-teams-sa.data.google_service_account.service_account",
            "module.branch-teams-sa.google_service_account.service_account",
            "module.branch-teams-team-gcs.google_pubsub_topic.topic",
            "module.branch-teams-team-gcs.google_pubsub_topic_iam_binding.binding",
            "module.branch-teams-team-gcs.google_storage_bucket.bucket",
            "module.branch-teams-team-gcs.google_storage_bucket_iam_binding.bindings",
            "module.branch-teams-team-gcs.google_storage_notification.notification",
            "module.branch-teams-team-sa.data.google_service_account.service_account",
            "module.branch-teams-team-sa.google_billing_account_iam_member.billing-roles",
            "module.branch-teams-team-sa.google_folder_iam_member.folder-roles",
            "module.branch-teams-team-sa.google_organization_iam_member.organization-roles",
            "module.branch-teams-team-sa.google_project_iam_member.project-roles",
            "module.branch-teams-team-sa.google_service_account.service_account",
            "module.branch-teams-team-sa.google_service_account_iam_binding.roles",
            "module.branch-teams-team-sa.google_service_account_iam_member.additive",
            "module.branch-teams-team-sa.google_service_account_iam_member.roles",
            "module.branch-teams-team-sa.google_service_account_key.key",
            "module.branch-teams-team-sa.google_service_account_key.upload_key",
            "module.branch-teams-team-sa.google_storage_bucket_iam_member.bucket-roles"
          ]
        },
        {
          "index_key": "2-security",
          "schema_version": 0,
          "attributes": {
            "content": "/**\n * Copyright 2022 Google LLC\n *\n * Licensed under the Apache License, Version 2.0 (the \"License\");\n * you may not use this file except in compliance with the License.\n * You may obtain a copy of the License at\n *\n *      http://www.apache.org/licenses/LICENSE-2.0\n *\n * Unless required by applicable law or agreed to in writing, software\n * distributed under the License is distributed on an \"AS IS\" BASIS,\n * WITHOUT WARRANTIES OR CONDITIONS OF ANY KIND, either express or implied.\n * See the License for the specific language governing permissions and\n * limitations under the License.\n */\n\nterraform {\n  backend \"gcs\" {\n    bucket                      = \"nyx-prod-resman-sec-0\"\n    impersonate_service_account = \"nyx-security-0@nyx-prod-iac-core-0.iam.gserviceaccount.com\"\n  }\n}\nprovider \"google\" {\n  impersonate_service_account = \"nyx-security-0@nyx-prod-iac-core-0.iam.gserviceaccount.com\"\n}\nprovider \"google-beta\" {\n  impersonate_service_account = \"nyx-security-0@nyx-prod-iac-core-0.iam.gserviceaccount.com\"\n}\n\n# end provider.tf for security\n",
            "content_base64": null,
            "content_base64sha256": "tBP5zWeOHZxLyQCHhED8OtMtQW60Bz4ddGdgYs/wIao=",
            "content_base64sha512": "/5n+bTBd1y8Z7SkG79jf8Ja37UfPKYEiUKOOMd0jNuWBbm5fYyKXmWwcceSSOJBHlb5qN80PqnyRmwO1dIVOIQ==",
            "content_md5": "599f3c371a5d784a8219de26f41cc0ac",
            "content_sha1": "0a3a33cddabdaed442ae9cd3d558746711b42c8f",
            "content_sha256": "b413f9cd678e1d9c4bc900878440fc3ad32d416eb4073e1d74676062cff021aa",
            "content_sha512": "ff99fe6d305dd72f19ed2906efd8dff096b7ed47cf29812250a38e31dd2336e5816e6e5f632297996c1c71e49238904795be6a37cd0faa7c919b03b574854e21",
            "directory_permission": "0777",
            "file_permission": "0644",
            "filename": "/home/yarden/fast-config/providers/2-security-providers.tf",
            "id": "0a3a33cddabdaed442ae9cd3d558746711b42c8f",
            "sensitive_content": null,
            "source": null
          },
          "sensitive_attributes": [],
          "dependencies": [
            "module.branch-dp-dev-gcs.google_storage_bucket.bucket",
            "module.branch-dp-dev-gcs.google_storage_bucket_iam_binding.bindings",
            "module.branch-dp-dev-sa.data.google_service_account.service_account",
            "module.branch-dp-dev-sa.google_service_account.service_account",
            "module.branch-dp-prod-gcs.google_storage_bucket.bucket",
            "module.branch-dp-prod-gcs.google_storage_bucket_iam_binding.bindings",
            "module.branch-dp-prod-sa.data.google_service_account.service_account",
            "module.branch-dp-prod-sa.google_service_account.service_account",
            "module.branch-gke-dev-gcs.google_storage_bucket.bucket",
            "module.branch-gke-dev-gcs.google_storage_bucket_iam_binding.bindings",
            "module.branch-gke-dev-sa.data.google_service_account.service_account",
            "module.branch-gke-dev-sa.google_service_account.service_account",
            "module.branch-gke-prod-gcs.google_storage_bucket.bucket",
            "module.branch-gke-prod-gcs.google_storage_bucket_iam_binding.bindings",
            "module.branch-gke-prod-sa.data.google_service_account.service_account",
            "module.branch-gke-prod-sa.google_service_account.service_account",
            "module.branch-network-gcs.google_storage_bucket.bucket",
            "module.branch-network-gcs.google_storage_bucket_iam_binding.bindings",
            "module.branch-network-sa.data.google_service_account.service_account",
            "module.branch-network-sa.google_service_account.service_account",
            "module.branch-pf-dev-gcs.google_storage_bucket.bucket",
            "module.branch-pf-dev-gcs.google_storage_bucket_iam_binding.bindings",
            "module.branch-pf-dev-sa.data.google_service_account.service_account",
            "module.branch-pf-dev-sa.google_service_account.service_account",
            "module.branch-pf-prod-gcs.google_storage_bucket.bucket",
            "module.branch-pf-prod-gcs.google_storage_bucket_iam_binding.bindings",
            "module.branch-pf-prod-sa.data.google_service_account.service_account",
            "module.branch-pf-prod-sa.google_service_account.service_account",
            "module.branch-sandbox-gcs.google_storage_bucket.bucket",
            "module.branch-sandbox-gcs.google_storage_bucket_iam_binding.bindings",
            "module.branch-sandbox-sa.data.google_service_account.service_account",
            "module.branch-sandbox-sa.google_service_account.service_account",
            "module.branch-security-gcs.google_storage_bucket.bucket",
            "module.branch-security-gcs.google_storage_bucket_iam_binding.bindings",
            "module.branch-security-sa.data.google_service_account.service_account",
            "module.branch-security-sa.google_service_account.service_account",
            "module.branch-teams-gcs.google_storage_bucket.bucket",
            "module.branch-teams-gcs.google_storage_bucket_iam_binding.bindings",
            "module.branch-teams-sa.data.google_service_account.service_account",
            "module.branch-teams-sa.google_service_account.service_account",
            "module.branch-teams-team-gcs.google_pubsub_topic.topic",
            "module.branch-teams-team-gcs.google_pubsub_topic_iam_binding.binding",
            "module.branch-teams-team-gcs.google_storage_bucket.bucket",
            "module.branch-teams-team-gcs.google_storage_bucket_iam_binding.bindings",
            "module.branch-teams-team-gcs.google_storage_notification.notification",
            "module.branch-teams-team-sa.data.google_service_account.service_account",
            "module.branch-teams-team-sa.google_billing_account_iam_member.billing-roles",
            "module.branch-teams-team-sa.google_folder_iam_member.folder-roles",
            "module.branch-teams-team-sa.google_organization_iam_member.organization-roles",
            "module.branch-teams-team-sa.google_project_iam_member.project-roles",
            "module.branch-teams-team-sa.google_service_account.service_account",
            "module.branch-teams-team-sa.google_service_account_iam_binding.roles",
            "module.branch-teams-team-sa.google_service_account_iam_member.additive",
            "module.branch-teams-team-sa.google_service_account_iam_member.roles",
            "module.branch-teams-team-sa.google_service_account_key.key",
            "module.branch-teams-team-sa.google_service_account_key.upload_key",
            "module.branch-teams-team-sa.google_storage_bucket_iam_member.bucket-roles"
          ]
        },
        {
          "index_key": "3-data-platform-dev",
          "schema_version": 0,
          "attributes": {
            "content": "/**\n * Copyright 2022 Google LLC\n *\n * Licensed under the Apache License, Version 2.0 (the \"License\");\n * you may not use this file except in compliance with the License.\n * You may obtain a copy of the License at\n *\n *      http://www.apache.org/licenses/LICENSE-2.0\n *\n * Unless required by applicable law or agreed to in writing, software\n * distributed under the License is distributed on an \"AS IS\" BASIS,\n * WITHOUT WARRANTIES OR CONDITIONS OF ANY KIND, either express or implied.\n * See the License for the specific language governing permissions and\n * limitations under the License.\n */\n\nterraform {\n  backend \"gcs\" {\n    bucket                      = \"nyx-dev-resman-dp-0\"\n    impersonate_service_account = \"nyx-dev-resman-dp-0@nyx-prod-iac-core-0.iam.gserviceaccount.com\"\n  }\n}\nprovider \"google\" {\n  impersonate_service_account = \"nyx-dev-resman-dp-0@nyx-prod-iac-core-0.iam.gserviceaccount.com\"\n}\nprovider \"google-beta\" {\n  impersonate_service_account = \"nyx-dev-resman-dp-0@nyx-prod-iac-core-0.iam.gserviceaccount.com\"\n}\n\n# end provider.tf for dp-dev\n",
            "content_base64": null,
            "content_base64sha256": "xbFfpG4306NVI6pR0x5nnYK2L4m6zyR26m+pKtEkYNE=",
            "content_base64sha512": "hwKW18EzI7M6e6g33katRYX6FUoBp4XMxRvxRNRQY03p9+a1jXD7KAoMKip3sB/ow0KRjFw1oGkKsbTxtv9drw==",
            "content_md5": "ea306097d65fd96b5622f1c06e9f1026",
            "content_sha1": "4ac86aba50c08cadb80c7961c7d7c1f778eb58b0",
            "content_sha256": "c5b15fa46e37d3a35523aa51d31e679d82b62f89bacf2476ea6fa92ad12460d1",
            "content_sha512": "870296d7c13323b33a7ba837de46ad4585fa154a01a785ccc51bf144d450634de9f7e6b58d70fb280a0c2a2a77b01fe8c342918c5c35a0690ab1b4f1b6ff5daf",
            "directory_permission": "0777",
            "file_permission": "0644",
            "filename": "/home/yarden/fast-config/providers/3-data-platform-dev-providers.tf",
            "id": "4ac86aba50c08cadb80c7961c7d7c1f778eb58b0",
            "sensitive_content": null,
            "source": null
          },
          "sensitive_attributes": [],
          "dependencies": [
            "module.branch-dp-dev-gcs.google_storage_bucket.bucket",
            "module.branch-dp-dev-gcs.google_storage_bucket_iam_binding.bindings",
            "module.branch-dp-dev-sa.data.google_service_account.service_account",
            "module.branch-dp-dev-sa.google_service_account.service_account",
            "module.branch-dp-prod-gcs.google_storage_bucket.bucket",
            "module.branch-dp-prod-gcs.google_storage_bucket_iam_binding.bindings",
            "module.branch-dp-prod-sa.data.google_service_account.service_account",
            "module.branch-dp-prod-sa.google_service_account.service_account",
            "module.branch-gke-dev-gcs.google_storage_bucket.bucket",
            "module.branch-gke-dev-gcs.google_storage_bucket_iam_binding.bindings",
            "module.branch-gke-dev-sa.data.google_service_account.service_account",
            "module.branch-gke-dev-sa.google_service_account.service_account",
            "module.branch-gke-prod-gcs.google_storage_bucket.bucket",
            "module.branch-gke-prod-gcs.google_storage_bucket_iam_binding.bindings",
            "module.branch-gke-prod-sa.data.google_service_account.service_account",
            "module.branch-gke-prod-sa.google_service_account.service_account",
            "module.branch-network-gcs.google_storage_bucket.bucket",
            "module.branch-network-gcs.google_storage_bucket_iam_binding.bindings",
            "module.branch-network-sa.data.google_service_account.service_account",
            "module.branch-network-sa.google_service_account.service_account",
            "module.branch-pf-dev-gcs.google_storage_bucket.bucket",
            "module.branch-pf-dev-gcs.google_storage_bucket_iam_binding.bindings",
            "module.branch-pf-dev-sa.data.google_service_account.service_account",
            "module.branch-pf-dev-sa.google_service_account.service_account",
            "module.branch-pf-prod-gcs.google_storage_bucket.bucket",
            "module.branch-pf-prod-gcs.google_storage_bucket_iam_binding.bindings",
            "module.branch-pf-prod-sa.data.google_service_account.service_account",
            "module.branch-pf-prod-sa.google_service_account.service_account",
            "module.branch-sandbox-gcs.google_storage_bucket.bucket",
            "module.branch-sandbox-gcs.google_storage_bucket_iam_binding.bindings",
            "module.branch-sandbox-sa.data.google_service_account.service_account",
            "module.branch-sandbox-sa.google_service_account.service_account",
            "module.branch-security-gcs.google_storage_bucket.bucket",
            "module.branch-security-gcs.google_storage_bucket_iam_binding.bindings",
            "module.branch-security-sa.data.google_service_account.service_account",
            "module.branch-security-sa.google_service_account.service_account",
            "module.branch-teams-gcs.google_storage_bucket.bucket",
            "module.branch-teams-gcs.google_storage_bucket_iam_binding.bindings",
            "module.branch-teams-sa.data.google_service_account.service_account",
            "module.branch-teams-sa.google_service_account.service_account",
            "module.branch-teams-team-gcs.google_pubsub_topic.topic",
            "module.branch-teams-team-gcs.google_pubsub_topic_iam_binding.binding",
            "module.branch-teams-team-gcs.google_storage_bucket.bucket",
            "module.branch-teams-team-gcs.google_storage_bucket_iam_binding.bindings",
            "module.branch-teams-team-gcs.google_storage_notification.notification",
            "module.branch-teams-team-sa.data.google_service_account.service_account",
            "module.branch-teams-team-sa.google_billing_account_iam_member.billing-roles",
            "module.branch-teams-team-sa.google_folder_iam_member.folder-roles",
            "module.branch-teams-team-sa.google_organization_iam_member.organization-roles",
            "module.branch-teams-team-sa.google_project_iam_member.project-roles",
            "module.branch-teams-team-sa.google_service_account.service_account",
            "module.branch-teams-team-sa.google_service_account_iam_binding.roles",
            "module.branch-teams-team-sa.google_service_account_iam_member.additive",
            "module.branch-teams-team-sa.google_service_account_iam_member.roles",
            "module.branch-teams-team-sa.google_service_account_key.key",
            "module.branch-teams-team-sa.google_service_account_key.upload_key",
            "module.branch-teams-team-sa.google_storage_bucket_iam_member.bucket-roles"
          ]
        },
        {
          "index_key": "3-data-platform-prod",
          "schema_version": 0,
          "attributes": {
            "content": "/**\n * Copyright 2022 Google LLC\n *\n * Licensed under the Apache License, Version 2.0 (the \"License\");\n * you may not use this file except in compliance with the License.\n * You may obtain a copy of the License at\n *\n *      http://www.apache.org/licenses/LICENSE-2.0\n *\n * Unless required by applicable law or agreed to in writing, software\n * distributed under the License is distributed on an \"AS IS\" BASIS,\n * WITHOUT WARRANTIES OR CONDITIONS OF ANY KIND, either express or implied.\n * See the License for the specific language governing permissions and\n * limitations under the License.\n */\n\nterraform {\n  backend \"gcs\" {\n    bucket                      = \"nyx-prod-resman-dp-0\"\n    impersonate_service_account = \"nyx-prod-resman-dp-0@nyx-prod-iac-core-0.iam.gserviceaccount.com\"\n  }\n}\nprovider \"google\" {\n  impersonate_service_account = \"nyx-prod-resman-dp-0@nyx-prod-iac-core-0.iam.gserviceaccount.com\"\n}\nprovider \"google-beta\" {\n  impersonate_service_account = \"nyx-prod-resman-dp-0@nyx-prod-iac-core-0.iam.gserviceaccount.com\"\n}\n\n# end provider.tf for dp-prod\n",
            "content_base64": null,
            "content_base64sha256": "9scs1Gg+ujtoyc+LGTYF1xWRGYZVIXOuQPp3LDnaDEk=",
            "content_base64sha512": "z27v5pCnB+bub8y1nOCMt8ACccfeHubjAjY/glvIjxhSPBhPYpfTkBdxsOGBGtyNzw5/fxlztDI4B9xEzA77+A==",
            "content_md5": "1427a39a7e17fce79295d862ccad8a77",
            "content_sha1": "33ce1cbfd4a9be708b76a6e1db47c72c6b622e9d",
            "content_sha256": "f6c72cd4683eba3b68c9cf8b193605d715911986552173ae40fa772c39da0c49",
            "content_sha512": "cf6eefe690a707e6ee6fccb59ce08cb7c00271c7de1ee6e302363f825bc88f18523c184f6297d3901771b0e1811adc8dcf0e7f7f1973b4323807dc44cc0efbf8",
            "directory_permission": "0777",
            "file_permission": "0644",
            "filename": "/home/yarden/fast-config/providers/3-data-platform-prod-providers.tf",
            "id": "33ce1cbfd4a9be708b76a6e1db47c72c6b622e9d",
            "sensitive_content": null,
            "source": null
          },
          "sensitive_attributes": [],
          "dependencies": [
            "module.branch-dp-dev-gcs.google_storage_bucket.bucket",
            "module.branch-dp-dev-gcs.google_storage_bucket_iam_binding.bindings",
            "module.branch-dp-dev-sa.data.google_service_account.service_account",
            "module.branch-dp-dev-sa.google_service_account.service_account",
            "module.branch-dp-prod-gcs.google_storage_bucket.bucket",
            "module.branch-dp-prod-gcs.google_storage_bucket_iam_binding.bindings",
            "module.branch-dp-prod-sa.data.google_service_account.service_account",
            "module.branch-dp-prod-sa.google_service_account.service_account",
            "module.branch-gke-dev-gcs.google_storage_bucket.bucket",
            "module.branch-gke-dev-gcs.google_storage_bucket_iam_binding.bindings",
            "module.branch-gke-dev-sa.data.google_service_account.service_account",
            "module.branch-gke-dev-sa.google_service_account.service_account",
            "module.branch-gke-prod-gcs.google_storage_bucket.bucket",
            "module.branch-gke-prod-gcs.google_storage_bucket_iam_binding.bindings",
            "module.branch-gke-prod-sa.data.google_service_account.service_account",
            "module.branch-gke-prod-sa.google_service_account.service_account",
            "module.branch-network-gcs.google_storage_bucket.bucket",
            "module.branch-network-gcs.google_storage_bucket_iam_binding.bindings",
            "module.branch-network-sa.data.google_service_account.service_account",
            "module.branch-network-sa.google_service_account.service_account",
            "module.branch-pf-dev-gcs.google_storage_bucket.bucket",
            "module.branch-pf-dev-gcs.google_storage_bucket_iam_binding.bindings",
            "module.branch-pf-dev-sa.data.google_service_account.service_account",
            "module.branch-pf-dev-sa.google_service_account.service_account",
            "module.branch-pf-prod-gcs.google_storage_bucket.bucket",
            "module.branch-pf-prod-gcs.google_storage_bucket_iam_binding.bindings",
            "module.branch-pf-prod-sa.data.google_service_account.service_account",
            "module.branch-pf-prod-sa.google_service_account.service_account",
            "module.branch-sandbox-gcs.google_storage_bucket.bucket",
            "module.branch-sandbox-gcs.google_storage_bucket_iam_binding.bindings",
            "module.branch-sandbox-sa.data.google_service_account.service_account",
            "module.branch-sandbox-sa.google_service_account.service_account",
            "module.branch-security-gcs.google_storage_bucket.bucket",
            "module.branch-security-gcs.google_storage_bucket_iam_binding.bindings",
            "module.branch-security-sa.data.google_service_account.service_account",
            "module.branch-security-sa.google_service_account.service_account",
            "module.branch-teams-gcs.google_storage_bucket.bucket",
            "module.branch-teams-gcs.google_storage_bucket_iam_binding.bindings",
            "module.branch-teams-sa.data.google_service_account.service_account",
            "module.branch-teams-sa.google_service_account.service_account",
            "module.branch-teams-team-gcs.google_pubsub_topic.topic",
            "module.branch-teams-team-gcs.google_pubsub_topic_iam_binding.binding",
            "module.branch-teams-team-gcs.google_storage_bucket.bucket",
            "module.branch-teams-team-gcs.google_storage_bucket_iam_binding.bindings",
            "module.branch-teams-team-gcs.google_storage_notification.notification",
            "module.branch-teams-team-sa.data.google_service_account.service_account",
            "module.branch-teams-team-sa.google_billing_account_iam_member.billing-roles",
            "module.branch-teams-team-sa.google_folder_iam_member.folder-roles",
            "module.branch-teams-team-sa.google_organization_iam_member.organization-roles",
            "module.branch-teams-team-sa.google_project_iam_member.project-roles",
            "module.branch-teams-team-sa.google_service_account.service_account",
            "module.branch-teams-team-sa.google_service_account_iam_binding.roles",
            "module.branch-teams-team-sa.google_service_account_iam_member.additive",
            "module.branch-teams-team-sa.google_service_account_iam_member.roles",
            "module.branch-teams-team-sa.google_service_account_key.key",
            "module.branch-teams-team-sa.google_service_account_key.upload_key",
            "module.branch-teams-team-sa.google_storage_bucket_iam_member.bucket-roles"
          ]
        },
        {
          "index_key": "3-project-factory-dev",
          "schema_version": 0,
          "attributes": {
            "content": "/**\n * Copyright 2022 Google LLC\n *\n * Licensed under the Apache License, Version 2.0 (the \"License\");\n * you may not use this file except in compliance with the License.\n * You may obtain a copy of the License at\n *\n *      http://www.apache.org/licenses/LICENSE-2.0\n *\n * Unless required by applicable law or agreed to in writing, software\n * distributed under the License is distributed on an \"AS IS\" BASIS,\n * WITHOUT WARRANTIES OR CONDITIONS OF ANY KIND, either express or implied.\n * See the License for the specific language governing permissions and\n * limitations under the License.\n */\n\nterraform {\n  backend \"gcs\" {\n    bucket                      = \"nyx-dev-resman-pf-0\"\n    impersonate_service_account = \"nyx-dev-resman-pf-0@nyx-prod-iac-core-0.iam.gserviceaccount.com\"\n  }\n}\nprovider \"google\" {\n  impersonate_service_account = \"nyx-dev-resman-pf-0@nyx-prod-iac-core-0.iam.gserviceaccount.com\"\n}\nprovider \"google-beta\" {\n  impersonate_service_account = \"nyx-dev-resman-pf-0@nyx-prod-iac-core-0.iam.gserviceaccount.com\"\n}\n\n# end provider.tf for team-dev\n",
            "content_base64": null,
            "content_base64sha256": "e0C2XzzhUeNDdccHbr+wo6ajD7dORKcAWTfSXK/YXWU=",
            "content_base64sha512": "IsdZ+/p6cka01s7X1Q5fgHRuOyiVk1RHKcraivKh2qOUWeJlD/5zIXMHk8j5W5Skf5dk+0f36YF0jqycQG3sqQ==",
            "content_md5": "271631b56b7d2b7868bdd0682d83239f",
            "content_sha1": "6f7f8e5d187c16695d6f5466ceffb12b89289292",
            "content_sha256": "7b40b65f3ce151e34375c7076ebfb0a3a6a30fb74e44a7005937d25cafd85d65",
            "content_sha512": "22c759fbfa7a7246b4d6ced7d50e5f80746e3b289593544729cada8af2a1daa39459e2650ffe7321730793c8f95b94a47f9764fb47f7e981748eac9c406deca9",
            "directory_permission": "0777",
            "file_permission": "0644",
            "filename": "/home/yarden/fast-config/providers/3-project-factory-dev-providers.tf",
            "id": "6f7f8e5d187c16695d6f5466ceffb12b89289292",
            "sensitive_content": null,
            "source": null
          },
          "sensitive_attributes": [],
          "dependencies": [
            "module.branch-dp-dev-gcs.google_storage_bucket.bucket",
            "module.branch-dp-dev-gcs.google_storage_bucket_iam_binding.bindings",
            "module.branch-dp-dev-sa.data.google_service_account.service_account",
            "module.branch-dp-dev-sa.google_service_account.service_account",
            "module.branch-dp-prod-gcs.google_storage_bucket.bucket",
            "module.branch-dp-prod-gcs.google_storage_bucket_iam_binding.bindings",
            "module.branch-dp-prod-sa.data.google_service_account.service_account",
            "module.branch-dp-prod-sa.google_service_account.service_account",
            "module.branch-gke-dev-gcs.google_storage_bucket.bucket",
            "module.branch-gke-dev-gcs.google_storage_bucket_iam_binding.bindings",
            "module.branch-gke-dev-sa.data.google_service_account.service_account",
            "module.branch-gke-dev-sa.google_service_account.service_account",
            "module.branch-gke-prod-gcs.google_storage_bucket.bucket",
            "module.branch-gke-prod-gcs.google_storage_bucket_iam_binding.bindings",
            "module.branch-gke-prod-sa.data.google_service_account.service_account",
            "module.branch-gke-prod-sa.google_service_account.service_account",
            "module.branch-network-gcs.google_storage_bucket.bucket",
            "module.branch-network-gcs.google_storage_bucket_iam_binding.bindings",
            "module.branch-network-sa.data.google_service_account.service_account",
            "module.branch-network-sa.google_service_account.service_account",
            "module.branch-pf-dev-gcs.google_storage_bucket.bucket",
            "module.branch-pf-dev-gcs.google_storage_bucket_iam_binding.bindings",
            "module.branch-pf-dev-sa.data.google_service_account.service_account",
            "module.branch-pf-dev-sa.google_service_account.service_account",
            "module.branch-pf-prod-gcs.google_storage_bucket.bucket",
            "module.branch-pf-prod-gcs.google_storage_bucket_iam_binding.bindings",
            "module.branch-pf-prod-sa.data.google_service_account.service_account",
            "module.branch-pf-prod-sa.google_service_account.service_account",
            "module.branch-sandbox-gcs.google_storage_bucket.bucket",
            "module.branch-sandbox-gcs.google_storage_bucket_iam_binding.bindings",
            "module.branch-sandbox-sa.data.google_service_account.service_account",
            "module.branch-sandbox-sa.google_service_account.service_account",
            "module.branch-security-gcs.google_storage_bucket.bucket",
            "module.branch-security-gcs.google_storage_bucket_iam_binding.bindings",
            "module.branch-security-sa.data.google_service_account.service_account",
            "module.branch-security-sa.google_service_account.service_account",
            "module.branch-teams-gcs.google_storage_bucket.bucket",
            "module.branch-teams-gcs.google_storage_bucket_iam_binding.bindings",
            "module.branch-teams-sa.data.google_service_account.service_account",
            "module.branch-teams-sa.google_service_account.service_account",
            "module.branch-teams-team-gcs.google_pubsub_topic.topic",
            "module.branch-teams-team-gcs.google_pubsub_topic_iam_binding.binding",
            "module.branch-teams-team-gcs.google_storage_bucket.bucket",
            "module.branch-teams-team-gcs.google_storage_bucket_iam_binding.bindings",
            "module.branch-teams-team-gcs.google_storage_notification.notification",
            "module.branch-teams-team-sa.data.google_service_account.service_account",
            "module.branch-teams-team-sa.google_billing_account_iam_member.billing-roles",
            "module.branch-teams-team-sa.google_folder_iam_member.folder-roles",
            "module.branch-teams-team-sa.google_organization_iam_member.organization-roles",
            "module.branch-teams-team-sa.google_project_iam_member.project-roles",
            "module.branch-teams-team-sa.google_service_account.service_account",
            "module.branch-teams-team-sa.google_service_account_iam_binding.roles",
            "module.branch-teams-team-sa.google_service_account_iam_member.additive",
            "module.branch-teams-team-sa.google_service_account_iam_member.roles",
            "module.branch-teams-team-sa.google_service_account_key.key",
            "module.branch-teams-team-sa.google_service_account_key.upload_key",
            "module.branch-teams-team-sa.google_storage_bucket_iam_member.bucket-roles"
          ]
        },
        {
          "index_key": "3-project-factory-prod",
          "schema_version": 0,
          "attributes": {
            "content": "/**\n * Copyright 2022 Google LLC\n *\n * Licensed under the Apache License, Version 2.0 (the \"License\");\n * you may not use this file except in compliance with the License.\n * You may obtain a copy of the License at\n *\n *      http://www.apache.org/licenses/LICENSE-2.0\n *\n * Unless required by applicable law or agreed to in writing, software\n * distributed under the License is distributed on an \"AS IS\" BASIS,\n * WITHOUT WARRANTIES OR CONDITIONS OF ANY KIND, either express or implied.\n * See the License for the specific language governing permissions and\n * limitations under the License.\n */\n\nterraform {\n  backend \"gcs\" {\n    bucket                      = \"nyx-prod-resman-pf-0\"\n    impersonate_service_account = \"nyx-prod-resman-pf-0@nyx-prod-iac-core-0.iam.gserviceaccount.com\"\n  }\n}\nprovider \"google\" {\n  impersonate_service_account = \"nyx-prod-resman-pf-0@nyx-prod-iac-core-0.iam.gserviceaccount.com\"\n}\nprovider \"google-beta\" {\n  impersonate_service_account = \"nyx-prod-resman-pf-0@nyx-prod-iac-core-0.iam.gserviceaccount.com\"\n}\n\n# end provider.tf for team-prod\n",
            "content_base64": null,
            "content_base64sha256": "omQFJ8biYjOdqJDTBs9I2VqnEdrWgbURzdBUrlaYsPg=",
            "content_base64sha512": "ljgnqLyJ+7c9m0yD1A1xdgjq55yb4N5maVTkcb8JNawIciFW81R2VcBGAXOHi812iOsnNMjFxgvUxc4/WbYi2w==",
            "content_md5": "3cd9ded071c428554c10a46bb3b6d9c1",
            "content_sha1": "cd9c0ab2e1640889c3b1c45085b3dad1f4264cb7",
            "content_sha256": "a2640527c6e262339da890d306cf48d95aa711dad681b511cdd054ae5698b0f8",
            "content_sha512": "963827a8bc89fbb73d9b4c83d40d717608eae79c9be0de666954e471bf0935ac08722156f3547655c0460173878bcd7688eb2734c8c5c60bd4c5ce3f59b622db",
            "directory_permission": "0777",
            "file_permission": "0644",
            "filename": "/home/yarden/fast-config/providers/3-project-factory-prod-providers.tf",
            "id": "cd9c0ab2e1640889c3b1c45085b3dad1f4264cb7",
            "sensitive_content": null,
            "source": null
          },
          "sensitive_attributes": [],
          "dependencies": [
            "module.branch-dp-dev-gcs.google_storage_bucket.bucket",
            "module.branch-dp-dev-gcs.google_storage_bucket_iam_binding.bindings",
            "module.branch-dp-dev-sa.data.google_service_account.service_account",
            "module.branch-dp-dev-sa.google_service_account.service_account",
            "module.branch-dp-prod-gcs.google_storage_bucket.bucket",
            "module.branch-dp-prod-gcs.google_storage_bucket_iam_binding.bindings",
            "module.branch-dp-prod-sa.data.google_service_account.service_account",
            "module.branch-dp-prod-sa.google_service_account.service_account",
            "module.branch-gke-dev-gcs.google_storage_bucket.bucket",
            "module.branch-gke-dev-gcs.google_storage_bucket_iam_binding.bindings",
            "module.branch-gke-dev-sa.data.google_service_account.service_account",
            "module.branch-gke-dev-sa.google_service_account.service_account",
            "module.branch-gke-prod-gcs.google_storage_bucket.bucket",
            "module.branch-gke-prod-gcs.google_storage_bucket_iam_binding.bindings",
            "module.branch-gke-prod-sa.data.google_service_account.service_account",
            "module.branch-gke-prod-sa.google_service_account.service_account",
            "module.branch-network-gcs.google_storage_bucket.bucket",
            "module.branch-network-gcs.google_storage_bucket_iam_binding.bindings",
            "module.branch-network-sa.data.google_service_account.service_account",
            "module.branch-network-sa.google_service_account.service_account",
            "module.branch-pf-dev-gcs.google_storage_bucket.bucket",
            "module.branch-pf-dev-gcs.google_storage_bucket_iam_binding.bindings",
            "module.branch-pf-dev-sa.data.google_service_account.service_account",
            "module.branch-pf-dev-sa.google_service_account.service_account",
            "module.branch-pf-prod-gcs.google_storage_bucket.bucket",
            "module.branch-pf-prod-gcs.google_storage_bucket_iam_binding.bindings",
            "module.branch-pf-prod-sa.data.google_service_account.service_account",
            "module.branch-pf-prod-sa.google_service_account.service_account",
            "module.branch-sandbox-gcs.google_storage_bucket.bucket",
            "module.branch-sandbox-gcs.google_storage_bucket_iam_binding.bindings",
            "module.branch-sandbox-sa.data.google_service_account.service_account",
            "module.branch-sandbox-sa.google_service_account.service_account",
            "module.branch-security-gcs.google_storage_bucket.bucket",
            "module.branch-security-gcs.google_storage_bucket_iam_binding.bindings",
            "module.branch-security-sa.data.google_service_account.service_account",
            "module.branch-security-sa.google_service_account.service_account",
            "module.branch-teams-gcs.google_storage_bucket.bucket",
            "module.branch-teams-gcs.google_storage_bucket_iam_binding.bindings",
            "module.branch-teams-sa.data.google_service_account.service_account",
            "module.branch-teams-sa.google_service_account.service_account",
            "module.branch-teams-team-gcs.google_pubsub_topic.topic",
            "module.branch-teams-team-gcs.google_pubsub_topic_iam_binding.binding",
            "module.branch-teams-team-gcs.google_storage_bucket.bucket",
            "module.branch-teams-team-gcs.google_storage_bucket_iam_binding.bindings",
            "module.branch-teams-team-gcs.google_storage_notification.notification",
            "module.branch-teams-team-sa.data.google_service_account.service_account",
            "module.branch-teams-team-sa.google_billing_account_iam_member.billing-roles",
            "module.branch-teams-team-sa.google_folder_iam_member.folder-roles",
            "module.branch-teams-team-sa.google_organization_iam_member.organization-roles",
            "module.branch-teams-team-sa.google_project_iam_member.project-roles",
            "module.branch-teams-team-sa.google_service_account.service_account",
            "module.branch-teams-team-sa.google_service_account_iam_binding.roles",
            "module.branch-teams-team-sa.google_service_account_iam_member.additive",
            "module.branch-teams-team-sa.google_service_account_iam_member.roles",
            "module.branch-teams-team-sa.google_service_account_key.key",
            "module.branch-teams-team-sa.google_service_account_key.upload_key",
            "module.branch-teams-team-sa.google_storage_bucket_iam_member.bucket-roles"
          ]
        },
        {
          "index_key": "3-teams",
          "schema_version": 0,
          "attributes": {
            "content": "/**\n * Copyright 2022 Google LLC\n *\n * Licensed under the Apache License, Version 2.0 (the \"License\");\n * you may not use this file except in compliance with the License.\n * You may obtain a copy of the License at\n *\n *      http://www.apache.org/licenses/LICENSE-2.0\n *\n * Unless required by applicable law or agreed to in writing, software\n * distributed under the License is distributed on an \"AS IS\" BASIS,\n * WITHOUT WARRANTIES OR CONDITIONS OF ANY KIND, either express or implied.\n * See the License for the specific language governing permissions and\n * limitations under the License.\n */\n\nterraform {\n  backend \"gcs\" {\n    bucket                      = \"nyx-prod-resman-teams-0\"\n    impersonate_service_account = \"nyx-prod-resman-teams-0@nyx-prod-iac-core-0.iam.gserviceaccount.com\"\n  }\n}\nprovider \"google\" {\n  impersonate_service_account = \"nyx-prod-resman-teams-0@nyx-prod-iac-core-0.iam.gserviceaccount.com\"\n}\nprovider \"google-beta\" {\n  impersonate_service_account = \"nyx-prod-resman-teams-0@nyx-prod-iac-core-0.iam.gserviceaccount.com\"\n}\n\n# end provider.tf for teams\n",
            "content_base64": null,
            "content_base64sha256": "toAlxUkRHS/MQxM3XLCK62BjRtvBWrU5rtfQFAkRrzc=",
            "content_base64sha512": "8eeAFZljJEZDUMERC/2ChhJkeR9tvpbovcPcINOV+fXdEWyY0wqmF3gjz3MVfa6SD2aZHFFZ3Mq3137hrUlERw==",
            "content_md5": "434629a699b851811f05c5c67d4a2341",
            "content_sha1": "d659ee48414440f02f9964868b392528b07b2b19",
            "content_sha256": "b68025c549111d2fcc4313375cb08aeb606346dbc15ab539aed7d0140911af37",
            "content_sha512": "f1e78015996324464350c1110bfd82861264791f6dbe96e8bdc3dc20d395f9f5dd116c98d30aa6177823cf73157dae920f66991c5159dccab7d77ee1ad494447",
            "directory_permission": "0777",
            "file_permission": "0644",
            "filename": "/home/yarden/fast-config/providers/3-teams-providers.tf",
            "id": "d659ee48414440f02f9964868b392528b07b2b19",
            "sensitive_content": null,
            "source": null
          },
          "sensitive_attributes": [],
          "dependencies": [
            "module.branch-dp-dev-gcs.google_storage_bucket.bucket",
            "module.branch-dp-dev-gcs.google_storage_bucket_iam_binding.bindings",
            "module.branch-dp-dev-sa.data.google_service_account.service_account",
            "module.branch-dp-dev-sa.google_service_account.service_account",
            "module.branch-dp-prod-gcs.google_storage_bucket.bucket",
            "module.branch-dp-prod-gcs.google_storage_bucket_iam_binding.bindings",
            "module.branch-dp-prod-sa.data.google_service_account.service_account",
            "module.branch-dp-prod-sa.google_service_account.service_account",
            "module.branch-gke-dev-gcs.google_storage_bucket.bucket",
            "module.branch-gke-dev-gcs.google_storage_bucket_iam_binding.bindings",
            "module.branch-gke-dev-sa.data.google_service_account.service_account",
            "module.branch-gke-dev-sa.google_service_account.service_account",
            "module.branch-gke-prod-gcs.google_storage_bucket.bucket",
            "module.branch-gke-prod-gcs.google_storage_bucket_iam_binding.bindings",
            "module.branch-gke-prod-sa.data.google_service_account.service_account",
            "module.branch-gke-prod-sa.google_service_account.service_account",
            "module.branch-network-gcs.google_storage_bucket.bucket",
            "module.branch-network-gcs.google_storage_bucket_iam_binding.bindings",
            "module.branch-network-sa.data.google_service_account.service_account",
            "module.branch-network-sa.google_service_account.service_account",
            "module.branch-pf-dev-gcs.google_storage_bucket.bucket",
            "module.branch-pf-dev-gcs.google_storage_bucket_iam_binding.bindings",
            "module.branch-pf-dev-sa.data.google_service_account.service_account",
            "module.branch-pf-dev-sa.google_service_account.service_account",
            "module.branch-pf-prod-gcs.google_storage_bucket.bucket",
            "module.branch-pf-prod-gcs.google_storage_bucket_iam_binding.bindings",
            "module.branch-pf-prod-sa.data.google_service_account.service_account",
            "module.branch-pf-prod-sa.google_service_account.service_account",
            "module.branch-sandbox-gcs.google_storage_bucket.bucket",
            "module.branch-sandbox-gcs.google_storage_bucket_iam_binding.bindings",
            "module.branch-sandbox-sa.data.google_service_account.service_account",
            "module.branch-sandbox-sa.google_service_account.service_account",
            "module.branch-security-gcs.google_storage_bucket.bucket",
            "module.branch-security-gcs.google_storage_bucket_iam_binding.bindings",
            "module.branch-security-sa.data.google_service_account.service_account",
            "module.branch-security-sa.google_service_account.service_account",
            "module.branch-teams-gcs.google_storage_bucket.bucket",
            "module.branch-teams-gcs.google_storage_bucket_iam_binding.bindings",
            "module.branch-teams-sa.data.google_service_account.service_account",
            "module.branch-teams-sa.google_service_account.service_account",
            "module.branch-teams-team-gcs.google_pubsub_topic.topic",
            "module.branch-teams-team-gcs.google_pubsub_topic_iam_binding.binding",
            "module.branch-teams-team-gcs.google_storage_bucket.bucket",
            "module.branch-teams-team-gcs.google_storage_bucket_iam_binding.bindings",
            "module.branch-teams-team-gcs.google_storage_notification.notification",
            "module.branch-teams-team-sa.data.google_service_account.service_account",
            "module.branch-teams-team-sa.google_billing_account_iam_member.billing-roles",
            "module.branch-teams-team-sa.google_folder_iam_member.folder-roles",
            "module.branch-teams-team-sa.google_organization_iam_member.organization-roles",
            "module.branch-teams-team-sa.google_project_iam_member.project-roles",
            "module.branch-teams-team-sa.google_service_account.service_account",
            "module.branch-teams-team-sa.google_service_account_iam_binding.roles",
            "module.branch-teams-team-sa.google_service_account_iam_member.additive",
            "module.branch-teams-team-sa.google_service_account_iam_member.roles",
            "module.branch-teams-team-sa.google_service_account_key.key",
            "module.branch-teams-team-sa.google_service_account_key.upload_key",
            "module.branch-teams-team-sa.google_storage_bucket_iam_member.bucket-roles"
          ]
        },
        {
          "index_key": "3-teams-application",
          "schema_version": 0,
          "attributes": {
            "content": "/**\n * Copyright 2022 Google LLC\n *\n * Licensed under the Apache License, Version 2.0 (the \"License\");\n * you may not use this file except in compliance with the License.\n * You may obtain a copy of the License at\n *\n *      http://www.apache.org/licenses/LICENSE-2.0\n *\n * Unless required by applicable law or agreed to in writing, software\n * distributed under the License is distributed on an \"AS IS\" BASIS,\n * WITHOUT WARRANTIES OR CONDITIONS OF ANY KIND, either express or implied.\n * See the License for the specific language governing permissions and\n * limitations under the License.\n */\n\nterraform {\n  backend \"gcs\" {\n    bucket                      = \"nyx-prod-teams-application-0\"\n    impersonate_service_account = \"nyx-prod-teams-application-0@nyx-prod-iac-core-0.iam.gserviceaccount.com\"\n  }\n}\nprovider \"google\" {\n  impersonate_service_account = \"nyx-prod-teams-application-0@nyx-prod-iac-core-0.iam.gserviceaccount.com\"\n}\nprovider \"google-beta\" {\n  impersonate_service_account = \"nyx-prod-teams-application-0@nyx-prod-iac-core-0.iam.gserviceaccount.com\"\n}\n\n# end provider.tf for teams\n",
            "content_base64": null,
            "content_base64sha256": "QtnjKhkAp+b5gLyr+VPfxrmQlTZfN5K7258Bl2M872M=",
            "content_base64sha512": "Mtr7OD/C1bD98K6W8h09iK3l6DHiLkIrfOsgWh4uwMTlPY22CADqREK6aT/ssvBJFfk6034bpqxBhjPoabGA+Q==",
            "content_md5": "1eb5ab83c943e2303cc646b000edd084",
            "content_sha1": "5430e1411803267944636092207d0bac988aea71",
            "content_sha256": "42d9e32a1900a7e6f980bcabf953dfc6b99095365f3792bbdb9f0197633cef63",
            "content_sha512": "32dafb383fc2d5b0fdf0ae96f21d3d88ade5e831e22e422b7ceb205a1e2ec0c4e53d8db60800ea4442ba693fecb2f04915f93ad37e1ba6ac418633e869b180f9",
            "directory_permission": "0777",
            "file_permission": "0644",
            "filename": "/home/yarden/fast-config/providers/3-teams-application-providers.tf",
            "id": "5430e1411803267944636092207d0bac988aea71",
            "sensitive_content": null,
            "source": null
          },
          "sensitive_attributes": [],
          "dependencies": [
            "module.branch-dp-dev-gcs.google_storage_bucket.bucket",
            "module.branch-dp-dev-gcs.google_storage_bucket_iam_binding.bindings",
            "module.branch-dp-dev-sa.data.google_service_account.service_account",
            "module.branch-dp-dev-sa.google_service_account.service_account",
            "module.branch-dp-prod-gcs.google_storage_bucket.bucket",
            "module.branch-dp-prod-gcs.google_storage_bucket_iam_binding.bindings",
            "module.branch-dp-prod-sa.data.google_service_account.service_account",
            "module.branch-dp-prod-sa.google_service_account.service_account",
            "module.branch-gke-dev-gcs.google_storage_bucket.bucket",
            "module.branch-gke-dev-gcs.google_storage_bucket_iam_binding.bindings",
            "module.branch-gke-dev-sa.data.google_service_account.service_account",
            "module.branch-gke-dev-sa.google_service_account.service_account",
            "module.branch-gke-prod-gcs.google_storage_bucket.bucket",
            "module.branch-gke-prod-gcs.google_storage_bucket_iam_binding.bindings",
            "module.branch-gke-prod-sa.data.google_service_account.service_account",
            "module.branch-gke-prod-sa.google_service_account.service_account",
            "module.branch-network-gcs.google_storage_bucket.bucket",
            "module.branch-network-gcs.google_storage_bucket_iam_binding.bindings",
            "module.branch-network-sa.data.google_service_account.service_account",
            "module.branch-network-sa.google_service_account.service_account",
            "module.branch-pf-dev-gcs.google_storage_bucket.bucket",
            "module.branch-pf-dev-gcs.google_storage_bucket_iam_binding.bindings",
            "module.branch-pf-dev-sa.data.google_service_account.service_account",
            "module.branch-pf-dev-sa.google_service_account.service_account",
            "module.branch-pf-prod-gcs.google_storage_bucket.bucket",
            "module.branch-pf-prod-gcs.google_storage_bucket_iam_binding.bindings",
            "module.branch-pf-prod-sa.data.google_service_account.service_account",
            "module.branch-pf-prod-sa.google_service_account.service_account",
            "module.branch-sandbox-gcs.google_storage_bucket.bucket",
            "module.branch-sandbox-gcs.google_storage_bucket_iam_binding.bindings",
            "module.branch-sandbox-sa.data.google_service_account.service_account",
            "module.branch-sandbox-sa.google_service_account.service_account",
            "module.branch-security-gcs.google_storage_bucket.bucket",
            "module.branch-security-gcs.google_storage_bucket_iam_binding.bindings",
            "module.branch-security-sa.data.google_service_account.service_account",
            "module.branch-security-sa.google_service_account.service_account",
            "module.branch-teams-gcs.google_storage_bucket.bucket",
            "module.branch-teams-gcs.google_storage_bucket_iam_binding.bindings",
            "module.branch-teams-sa.data.google_service_account.service_account",
            "module.branch-teams-sa.google_service_account.service_account",
            "module.branch-teams-team-gcs.google_pubsub_topic.topic",
            "module.branch-teams-team-gcs.google_pubsub_topic_iam_binding.binding",
            "module.branch-teams-team-gcs.google_storage_bucket.bucket",
            "module.branch-teams-team-gcs.google_storage_bucket_iam_binding.bindings",
            "module.branch-teams-team-gcs.google_storage_notification.notification",
            "module.branch-teams-team-sa.data.google_service_account.service_account",
            "module.branch-teams-team-sa.google_billing_account_iam_member.billing-roles",
            "module.branch-teams-team-sa.google_folder_iam_member.folder-roles",
            "module.branch-teams-team-sa.google_organization_iam_member.organization-roles",
            "module.branch-teams-team-sa.google_project_iam_member.project-roles",
            "module.branch-teams-team-sa.google_service_account.service_account",
            "module.branch-teams-team-sa.google_service_account_iam_binding.roles",
            "module.branch-teams-team-sa.google_service_account_iam_member.additive",
            "module.branch-teams-team-sa.google_service_account_iam_member.roles",
            "module.branch-teams-team-sa.google_service_account_key.key",
            "module.branch-teams-team-sa.google_service_account_key.upload_key",
            "module.branch-teams-team-sa.google_storage_bucket_iam_member.bucket-roles"
          ]
        },
        {
          "index_key": "9-sandbox",
          "schema_version": 0,
          "attributes": {
            "content": "/**\n * Copyright 2022 Google LLC\n *\n * Licensed under the Apache License, Version 2.0 (the \"License\");\n * you may not use this file except in compliance with the License.\n * You may obtain a copy of the License at\n *\n *      http://www.apache.org/licenses/LICENSE-2.0\n *\n * Unless required by applicable law or agreed to in writing, software\n * distributed under the License is distributed on an \"AS IS\" BASIS,\n * WITHOUT WARRANTIES OR CONDITIONS OF ANY KIND, either express or implied.\n * See the License for the specific language governing permissions and\n * limitations under the License.\n */\n\nterraform {\n  backend \"gcs\" {\n    bucket                      = \"nyx-dev-resman-sbox-0\"\n    impersonate_service_account = \"nyx-dev-resman-sbox-0@nyx-prod-iac-core-0.iam.gserviceaccount.com\"\n  }\n}\nprovider \"google\" {\n  impersonate_service_account = \"nyx-dev-resman-sbox-0@nyx-prod-iac-core-0.iam.gserviceaccount.com\"\n}\nprovider \"google-beta\" {\n  impersonate_service_account = \"nyx-dev-resman-sbox-0@nyx-prod-iac-core-0.iam.gserviceaccount.com\"\n}\n\n# end provider.tf for sandbox\n",
            "content_base64": null,
            "content_base64sha256": "Tmp7cEaYC2Qlrx+Or/gEQEv9s9uNTF0oaCCWzfGFDSw=",
            "content_base64sha512": "vuvni3KE+GEdLfoTMCiLiqn7f3fIG16FVgbl8WPfYd/EsM6dsB3h1t1/e5MBhIAO9hT7rP2VpTXlQHslrx+wCA==",
            "content_md5": "849abd18ee90251a48f4e875919f39fa",
            "content_sha1": "22069ae82c96673ca31d299b4c67f7a8e8d2b2af",
            "content_sha256": "4e6a7b7046980b6425af1f8eaff804404bfdb3db8d4c5d28682096cdf1850d2c",
            "content_sha512": "beebe78b7284f8611d2dfa1330288b8aa9fb7f77c81b5e855606e5f163df61dfc4b0ce9db01de1d6dd7f7b930184800ef614fbacfd95a535e5407b25af1fb008",
            "directory_permission": "0777",
            "file_permission": "0644",
            "filename": "/home/yarden/fast-config/providers/9-sandbox-providers.tf",
            "id": "22069ae82c96673ca31d299b4c67f7a8e8d2b2af",
            "sensitive_content": null,
            "source": null
          },
          "sensitive_attributes": [],
          "dependencies": [
            "module.branch-dp-dev-gcs.google_storage_bucket.bucket",
            "module.branch-dp-dev-gcs.google_storage_bucket_iam_binding.bindings",
            "module.branch-dp-dev-sa.data.google_service_account.service_account",
            "module.branch-dp-dev-sa.google_service_account.service_account",
            "module.branch-dp-prod-gcs.google_storage_bucket.bucket",
            "module.branch-dp-prod-gcs.google_storage_bucket_iam_binding.bindings",
            "module.branch-dp-prod-sa.data.google_service_account.service_account",
            "module.branch-dp-prod-sa.google_service_account.service_account",
            "module.branch-gke-dev-gcs.google_storage_bucket.bucket",
            "module.branch-gke-dev-gcs.google_storage_bucket_iam_binding.bindings",
            "module.branch-gke-dev-sa.data.google_service_account.service_account",
            "module.branch-gke-dev-sa.google_service_account.service_account",
            "module.branch-gke-prod-gcs.google_storage_bucket.bucket",
            "module.branch-gke-prod-gcs.google_storage_bucket_iam_binding.bindings",
            "module.branch-gke-prod-sa.data.google_service_account.service_account",
            "module.branch-gke-prod-sa.google_service_account.service_account",
            "module.branch-network-gcs.google_storage_bucket.bucket",
            "module.branch-network-gcs.google_storage_bucket_iam_binding.bindings",
            "module.branch-network-sa.data.google_service_account.service_account",
            "module.branch-network-sa.google_service_account.service_account",
            "module.branch-pf-dev-gcs.google_storage_bucket.bucket",
            "module.branch-pf-dev-gcs.google_storage_bucket_iam_binding.bindings",
            "module.branch-pf-dev-sa.data.google_service_account.service_account",
            "module.branch-pf-dev-sa.google_service_account.service_account",
            "module.branch-pf-prod-gcs.google_storage_bucket.bucket",
            "module.branch-pf-prod-gcs.google_storage_bucket_iam_binding.bindings",
            "module.branch-pf-prod-sa.data.google_service_account.service_account",
            "module.branch-pf-prod-sa.google_service_account.service_account",
            "module.branch-sandbox-gcs.google_storage_bucket.bucket",
            "module.branch-sandbox-gcs.google_storage_bucket_iam_binding.bindings",
            "module.branch-sandbox-sa.data.google_service_account.service_account",
            "module.branch-sandbox-sa.google_service_account.service_account",
            "module.branch-security-gcs.google_storage_bucket.bucket",
            "module.branch-security-gcs.google_storage_bucket_iam_binding.bindings",
            "module.branch-security-sa.data.google_service_account.service_account",
            "module.branch-security-sa.google_service_account.service_account",
            "module.branch-teams-gcs.google_storage_bucket.bucket",
            "module.branch-teams-gcs.google_storage_bucket_iam_binding.bindings",
            "module.branch-teams-sa.data.google_service_account.service_account",
            "module.branch-teams-sa.google_service_account.service_account",
            "module.branch-teams-team-gcs.google_pubsub_topic.topic",
            "module.branch-teams-team-gcs.google_pubsub_topic_iam_binding.binding",
            "module.branch-teams-team-gcs.google_storage_bucket.bucket",
            "module.branch-teams-team-gcs.google_storage_bucket_iam_binding.bindings",
            "module.branch-teams-team-gcs.google_storage_notification.notification",
            "module.branch-teams-team-sa.data.google_service_account.service_account",
            "module.branch-teams-team-sa.google_billing_account_iam_member.billing-roles",
            "module.branch-teams-team-sa.google_folder_iam_member.folder-roles",
            "module.branch-teams-team-sa.google_organization_iam_member.organization-roles",
            "module.branch-teams-team-sa.google_project_iam_member.project-roles",
            "module.branch-teams-team-sa.google_service_account.service_account",
            "module.branch-teams-team-sa.google_service_account_iam_binding.roles",
            "module.branch-teams-team-sa.google_service_account_iam_member.additive",
            "module.branch-teams-team-sa.google_service_account_iam_member.roles",
            "module.branch-teams-team-sa.google_service_account_key.key",
            "module.branch-teams-team-sa.google_service_account_key.upload_key",
            "module.branch-teams-team-sa.google_storage_bucket_iam_member.bucket-roles"
          ]
        }
      ]
    },
    {
      "mode": "managed",
      "type": "local_file",
      "name": "tfvars",
      "provider": "provider[\"registry.terraform.io/hashicorp/local\"]",
      "instances": []
    },
    {
      "module": "module.branch-dp-dev-folder[0]",
      "mode": "data",
      "type": "google_folder",
      "name": "folder",
      "provider": "provider[\"registry.terraform.io/hashicorp/google\"]",
      "instances": []
    },
    {
      "module": "module.branch-dp-dev-folder[0]",
      "mode": "managed",
      "type": "google_folder",
      "name": "folder",
      "provider": "provider[\"registry.terraform.io/hashicorp/google\"]",
      "instances": [
        {
          "index_key": 0,
          "schema_version": 0,
          "attributes": {
            "create_time": "2023-05-03T09:43:49.833Z",
            "display_name": "Development",
            "folder_id": "878133776630",
            "id": "folders/878133776630",
            "lifecycle_state": "ACTIVE",
            "name": "folders/878133776630",
            "parent": "folders/341821878444",
            "timeouts": null
          },
          "sensitive_attributes": [],
          "private": "eyJlMmJmYjczMC1lY2FhLTExZTYtOGY4OC0zNDM2M2JjN2M0YzAiOnsiY3JlYXRlIjoyNDAwMDAwMDAwMDAsImRlbGV0ZSI6MjQwMDAwMDAwMDAwLCJyZWFkIjoyNDAwMDAwMDAwMDAsInVwZGF0ZSI6MjQwMDAwMDAwMDAwfX0=",
          "dependencies": [
            "module.branch-dp-folder.data.google_folder.folder",
            "module.branch-dp-folder.google_folder.folder",
            "module.branch-dp-folder.google_folder_iam_binding.authoritative",
            "module.branch-dp-folder.google_org_policy_policy.default"
          ]
        }
      ]
    },
    {
      "module": "module.branch-dp-dev-folder[0]",
      "mode": "managed",
      "type": "google_folder_iam_binding",
      "name": "authoritative",
      "provider": "provider[\"registry.terraform.io/hashicorp/google\"]",
      "instances": [
        {
          "index_key": "organizations/1068395049087/roles/serviceProjectNetworkAdmin",
          "schema_version": 0,
          "attributes": {
            "condition": [],
            "etag": "BwX6xubYXRw=",
            "folder": "folders/878133776630",
            "id": "folders/878133776630/organizations/1068395049087/roles/serviceProjectNetworkAdmin",
            "members": [
              "serviceAccount:nyx-dev-resman-dp-0@nyx-prod-iac-core-0.iam.gserviceaccount.com"
            ],
            "role": "organizations/1068395049087/roles/serviceProjectNetworkAdmin"
          },
          "sensitive_attributes": [],
          "private": "bnVsbA==",
          "dependencies": [
            "module.branch-dp-dev-folder.data.google_folder.folder",
            "module.branch-dp-dev-folder.google_folder.folder",
            "module.branch-dp-dev-sa.data.google_service_account.service_account",
            "module.branch-dp-dev-sa.google_service_account.service_account",
            "module.branch-dp-folder.data.google_folder.folder",
            "module.branch-dp-folder.google_folder.folder",
            "module.branch-dp-folder.google_folder_iam_binding.authoritative",
            "module.branch-dp-folder.google_org_policy_policy.default"
          ]
        },
        {
          "index_key": "roles/logging.admin",
          "schema_version": 0,
          "attributes": {
            "condition": [],
            "etag": "BwX6xubYXRw=",
            "folder": "folders/878133776630",
            "id": "folders/878133776630/roles/logging.admin",
            "members": [
              "serviceAccount:nyx-dev-resman-dp-0@nyx-prod-iac-core-0.iam.gserviceaccount.com"
            ],
            "role": "roles/logging.admin"
          },
          "sensitive_attributes": [],
          "private": "bnVsbA==",
          "dependencies": [
            "module.branch-dp-dev-folder.data.google_folder.folder",
            "module.branch-dp-dev-folder.google_folder.folder",
            "module.branch-dp-dev-sa.data.google_service_account.service_account",
            "module.branch-dp-dev-sa.google_service_account.service_account",
            "module.branch-dp-folder.data.google_folder.folder",
            "module.branch-dp-folder.google_folder.folder",
            "module.branch-dp-folder.google_folder_iam_binding.authoritative",
            "module.branch-dp-folder.google_org_policy_policy.default"
          ]
        },
        {
          "index_key": "roles/owner",
          "schema_version": 0,
          "attributes": {
            "condition": [],
            "etag": "BwX6xubYXRw=",
            "folder": "folders/878133776630",
            "id": "folders/878133776630/roles/owner",
            "members": [
              "serviceAccount:nyx-dev-resman-dp-0@nyx-prod-iac-core-0.iam.gserviceaccount.com"
            ],
            "role": "roles/owner"
          },
          "sensitive_attributes": [],
          "private": "bnVsbA==",
          "dependencies": [
            "module.branch-dp-dev-folder.data.google_folder.folder",
            "module.branch-dp-dev-folder.google_folder.folder",
            "module.branch-dp-dev-sa.data.google_service_account.service_account",
            "module.branch-dp-dev-sa.google_service_account.service_account",
            "module.branch-dp-folder.data.google_folder.folder",
            "module.branch-dp-folder.google_folder.folder",
            "module.branch-dp-folder.google_folder_iam_binding.authoritative",
            "module.branch-dp-folder.google_org_policy_policy.default"
          ]
        },
        {
          "index_key": "roles/resourcemanager.folderAdmin",
          "schema_version": 0,
          "attributes": {
            "condition": [],
            "etag": "BwX6xubYXRw=",
            "folder": "folders/878133776630",
            "id": "folders/878133776630/roles/resourcemanager.folderAdmin",
            "members": [
              "serviceAccount:nyx-dev-resman-dp-0@nyx-prod-iac-core-0.iam.gserviceaccount.com"
            ],
            "role": "roles/resourcemanager.folderAdmin"
          },
          "sensitive_attributes": [],
          "private": "bnVsbA==",
          "dependencies": [
            "module.branch-dp-dev-folder.data.google_folder.folder",
            "module.branch-dp-dev-folder.google_folder.folder",
            "module.branch-dp-dev-sa.data.google_service_account.service_account",
            "module.branch-dp-dev-sa.google_service_account.service_account",
            "module.branch-dp-folder.data.google_folder.folder",
            "module.branch-dp-folder.google_folder.folder",
            "module.branch-dp-folder.google_folder_iam_binding.authoritative",
            "module.branch-dp-folder.google_org_policy_policy.default"
          ]
        },
        {
          "index_key": "roles/resourcemanager.projectCreator",
          "schema_version": 0,
          "attributes": {
            "condition": [],
            "etag": "BwX6xubYXRw=",
            "folder": "folders/878133776630",
            "id": "folders/878133776630/roles/resourcemanager.projectCreator",
            "members": [
              "serviceAccount:nyx-dev-resman-dp-0@nyx-prod-iac-core-0.iam.gserviceaccount.com"
            ],
            "role": "roles/resourcemanager.projectCreator"
          },
          "sensitive_attributes": [],
          "private": "bnVsbA==",
          "dependencies": [
            "module.branch-dp-dev-folder.data.google_folder.folder",
            "module.branch-dp-dev-folder.google_folder.folder",
            "module.branch-dp-dev-sa.data.google_service_account.service_account",
            "module.branch-dp-dev-sa.google_service_account.service_account",
            "module.branch-dp-folder.data.google_folder.folder",
            "module.branch-dp-folder.google_folder.folder",
            "module.branch-dp-folder.google_folder_iam_binding.authoritative",
            "module.branch-dp-folder.google_org_policy_policy.default"
          ]
        }
      ]
    },
    {
      "module": "module.branch-dp-dev-folder[0]",
      "mode": "managed",
      "type": "google_org_policy_policy",
      "name": "default",
      "provider": "provider[\"registry.terraform.io/hashicorp/google\"]",
      "instances": []
    },
    {
      "module": "module.branch-dp-dev-gcs[0]",
      "mode": "managed",
      "type": "google_storage_bucket",
      "name": "bucket",
      "provider": "provider[\"registry.terraform.io/hashicorp/google\"]",
      "instances": [
        {
          "schema_version": 0,
          "attributes": {
            "autoclass": [],
            "cors": [],
            "custom_placement_config": [],
            "default_event_based_hold": false,
            "encryption": [],
            "force_destroy": false,
            "id": "nyx-dev-resman-dp-0",
            "labels": {},
            "lifecycle_rule": [],
            "location": "US",
            "logging": [],
            "name": "nyx-dev-resman-dp-0",
            "project": "nyx-prod-iac-core-0",
            "public_access_prevention": "inherited",
            "requester_pays": false,
            "retention_policy": [],
            "self_link": "https://www.googleapis.com/storage/v1/b/nyx-dev-resman-dp-0",
            "storage_class": "MULTI_REGIONAL",
            "timeouts": null,
            "uniform_bucket_level_access": true,
            "url": "gs://nyx-dev-resman-dp-0",
            "versioning": [
              {
                "enabled": true
              }
            ],
            "website": []
          },
          "sensitive_attributes": [],
          "private": "eyJlMmJmYjczMC1lY2FhLTExZTYtOGY4OC0zNDM2M2JjN2M0YzAiOnsiY3JlYXRlIjo2MDAwMDAwMDAwMDAsInJlYWQiOjI0MDAwMDAwMDAwMCwidXBkYXRlIjoyNDAwMDAwMDAwMDB9fQ=="
        }
      ]
    },
    {
      "module": "module.branch-dp-dev-gcs[0]",
      "mode": "managed",
      "type": "google_storage_bucket_iam_binding",
      "name": "bindings",
      "provider": "provider[\"registry.terraform.io/hashicorp/google\"]",
      "instances": [
        {
          "index_key": "roles/storage.objectAdmin",
          "schema_version": 0,
          "attributes": {
            "bucket": "b/nyx-dev-resman-dp-0",
            "condition": [],
            "etag": "CAI=",
            "id": "b/nyx-dev-resman-dp-0/roles/storage.objectAdmin",
            "members": [
              "serviceAccount:nyx-dev-resman-dp-0@nyx-prod-iac-core-0.iam.gserviceaccount.com"
            ],
            "role": "roles/storage.objectAdmin"
          },
          "sensitive_attributes": [],
          "private": "bnVsbA==",
          "dependencies": [
            "module.branch-dp-dev-gcs.google_storage_bucket.bucket",
            "module.branch-dp-dev-sa.data.google_service_account.service_account",
            "module.branch-dp-dev-sa.google_service_account.service_account"
          ]
        }
      ]
    },
    {
      "module": "module.branch-dp-dev-sa[0]",
      "mode": "data",
      "type": "google_service_account",
      "name": "service_account",
      "provider": "provider[\"registry.terraform.io/hashicorp/google\"]",
      "instances": []
    },
    {
      "module": "module.branch-dp-dev-sa[0]",
      "mode": "managed",
      "type": "google_service_account",
      "name": "service_account",
      "provider": "provider[\"registry.terraform.io/hashicorp/google\"]",
      "instances": [
        {
          "index_key": 0,
          "schema_version": 0,
          "attributes": {
            "account_id": "nyx-dev-resman-dp-0",
            "description": "",
            "disabled": false,
            "display_name": "Terraform data platform development service account.",
            "email": "nyx-dev-resman-dp-0@nyx-prod-iac-core-0.iam.gserviceaccount.com",
            "id": "projects/nyx-prod-iac-core-0/serviceAccounts/nyx-dev-resman-dp-0@nyx-prod-iac-core-0.iam.gserviceaccount.com",
            "member": "serviceAccount:nyx-dev-resman-dp-0@nyx-prod-iac-core-0.iam.gserviceaccount.com",
            "name": "projects/nyx-prod-iac-core-0/serviceAccounts/nyx-dev-resman-dp-0@nyx-prod-iac-core-0.iam.gserviceaccount.com",
            "project": "nyx-prod-iac-core-0",
            "timeouts": null,
            "unique_id": "103990228730684429892"
          },
          "sensitive_attributes": [],
          "private": "eyJlMmJmYjczMC1lY2FhLTExZTYtOGY4OC0zNDM2M2JjN2M0YzAiOnsiY3JlYXRlIjozMDAwMDAwMDAwMDB9fQ=="
        }
      ]
    },
    {
      "module": "module.branch-dp-dev-sa[0]",
      "mode": "managed",
      "type": "google_service_account_iam_binding",
      "name": "roles",
      "provider": "provider[\"registry.terraform.io/hashicorp/google\"]",
      "instances": [
        {
          "index_key": "roles/iam.serviceAccountTokenCreator",
          "schema_version": 0,
          "attributes": {
            "condition": [],
            "etag": null,
            "id": "projects/nyx-prod-iac-core-0/serviceAccounts/nyx-dev-resman-dp-0@nyx-prod-iac-core-0.iam.gserviceaccount.com/roles/iam.serviceAccountTokenCreator",
            "members": [],
            "role": "roles/iam.serviceAccountTokenCreator",
            "service_account_id": "projects/nyx-prod-iac-core-0/serviceAccounts/nyx-dev-resman-dp-0@nyx-prod-iac-core-0.iam.gserviceaccount.com"
          },
          "sensitive_attributes": [],
          "private": "bnVsbA==",
          "dependencies": [
            "module.branch-dp-dev-sa-cicd.data.google_service_account.service_account",
            "module.branch-dp-dev-sa-cicd.google_service_account.service_account",
            "module.branch-dp-dev-sa.data.google_service_account.service_account",
            "module.branch-dp-dev-sa.google_service_account.service_account"
          ]
        }
      ]
    },
    {
      "module": "module.branch-dp-dev-sa[0]",
      "mode": "managed",
      "type": "google_storage_bucket_iam_member",
      "name": "bucket-roles",
      "provider": "provider[\"registry.terraform.io/hashicorp/google\"]",
      "instances": [
        {
          "index_key": "nyx-prod-iac-core-outputs-0-roles/storage.objectAdmin",
          "schema_version": 0,
          "attributes": {
            "bucket": "b/nyx-prod-iac-core-outputs-0",
            "condition": [],
            "etag": "CAo=",
            "id": "b/nyx-prod-iac-core-outputs-0/roles/storage.objectAdmin/serviceAccount:nyx-dev-resman-dp-0@nyx-prod-iac-core-0.iam.gserviceaccount.com",
            "member": "serviceAccount:nyx-dev-resman-dp-0@nyx-prod-iac-core-0.iam.gserviceaccount.com",
            "role": "roles/storage.objectAdmin"
          },
          "sensitive_attributes": [],
          "private": "bnVsbA==",
          "dependencies": [
            "module.branch-dp-dev-sa.data.google_service_account.service_account",
            "module.branch-dp-dev-sa.google_service_account.service_account"
          ]
        }
      ]
    },
    {
      "module": "module.branch-dp-folder[0]",
      "mode": "data",
      "type": "google_folder",
      "name": "folder",
      "provider": "provider[\"registry.terraform.io/hashicorp/google\"]",
      "instances": []
    },
    {
      "module": "module.branch-dp-folder[0]",
      "mode": "managed",
      "type": "google_folder",
      "name": "folder",
      "provider": "provider[\"registry.terraform.io/hashicorp/google\"]",
      "instances": [
        {
          "index_key": 0,
          "schema_version": 0,
          "attributes": {
            "create_time": "2023-05-03T09:42:19.080Z",
            "display_name": "Data Platform",
            "folder_id": "341821878444",
            "id": "folders/341821878444",
            "lifecycle_state": "ACTIVE",
            "name": "folders/341821878444",
            "parent": "organizations/1068395049087",
            "timeouts": null
          },
          "sensitive_attributes": [],
          "private": "eyJlMmJmYjczMC1lY2FhLTExZTYtOGY4OC0zNDM2M2JjN2M0YzAiOnsiY3JlYXRlIjoyNDAwMDAwMDAwMDAsImRlbGV0ZSI6MjQwMDAwMDAwMDAwLCJyZWFkIjoyNDAwMDAwMDAwMDAsInVwZGF0ZSI6MjQwMDAwMDAwMDAwfX0="
        }
      ]
    },
    {
      "module": "module.branch-dp-folder[0]",
      "mode": "managed",
      "type": "google_folder_iam_binding",
      "name": "authoritative",
      "provider": "provider[\"registry.terraform.io/hashicorp/google\"]",
      "instances": []
    },
    {
      "module": "module.branch-dp-folder[0]",
      "mode": "managed",
      "type": "google_org_policy_policy",
      "name": "default",
      "provider": "provider[\"registry.terraform.io/hashicorp/google\"]",
      "instances": []
    },
    {
      "module": "module.branch-dp-prod-folder[0]",
      "mode": "data",
      "type": "google_folder",
      "name": "folder",
      "provider": "provider[\"registry.terraform.io/hashicorp/google\"]",
      "instances": []
    },
    {
      "module": "module.branch-dp-prod-folder[0]",
      "mode": "managed",
      "type": "google_folder",
      "name": "folder",
      "provider": "provider[\"registry.terraform.io/hashicorp/google\"]",
      "instances": [
        {
          "index_key": 0,
          "schema_version": 0,
          "attributes": {
            "create_time": "2023-05-03T09:43:50.644Z",
            "display_name": "Production",
            "folder_id": "751176876210",
            "id": "folders/751176876210",
            "lifecycle_state": "ACTIVE",
            "name": "folders/751176876210",
            "parent": "folders/341821878444",
            "timeouts": null
          },
          "sensitive_attributes": [],
          "private": "eyJlMmJmYjczMC1lY2FhLTExZTYtOGY4OC0zNDM2M2JjN2M0YzAiOnsiY3JlYXRlIjoyNDAwMDAwMDAwMDAsImRlbGV0ZSI6MjQwMDAwMDAwMDAwLCJyZWFkIjoyNDAwMDAwMDAwMDAsInVwZGF0ZSI6MjQwMDAwMDAwMDAwfX0=",
          "dependencies": [
            "module.branch-dp-folder.data.google_folder.folder",
            "module.branch-dp-folder.google_folder.folder",
            "module.branch-dp-folder.google_folder_iam_binding.authoritative",
            "module.branch-dp-folder.google_org_policy_policy.default"
          ]
        }
      ]
    },
    {
      "module": "module.branch-dp-prod-folder[0]",
      "mode": "managed",
      "type": "google_folder_iam_binding",
      "name": "authoritative",
      "provider": "provider[\"registry.terraform.io/hashicorp/google\"]",
      "instances": [
        {
          "index_key": "organizations/1068395049087/roles/serviceProjectNetworkAdmin",
          "schema_version": 0,
          "attributes": {
            "condition": [],
            "etag": "BwX6xubecb0=",
            "folder": "folders/751176876210",
            "id": "folders/751176876210/organizations/1068395049087/roles/serviceProjectNetworkAdmin",
            "members": [
              "serviceAccount:nyx-prod-resman-dp-0@nyx-prod-iac-core-0.iam.gserviceaccount.com"
            ],
            "role": "organizations/1068395049087/roles/serviceProjectNetworkAdmin"
          },
          "sensitive_attributes": [],
          "private": "bnVsbA==",
          "dependencies": [
            "module.branch-dp-folder.data.google_folder.folder",
            "module.branch-dp-folder.google_folder.folder",
            "module.branch-dp-folder.google_folder_iam_binding.authoritative",
            "module.branch-dp-folder.google_org_policy_policy.default",
            "module.branch-dp-prod-folder.data.google_folder.folder",
            "module.branch-dp-prod-folder.google_folder.folder",
            "module.branch-dp-prod-sa.data.google_service_account.service_account",
            "module.branch-dp-prod-sa.google_service_account.service_account"
          ]
        },
        {
          "index_key": "roles/logging.admin",
          "schema_version": 0,
          "attributes": {
            "condition": [],
            "etag": "BwX6xubecb0=",
            "folder": "folders/751176876210",
            "id": "folders/751176876210/roles/logging.admin",
            "members": [
              "serviceAccount:nyx-prod-resman-dp-0@nyx-prod-iac-core-0.iam.gserviceaccount.com"
            ],
            "role": "roles/logging.admin"
          },
          "sensitive_attributes": [],
          "private": "bnVsbA==",
          "dependencies": [
            "module.branch-dp-folder.data.google_folder.folder",
            "module.branch-dp-folder.google_folder.folder",
            "module.branch-dp-folder.google_folder_iam_binding.authoritative",
            "module.branch-dp-folder.google_org_policy_policy.default",
            "module.branch-dp-prod-folder.data.google_folder.folder",
            "module.branch-dp-prod-folder.google_folder.folder",
            "module.branch-dp-prod-sa.data.google_service_account.service_account",
            "module.branch-dp-prod-sa.google_service_account.service_account"
          ]
        },
        {
          "index_key": "roles/owner",
          "schema_version": 0,
          "attributes": {
            "condition": [],
            "etag": "BwX6xubecb0=",
            "folder": "folders/751176876210",
            "id": "folders/751176876210/roles/owner",
            "members": [
              "serviceAccount:nyx-prod-resman-dp-0@nyx-prod-iac-core-0.iam.gserviceaccount.com"
            ],
            "role": "roles/owner"
          },
          "sensitive_attributes": [],
          "private": "bnVsbA==",
          "dependencies": [
            "module.branch-dp-folder.data.google_folder.folder",
            "module.branch-dp-folder.google_folder.folder",
            "module.branch-dp-folder.google_folder_iam_binding.authoritative",
            "module.branch-dp-folder.google_org_policy_policy.default",
            "module.branch-dp-prod-folder.data.google_folder.folder",
            "module.branch-dp-prod-folder.google_folder.folder",
            "module.branch-dp-prod-sa.data.google_service_account.service_account",
            "module.branch-dp-prod-sa.google_service_account.service_account"
          ]
        },
        {
          "index_key": "roles/resourcemanager.folderAdmin",
          "schema_version": 0,
          "attributes": {
            "condition": [],
            "etag": "BwX6xubecb0=",
            "folder": "folders/751176876210",
            "id": "folders/751176876210/roles/resourcemanager.folderAdmin",
            "members": [
              "serviceAccount:nyx-prod-resman-dp-0@nyx-prod-iac-core-0.iam.gserviceaccount.com"
            ],
            "role": "roles/resourcemanager.folderAdmin"
          },
          "sensitive_attributes": [],
          "private": "bnVsbA==",
          "dependencies": [
            "module.branch-dp-folder.data.google_folder.folder",
            "module.branch-dp-folder.google_folder.folder",
            "module.branch-dp-folder.google_folder_iam_binding.authoritative",
            "module.branch-dp-folder.google_org_policy_policy.default",
            "module.branch-dp-prod-folder.data.google_folder.folder",
            "module.branch-dp-prod-folder.google_folder.folder",
            "module.branch-dp-prod-sa.data.google_service_account.service_account",
            "module.branch-dp-prod-sa.google_service_account.service_account"
          ]
        },
        {
          "index_key": "roles/resourcemanager.projectCreator",
          "schema_version": 0,
          "attributes": {
            "condition": [],
            "etag": "BwX6xubecb0=",
            "folder": "folders/751176876210",
            "id": "folders/751176876210/roles/resourcemanager.projectCreator",
            "members": [
              "serviceAccount:nyx-prod-resman-dp-0@nyx-prod-iac-core-0.iam.gserviceaccount.com"
            ],
            "role": "roles/resourcemanager.projectCreator"
          },
          "sensitive_attributes": [],
          "private": "bnVsbA==",
          "dependencies": [
            "module.branch-dp-folder.data.google_folder.folder",
            "module.branch-dp-folder.google_folder.folder",
            "module.branch-dp-folder.google_folder_iam_binding.authoritative",
            "module.branch-dp-folder.google_org_policy_policy.default",
            "module.branch-dp-prod-folder.data.google_folder.folder",
            "module.branch-dp-prod-folder.google_folder.folder",
            "module.branch-dp-prod-sa.data.google_service_account.service_account",
            "module.branch-dp-prod-sa.google_service_account.service_account"
          ]
        }
      ]
    },
    {
      "module": "module.branch-dp-prod-folder[0]",
      "mode": "managed",
      "type": "google_org_policy_policy",
      "name": "default",
      "provider": "provider[\"registry.terraform.io/hashicorp/google\"]",
      "instances": []
    },
    {
      "module": "module.branch-dp-prod-gcs[0]",
      "mode": "managed",
      "type": "google_storage_bucket",
      "name": "bucket",
      "provider": "provider[\"registry.terraform.io/hashicorp/google\"]",
      "instances": [
        {
          "schema_version": 0,
          "attributes": {
            "autoclass": [],
            "cors": [],
            "custom_placement_config": [],
            "default_event_based_hold": false,
            "encryption": [],
            "force_destroy": false,
            "id": "nyx-prod-resman-dp-0",
            "labels": {},
            "lifecycle_rule": [],
            "location": "US",
            "logging": [],
            "name": "nyx-prod-resman-dp-0",
            "project": "nyx-prod-iac-core-0",
            "public_access_prevention": "inherited",
            "requester_pays": false,
            "retention_policy": [],
            "self_link": "https://www.googleapis.com/storage/v1/b/nyx-prod-resman-dp-0",
            "storage_class": "MULTI_REGIONAL",
            "timeouts": null,
            "uniform_bucket_level_access": true,
            "url": "gs://nyx-prod-resman-dp-0",
            "versioning": [
              {
                "enabled": true
              }
            ],
            "website": []
          },
          "sensitive_attributes": [],
          "private": "eyJlMmJmYjczMC1lY2FhLTExZTYtOGY4OC0zNDM2M2JjN2M0YzAiOnsiY3JlYXRlIjo2MDAwMDAwMDAwMDAsInJlYWQiOjI0MDAwMDAwMDAwMCwidXBkYXRlIjoyNDAwMDAwMDAwMDB9fQ=="
        }
      ]
    },
    {
      "module": "module.branch-dp-prod-gcs[0]",
      "mode": "managed",
      "type": "google_storage_bucket_iam_binding",
      "name": "bindings",
      "provider": "provider[\"registry.terraform.io/hashicorp/google\"]",
      "instances": [
        {
          "index_key": "roles/storage.objectAdmin",
          "schema_version": 0,
          "attributes": {
            "bucket": "b/nyx-prod-resman-dp-0",
            "condition": [],
            "etag": "CAI=",
            "id": "b/nyx-prod-resman-dp-0/roles/storage.objectAdmin",
            "members": [
              "serviceAccount:nyx-prod-resman-dp-0@nyx-prod-iac-core-0.iam.gserviceaccount.com"
            ],
            "role": "roles/storage.objectAdmin"
          },
          "sensitive_attributes": [],
          "private": "bnVsbA==",
          "dependencies": [
            "module.branch-dp-prod-gcs.google_storage_bucket.bucket",
            "module.branch-dp-prod-sa.data.google_service_account.service_account",
            "module.branch-dp-prod-sa.google_service_account.service_account"
          ]
        }
      ]
    },
    {
      "module": "module.branch-dp-prod-sa[0]",
      "mode": "data",
      "type": "google_service_account",
      "name": "service_account",
      "provider": "provider[\"registry.terraform.io/hashicorp/google\"]",
      "instances": []
    },
    {
      "module": "module.branch-dp-prod-sa[0]",
      "mode": "managed",
      "type": "google_service_account",
      "name": "service_account",
      "provider": "provider[\"registry.terraform.io/hashicorp/google\"]",
      "instances": [
        {
          "index_key": 0,
          "schema_version": 0,
          "attributes": {
            "account_id": "nyx-prod-resman-dp-0",
            "description": "",
            "disabled": false,
            "display_name": "Terraform data platform production service account.",
            "email": "nyx-prod-resman-dp-0@nyx-prod-iac-core-0.iam.gserviceaccount.com",
            "id": "projects/nyx-prod-iac-core-0/serviceAccounts/nyx-prod-resman-dp-0@nyx-prod-iac-core-0.iam.gserviceaccount.com",
            "member": "serviceAccount:nyx-prod-resman-dp-0@nyx-prod-iac-core-0.iam.gserviceaccount.com",
            "name": "projects/nyx-prod-iac-core-0/serviceAccounts/nyx-prod-resman-dp-0@nyx-prod-iac-core-0.iam.gserviceaccount.com",
            "project": "nyx-prod-iac-core-0",
            "timeouts": null,
            "unique_id": "111667566658489538108"
          },
          "sensitive_attributes": [],
          "private": "eyJlMmJmYjczMC1lY2FhLTExZTYtOGY4OC0zNDM2M2JjN2M0YzAiOnsiY3JlYXRlIjozMDAwMDAwMDAwMDB9fQ=="
        }
      ]
    },
    {
      "module": "module.branch-dp-prod-sa[0]",
      "mode": "managed",
      "type": "google_service_account_iam_binding",
      "name": "roles",
      "provider": "provider[\"registry.terraform.io/hashicorp/google\"]",
      "instances": [
        {
          "index_key": "roles/iam.serviceAccountTokenCreator",
          "schema_version": 0,
          "attributes": {
            "condition": [],
            "etag": null,
            "id": "projects/nyx-prod-iac-core-0/serviceAccounts/nyx-prod-resman-dp-0@nyx-prod-iac-core-0.iam.gserviceaccount.com/roles/iam.serviceAccountTokenCreator",
            "members": [],
            "role": "roles/iam.serviceAccountTokenCreator",
            "service_account_id": "projects/nyx-prod-iac-core-0/serviceAccounts/nyx-prod-resman-dp-0@nyx-prod-iac-core-0.iam.gserviceaccount.com"
          },
          "sensitive_attributes": [],
          "private": "bnVsbA==",
          "dependencies": [
            "module.branch-dp-prod-sa-cicd.data.google_service_account.service_account",
            "module.branch-dp-prod-sa-cicd.google_service_account.service_account",
            "module.branch-dp-prod-sa.data.google_service_account.service_account",
            "module.branch-dp-prod-sa.google_service_account.service_account"
          ]
        }
      ]
    },
    {
      "module": "module.branch-dp-prod-sa[0]",
      "mode": "managed",
      "type": "google_storage_bucket_iam_member",
      "name": "bucket-roles",
      "provider": "provider[\"registry.terraform.io/hashicorp/google\"]",
      "instances": [
        {
          "index_key": "nyx-prod-iac-core-outputs-0-roles/storage.objectAdmin",
          "schema_version": 0,
          "attributes": {
            "bucket": "b/nyx-prod-iac-core-outputs-0",
            "condition": [],
            "etag": "CAo=",
            "id": "b/nyx-prod-iac-core-outputs-0/roles/storage.objectAdmin/serviceAccount:nyx-prod-resman-dp-0@nyx-prod-iac-core-0.iam.gserviceaccount.com",
            "member": "serviceAccount:nyx-prod-resman-dp-0@nyx-prod-iac-core-0.iam.gserviceaccount.com",
            "role": "roles/storage.objectAdmin"
          },
          "sensitive_attributes": [],
          "private": "bnVsbA==",
          "dependencies": [
            "module.branch-dp-prod-sa.data.google_service_account.service_account",
            "module.branch-dp-prod-sa.google_service_account.service_account"
          ]
        }
      ]
    },
    {
      "module": "module.branch-network-dev-folder",
      "mode": "data",
      "type": "google_folder",
      "name": "folder",
      "provider": "provider[\"registry.terraform.io/hashicorp/google\"]",
      "instances": []
    },
    {
      "module": "module.branch-network-dev-folder",
      "mode": "managed",
      "type": "google_folder",
      "name": "folder",
      "provider": "provider[\"registry.terraform.io/hashicorp/google\"]",
      "instances": []
    },
    {
      "module": "module.branch-network-dev-folder",
      "mode": "managed",
      "type": "google_folder_iam_binding",
      "name": "authoritative",
      "provider": "provider[\"registry.terraform.io/hashicorp/google\"]",
      "instances": []
    },
    {
      "module": "module.branch-network-folder",
      "mode": "data",
      "type": "google_folder",
      "name": "folder",
      "provider": "provider[\"registry.terraform.io/hashicorp/google\"]",
      "instances": []
    },
    {
      "module": "module.branch-network-folder",
      "mode": "managed",
      "type": "google_folder",
      "name": "folder",
      "provider": "provider[\"registry.terraform.io/hashicorp/google\"]",
      "instances": [
        {
          "index_key": 0,
          "schema_version": 0,
          "attributes": {
            "create_time": "2023-05-03T09:59:27.393Z",
            "display_name": "Networking",
            "folder_id": "612036862059",
            "id": "folders/612036862059",
            "lifecycle_state": "ACTIVE",
            "name": "folders/612036862059",
            "parent": "organizations/1068395049087",
            "timeouts": null
          },
          "sensitive_attributes": [],
          "private": "eyJlMmJmYjczMC1lY2FhLTExZTYtOGY4OC0zNDM2M2JjN2M0YzAiOnsiY3JlYXRlIjoyNDAwMDAwMDAwMDAsImRlbGV0ZSI6MjQwMDAwMDAwMDAwLCJyZWFkIjoyNDAwMDAwMDAwMDAsInVwZGF0ZSI6MjQwMDAwMDAwMDAwfX0="
        }
      ]
    },
    {
      "module": "module.branch-network-folder",
      "mode": "managed",
      "type": "google_folder_iam_binding",
      "name": "authoritative",
      "provider": "provider[\"registry.terraform.io/hashicorp/google\"]",
      "instances": [
        {
          "index_key": "roles/compute.xpnAdmin",
          "status": "tainted",
          "schema_version": 0,
          "attributes": {
            "condition": [],
            "etag": null,
            "folder": "folders/612036862059",
            "id": "folders/612036862059/roles/compute.xpnAdmin",
            "members": [
              "serviceAccount:nyx-prod-resman-net-0@nyx-prod-iac-core-0.iam.gserviceaccount.com"
            ],
            "role": "roles/compute.xpnAdmin"
          },
          "sensitive_attributes": [],
          "private": "bnVsbA==",
          "dependencies": [
            "module.branch-network-folder.data.google_folder.folder",
            "module.branch-network-folder.google_folder.folder",
            "module.branch-network-sa.data.google_service_account.service_account",
            "module.branch-network-sa.google_service_account.service_account"
          ]
        },
        {
          "index_key": "roles/editor",
          "schema_version": 0,
          "attributes": {
            "condition": [],
            "etag": "BwX6xx8ESck=",
            "folder": "folders/612036862059",
            "id": "folders/612036862059/roles/editor",
            "members": [
              "group:gcp-network-admins@obol.app"
            ],
            "role": "roles/editor"
          },
          "sensitive_attributes": [],
          "private": "bnVsbA==",
          "dependencies": [
            "module.branch-network-folder.data.google_folder.folder",
            "module.branch-network-folder.google_folder.folder",
            "module.branch-network-sa.data.google_service_account.service_account",
            "module.branch-network-sa.google_service_account.service_account"
          ]
        },
        {
          "index_key": "roles/logging.admin",
          "schema_version": 0,
          "attributes": {
            "condition": [],
            "etag": "BwX6xx8ESck=",
            "folder": "folders/612036862059",
            "id": "folders/612036862059/roles/logging.admin",
            "members": [
              "serviceAccount:nyx-prod-resman-net-0@nyx-prod-iac-core-0.iam.gserviceaccount.com"
            ],
            "role": "roles/logging.admin"
          },
          "sensitive_attributes": [],
          "private": "bnVsbA==",
          "dependencies": [
            "module.branch-network-folder.data.google_folder.folder",
            "module.branch-network-folder.google_folder.folder",
            "module.branch-network-sa.data.google_service_account.service_account",
            "module.branch-network-sa.google_service_account.service_account"
          ]
        },
        {
          "index_key": "roles/owner",
          "schema_version": 0,
          "attributes": {
            "condition": [],
            "etag": "BwX6xx2luOc=",
            "folder": "folders/612036862059",
            "id": "folders/612036862059/roles/owner",
            "members": [
              "serviceAccount:nyx-prod-resman-net-0@nyx-prod-iac-core-0.iam.gserviceaccount.com"
            ],
            "role": "roles/owner"
          },
          "sensitive_attributes": [],
          "private": "bnVsbA==",
          "dependencies": [
            "module.branch-network-folder.data.google_folder.folder",
            "module.branch-network-folder.google_folder.folder",
            "module.branch-network-sa.data.google_service_account.service_account",
            "module.branch-network-sa.google_service_account.service_account"
          ]
        },
        {
          "index_key": "roles/resourcemanager.folderAdmin",
          "schema_version": 0,
          "attributes": {
            "condition": [],
            "etag": "BwX6xx8ESck=",
            "folder": "folders/612036862059",
            "id": "folders/612036862059/roles/resourcemanager.folderAdmin",
            "members": [
              "serviceAccount:nyx-prod-resman-net-0@nyx-prod-iac-core-0.iam.gserviceaccount.com"
            ],
            "role": "roles/resourcemanager.folderAdmin"
          },
          "sensitive_attributes": [],
          "private": "bnVsbA==",
          "dependencies": [
            "module.branch-network-folder.data.google_folder.folder",
            "module.branch-network-folder.google_folder.folder",
            "module.branch-network-sa.data.google_service_account.service_account",
            "module.branch-network-sa.google_service_account.service_account"
          ]
        },
        {
          "index_key": "roles/resourcemanager.projectCreator",
          "schema_version": 0,
          "attributes": {
            "condition": [],
            "etag": "BwX6xx8ESck=",
            "folder": "folders/612036862059",
            "id": "folders/612036862059/roles/resourcemanager.projectCreator",
            "members": [
              "serviceAccount:nyx-prod-resman-net-0@nyx-prod-iac-core-0.iam.gserviceaccount.com"
            ],
            "role": "roles/resourcemanager.projectCreator"
          },
          "sensitive_attributes": [],
          "private": "bnVsbA==",
          "dependencies": [
            "module.branch-network-folder.data.google_folder.folder",
            "module.branch-network-folder.google_folder.folder",
            "module.branch-network-sa.data.google_service_account.service_account",
            "module.branch-network-sa.google_service_account.service_account"
          ]
        }
      ]
    },
    {
      "module": "module.branch-network-folder",
      "mode": "managed",
      "type": "google_org_policy_policy",
      "name": "default",
      "provider": "provider[\"registry.terraform.io/hashicorp/google\"]",
      "instances": []
    },
    {
      "module": "module.branch-network-gcs",
      "mode": "managed",
      "type": "google_storage_bucket",
      "name": "bucket",
      "provider": "provider[\"registry.terraform.io/hashicorp/google\"]",
      "instances": [
        {
          "schema_version": 0,
          "attributes": {
            "autoclass": [],
            "cors": [],
            "custom_placement_config": [],
            "default_event_based_hold": false,
            "encryption": [],
            "force_destroy": false,
            "id": "nyx-prod-resman-net-0",
            "labels": {},
            "lifecycle_rule": [],
            "location": "US",
            "logging": [],
            "name": "nyx-prod-resman-net-0",
            "project": "nyx-prod-iac-core-0",
            "public_access_prevention": "inherited",
            "requester_pays": false,
            "retention_policy": [],
            "self_link": "https://www.googleapis.com/storage/v1/b/nyx-prod-resman-net-0",
            "storage_class": "MULTI_REGIONAL",
            "timeouts": null,
            "uniform_bucket_level_access": true,
            "url": "gs://nyx-prod-resman-net-0",
            "versioning": [
              {
                "enabled": true
              }
            ],
            "website": []
          },
          "sensitive_attributes": [],
          "private": "eyJlMmJmYjczMC1lY2FhLTExZTYtOGY4OC0zNDM2M2JjN2M0YzAiOnsiY3JlYXRlIjo2MDAwMDAwMDAwMDAsInJlYWQiOjI0MDAwMDAwMDAwMCwidXBkYXRlIjoyNDAwMDAwMDAwMDB9fQ=="
        }
      ]
    },
    {
      "module": "module.branch-network-gcs",
      "mode": "managed",
      "type": "google_storage_bucket_iam_binding",
      "name": "bindings",
      "provider": "provider[\"registry.terraform.io/hashicorp/google\"]",
      "instances": [
        {
          "index_key": "roles/storage.objectAdmin",
          "schema_version": 0,
          "attributes": {
            "bucket": "b/nyx-prod-resman-net-0",
            "condition": [],
            "etag": "CAI=",
            "id": "b/nyx-prod-resman-net-0/roles/storage.objectAdmin",
            "members": [
              "serviceAccount:nyx-prod-resman-net-0@nyx-prod-iac-core-0.iam.gserviceaccount.com"
            ],
            "role": "roles/storage.objectAdmin"
          },
          "sensitive_attributes": [],
          "private": "bnVsbA==",
          "dependencies": [
            "module.branch-network-gcs.google_storage_bucket.bucket",
            "module.branch-network-sa.data.google_service_account.service_account",
            "module.branch-network-sa.google_service_account.service_account"
          ]
        }
      ]
    },
    {
      "module": "module.branch-network-prod-folder",
      "mode": "data",
      "type": "google_folder",
      "name": "folder",
      "provider": "provider[\"registry.terraform.io/hashicorp/google\"]",
      "instances": []
    },
    {
      "module": "module.branch-network-prod-folder",
      "mode": "managed",
      "type": "google_folder",
      "name": "folder",
      "provider": "provider[\"registry.terraform.io/hashicorp/google\"]",
      "instances": []
    },
    {
      "module": "module.branch-network-prod-folder",
      "mode": "managed",
      "type": "google_folder_iam_binding",
      "name": "authoritative",
      "provider": "provider[\"registry.terraform.io/hashicorp/google\"]",
      "instances": []
    },
    {
      "module": "module.branch-network-sa",
      "mode": "data",
      "type": "google_service_account",
      "name": "service_account",
      "provider": "provider[\"registry.terraform.io/hashicorp/google\"]",
      "instances": []
    },
    {
      "module": "module.branch-network-sa",
      "mode": "managed",
      "type": "google_service_account",
      "name": "service_account",
      "provider": "provider[\"registry.terraform.io/hashicorp/google\"]",
      "instances": [
        {
          "index_key": 0,
          "schema_version": 0,
          "attributes": {
            "account_id": "nyx-prod-resman-net-0",
            "description": "",
            "disabled": false,
            "display_name": "Terraform resman networking service account.",
            "email": "nyx-prod-resman-net-0@nyx-prod-iac-core-0.iam.gserviceaccount.com",
            "id": "projects/nyx-prod-iac-core-0/serviceAccounts/nyx-prod-resman-net-0@nyx-prod-iac-core-0.iam.gserviceaccount.com",
            "member": "serviceAccount:nyx-prod-resman-net-0@nyx-prod-iac-core-0.iam.gserviceaccount.com",
            "name": "projects/nyx-prod-iac-core-0/serviceAccounts/nyx-prod-resman-net-0@nyx-prod-iac-core-0.iam.gserviceaccount.com",
            "project": "nyx-prod-iac-core-0",
            "timeouts": null,
            "unique_id": "109224442517530404432"
          },
          "sensitive_attributes": [],
          "private": "eyJlMmJmYjczMC1lY2FhLTExZTYtOGY4OC0zNDM2M2JjN2M0YzAiOnsiY3JlYXRlIjozMDAwMDAwMDAwMDB9fQ=="
        }
      ]
    },
    {
      "module": "module.branch-network-sa",
      "mode": "managed",
      "type": "google_service_account_iam_binding",
      "name": "roles",
      "provider": "provider[\"registry.terraform.io/hashicorp/google\"]",
      "instances": [
        {
          "index_key": "roles/iam.serviceAccountTokenCreator",
          "schema_version": 0,
          "attributes": {
            "condition": [],
            "etag": null,
            "id": "projects/nyx-prod-iac-core-0/serviceAccounts/nyx-prod-resman-net-0@nyx-prod-iac-core-0.iam.gserviceaccount.com/roles/iam.serviceAccountTokenCreator",
            "members": [],
            "role": "roles/iam.serviceAccountTokenCreator",
            "service_account_id": "projects/nyx-prod-iac-core-0/serviceAccounts/nyx-prod-resman-net-0@nyx-prod-iac-core-0.iam.gserviceaccount.com"
          },
          "sensitive_attributes": [],
          "private": "bnVsbA==",
          "dependencies": [
            "module.branch-network-sa-cicd.data.google_service_account.service_account",
            "module.branch-network-sa-cicd.google_service_account.service_account",
            "module.branch-network-sa.data.google_service_account.service_account",
            "module.branch-network-sa.google_service_account.service_account"
          ]
        }
      ]
    },
    {
      "module": "module.branch-network-sa",
      "mode": "managed",
      "type": "google_storage_bucket_iam_member",
      "name": "bucket-roles",
      "provider": "provider[\"registry.terraform.io/hashicorp/google\"]",
      "instances": [
        {
          "index_key": "nyx-prod-iac-core-outputs-0-roles/storage.objectAdmin",
          "schema_version": 0,
          "attributes": {
            "bucket": "b/nyx-prod-iac-core-outputs-0",
            "condition": [],
            "etag": "CAo=",
            "id": "b/nyx-prod-iac-core-outputs-0/roles/storage.objectAdmin/serviceAccount:nyx-prod-resman-net-0@nyx-prod-iac-core-0.iam.gserviceaccount.com",
            "member": "serviceAccount:nyx-prod-resman-net-0@nyx-prod-iac-core-0.iam.gserviceaccount.com",
            "role": "roles/storage.objectAdmin"
          },
          "sensitive_attributes": [],
          "private": "bnVsbA==",
          "dependencies": [
            "module.branch-network-sa.data.google_service_account.service_account",
            "module.branch-network-sa.google_service_account.service_account"
          ]
        }
      ]
    },
    {
      "module": "module.branch-pf-dev-gcs[0]",
      "mode": "managed",
      "type": "google_storage_bucket",
      "name": "bucket",
      "provider": "provider[\"registry.terraform.io/hashicorp/google\"]",
      "instances": [
        {
          "schema_version": 0,
          "attributes": {
            "autoclass": [],
            "cors": [],
            "custom_placement_config": [],
            "default_event_based_hold": false,
            "encryption": [],
            "force_destroy": false,
            "id": "nyx-dev-resman-pf-0",
            "labels": {},
            "lifecycle_rule": [],
            "location": "US",
            "logging": [],
            "name": "nyx-dev-resman-pf-0",
            "project": "nyx-prod-iac-core-0",
            "public_access_prevention": "inherited",
            "requester_pays": false,
            "retention_policy": [],
            "self_link": "https://www.googleapis.com/storage/v1/b/nyx-dev-resman-pf-0",
            "storage_class": "MULTI_REGIONAL",
            "timeouts": null,
            "uniform_bucket_level_access": true,
            "url": "gs://nyx-dev-resman-pf-0",
            "versioning": [
              {
                "enabled": true
              }
            ],
            "website": []
          },
          "sensitive_attributes": [],
          "private": "eyJlMmJmYjczMC1lY2FhLTExZTYtOGY4OC0zNDM2M2JjN2M0YzAiOnsiY3JlYXRlIjo2MDAwMDAwMDAwMDAsInJlYWQiOjI0MDAwMDAwMDAwMCwidXBkYXRlIjoyNDAwMDAwMDAwMDB9fQ=="
        }
      ]
    },
    {
      "module": "module.branch-pf-dev-gcs[0]",
      "mode": "managed",
      "type": "google_storage_bucket_iam_binding",
      "name": "bindings",
      "provider": "provider[\"registry.terraform.io/hashicorp/google\"]",
      "instances": [
        {
          "index_key": "roles/storage.objectAdmin",
          "schema_version": 0,
          "attributes": {
            "bucket": "b/nyx-dev-resman-pf-0",
            "condition": [],
            "etag": "CAI=",
            "id": "b/nyx-dev-resman-pf-0/roles/storage.objectAdmin",
            "members": [
              "serviceAccount:nyx-dev-resman-pf-0@nyx-prod-iac-core-0.iam.gserviceaccount.com"
            ],
            "role": "roles/storage.objectAdmin"
          },
          "sensitive_attributes": [],
          "private": "bnVsbA==",
          "dependencies": [
            "module.branch-pf-dev-gcs.google_storage_bucket.bucket",
            "module.branch-pf-dev-sa.data.google_service_account.service_account",
            "module.branch-pf-dev-sa.google_service_account.service_account"
          ]
        }
      ]
    },
    {
      "module": "module.branch-pf-dev-sa[0]",
      "mode": "data",
      "type": "google_service_account",
      "name": "service_account",
      "provider": "provider[\"registry.terraform.io/hashicorp/google\"]",
      "instances": []
    },
    {
      "module": "module.branch-pf-dev-sa[0]",
      "mode": "managed",
      "type": "google_service_account",
      "name": "service_account",
      "provider": "provider[\"registry.terraform.io/hashicorp/google\"]",
      "instances": [
        {
          "index_key": 0,
          "schema_version": 0,
          "attributes": {
            "account_id": "nyx-dev-resman-pf-0",
            "description": "",
            "disabled": false,
            "display_name": "Terraform project factory development service account.",
            "email": "nyx-dev-resman-pf-0@nyx-prod-iac-core-0.iam.gserviceaccount.com",
            "id": "projects/nyx-prod-iac-core-0/serviceAccounts/nyx-dev-resman-pf-0@nyx-prod-iac-core-0.iam.gserviceaccount.com",
            "member": "serviceAccount:nyx-dev-resman-pf-0@nyx-prod-iac-core-0.iam.gserviceaccount.com",
            "name": "projects/nyx-prod-iac-core-0/serviceAccounts/nyx-dev-resman-pf-0@nyx-prod-iac-core-0.iam.gserviceaccount.com",
            "project": "nyx-prod-iac-core-0",
            "timeouts": null,
            "unique_id": "106314177817176825016"
          },
          "sensitive_attributes": [],
          "private": "eyJlMmJmYjczMC1lY2FhLTExZTYtOGY4OC0zNDM2M2JjN2M0YzAiOnsiY3JlYXRlIjozMDAwMDAwMDAwMDB9fQ=="
        }
      ]
    },
    {
      "module": "module.branch-pf-dev-sa[0]",
      "mode": "managed",
      "type": "google_service_account_iam_binding",
      "name": "roles",
      "provider": "provider[\"registry.terraform.io/hashicorp/google\"]",
      "instances": [
        {
          "index_key": "roles/iam.serviceAccountTokenCreator",
          "schema_version": 0,
          "attributes": {
            "condition": [],
            "etag": null,
            "id": "projects/nyx-prod-iac-core-0/serviceAccounts/nyx-dev-resman-pf-0@nyx-prod-iac-core-0.iam.gserviceaccount.com/roles/iam.serviceAccountTokenCreator",
            "members": [],
            "role": "roles/iam.serviceAccountTokenCreator",
            "service_account_id": "projects/nyx-prod-iac-core-0/serviceAccounts/nyx-dev-resman-pf-0@nyx-prod-iac-core-0.iam.gserviceaccount.com"
          },
          "sensitive_attributes": [],
          "private": "bnVsbA==",
          "dependencies": [
            "module.branch-pf-dev-sa-cicd.data.google_service_account.service_account",
            "module.branch-pf-dev-sa-cicd.google_service_account.service_account",
            "module.branch-pf-dev-sa.data.google_service_account.service_account",
            "module.branch-pf-dev-sa.google_service_account.service_account"
          ]
        }
      ]
    },
    {
      "module": "module.branch-pf-dev-sa[0]",
      "mode": "managed",
      "type": "google_storage_bucket_iam_member",
      "name": "bucket-roles",
      "provider": "provider[\"registry.terraform.io/hashicorp/google\"]",
      "instances": [
        {
          "index_key": "nyx-prod-iac-core-outputs-0-roles/storage.objectAdmin",
          "schema_version": 0,
          "attributes": {
            "bucket": "b/nyx-prod-iac-core-outputs-0",
            "condition": [],
            "etag": "CAo=",
            "id": "b/nyx-prod-iac-core-outputs-0/roles/storage.objectAdmin/serviceAccount:nyx-dev-resman-pf-0@nyx-prod-iac-core-0.iam.gserviceaccount.com",
            "member": "serviceAccount:nyx-dev-resman-pf-0@nyx-prod-iac-core-0.iam.gserviceaccount.com",
            "role": "roles/storage.objectAdmin"
          },
          "sensitive_attributes": [],
          "private": "bnVsbA==",
          "dependencies": [
            "module.branch-pf-dev-sa.data.google_service_account.service_account",
            "module.branch-pf-dev-sa.google_service_account.service_account"
          ]
        }
      ]
    },
    {
      "module": "module.branch-pf-prod-gcs[0]",
      "mode": "managed",
      "type": "google_storage_bucket",
      "name": "bucket",
      "provider": "provider[\"registry.terraform.io/hashicorp/google\"]",
      "instances": [
        {
          "schema_version": 0,
          "attributes": {
            "autoclass": [],
            "cors": [],
            "custom_placement_config": [],
            "default_event_based_hold": false,
            "encryption": [],
            "force_destroy": false,
            "id": "nyx-prod-resman-pf-0",
            "labels": {},
            "lifecycle_rule": [],
            "location": "US",
            "logging": [],
            "name": "nyx-prod-resman-pf-0",
            "project": "nyx-prod-iac-core-0",
            "public_access_prevention": "inherited",
            "requester_pays": false,
            "retention_policy": [],
            "self_link": "https://www.googleapis.com/storage/v1/b/nyx-prod-resman-pf-0",
            "storage_class": "MULTI_REGIONAL",
            "timeouts": null,
            "uniform_bucket_level_access": true,
            "url": "gs://nyx-prod-resman-pf-0",
            "versioning": [
              {
                "enabled": true
              }
            ],
            "website": []
          },
          "sensitive_attributes": [],
          "private": "eyJlMmJmYjczMC1lY2FhLTExZTYtOGY4OC0zNDM2M2JjN2M0YzAiOnsiY3JlYXRlIjo2MDAwMDAwMDAwMDAsInJlYWQiOjI0MDAwMDAwMDAwMCwidXBkYXRlIjoyNDAwMDAwMDAwMDB9fQ=="
        }
      ]
    },
    {
      "module": "module.branch-pf-prod-gcs[0]",
      "mode": "managed",
      "type": "google_storage_bucket_iam_binding",
      "name": "bindings",
      "provider": "provider[\"registry.terraform.io/hashicorp/google\"]",
      "instances": [
        {
          "index_key": "roles/storage.objectAdmin",
          "schema_version": 0,
          "attributes": {
            "bucket": "b/nyx-prod-resman-pf-0",
            "condition": [],
            "etag": "CAI=",
            "id": "b/nyx-prod-resman-pf-0/roles/storage.objectAdmin",
            "members": [
              "serviceAccount:nyx-prod-resman-pf-0@nyx-prod-iac-core-0.iam.gserviceaccount.com"
            ],
            "role": "roles/storage.objectAdmin"
          },
          "sensitive_attributes": [],
          "private": "bnVsbA==",
          "dependencies": [
            "module.branch-pf-prod-gcs.google_storage_bucket.bucket",
            "module.branch-pf-prod-sa.data.google_service_account.service_account",
            "module.branch-pf-prod-sa.google_service_account.service_account"
          ]
        }
      ]
    },
    {
      "module": "module.branch-pf-prod-sa[0]",
      "mode": "data",
      "type": "google_service_account",
      "name": "service_account",
      "provider": "provider[\"registry.terraform.io/hashicorp/google\"]",
      "instances": []
    },
    {
      "module": "module.branch-pf-prod-sa[0]",
      "mode": "managed",
      "type": "google_service_account",
      "name": "service_account",
      "provider": "provider[\"registry.terraform.io/hashicorp/google\"]",
      "instances": [
        {
          "index_key": 0,
          "schema_version": 0,
          "attributes": {
            "account_id": "nyx-prod-resman-pf-0",
            "description": "",
            "disabled": false,
            "display_name": "Terraform project factory production service account.",
            "email": "nyx-prod-resman-pf-0@nyx-prod-iac-core-0.iam.gserviceaccount.com",
            "id": "projects/nyx-prod-iac-core-0/serviceAccounts/nyx-prod-resman-pf-0@nyx-prod-iac-core-0.iam.gserviceaccount.com",
            "member": "serviceAccount:nyx-prod-resman-pf-0@nyx-prod-iac-core-0.iam.gserviceaccount.com",
            "name": "projects/nyx-prod-iac-core-0/serviceAccounts/nyx-prod-resman-pf-0@nyx-prod-iac-core-0.iam.gserviceaccount.com",
            "project": "nyx-prod-iac-core-0",
            "timeouts": null,
            "unique_id": "110723477709849139662"
          },
          "sensitive_attributes": [],
          "private": "eyJlMmJmYjczMC1lY2FhLTExZTYtOGY4OC0zNDM2M2JjN2M0YzAiOnsiY3JlYXRlIjozMDAwMDAwMDAwMDB9fQ=="
        }
      ]
    },
    {
      "module": "module.branch-pf-prod-sa[0]",
      "mode": "managed",
      "type": "google_service_account_iam_binding",
      "name": "roles",
      "provider": "provider[\"registry.terraform.io/hashicorp/google\"]",
      "instances": [
        {
          "index_key": "roles/iam.serviceAccountTokenCreator",
          "schema_version": 0,
          "attributes": {
            "condition": [],
            "etag": null,
            "id": "projects/nyx-prod-iac-core-0/serviceAccounts/nyx-prod-resman-pf-0@nyx-prod-iac-core-0.iam.gserviceaccount.com/roles/iam.serviceAccountTokenCreator",
            "members": [],
            "role": "roles/iam.serviceAccountTokenCreator",
            "service_account_id": "projects/nyx-prod-iac-core-0/serviceAccounts/nyx-prod-resman-pf-0@nyx-prod-iac-core-0.iam.gserviceaccount.com"
          },
          "sensitive_attributes": [],
          "private": "bnVsbA==",
          "dependencies": [
            "module.branch-pf-prod-sa-cicd.data.google_service_account.service_account",
            "module.branch-pf-prod-sa-cicd.google_service_account.service_account",
            "module.branch-pf-prod-sa.data.google_service_account.service_account",
            "module.branch-pf-prod-sa.google_service_account.service_account"
          ]
        }
      ]
    },
    {
      "module": "module.branch-pf-prod-sa[0]",
      "mode": "managed",
      "type": "google_storage_bucket_iam_member",
      "name": "bucket-roles",
      "provider": "provider[\"registry.terraform.io/hashicorp/google\"]",
      "instances": [
        {
          "index_key": "nyx-prod-iac-core-outputs-0-roles/storage.objectAdmin",
          "schema_version": 0,
          "attributes": {
            "bucket": "b/nyx-prod-iac-core-outputs-0",
            "condition": [],
            "etag": "CAo=",
            "id": "b/nyx-prod-iac-core-outputs-0/roles/storage.objectAdmin/serviceAccount:nyx-prod-resman-pf-0@nyx-prod-iac-core-0.iam.gserviceaccount.com",
            "member": "serviceAccount:nyx-prod-resman-pf-0@nyx-prod-iac-core-0.iam.gserviceaccount.com",
            "role": "roles/storage.objectAdmin"
          },
          "sensitive_attributes": [],
          "private": "bnVsbA==",
          "dependencies": [
            "module.branch-pf-prod-sa.data.google_service_account.service_account",
            "module.branch-pf-prod-sa.google_service_account.service_account"
          ]
        }
      ]
    },
    {
      "module": "module.branch-sandbox-folder[0]",
      "mode": "data",
      "type": "google_folder",
      "name": "folder",
      "provider": "provider[\"registry.terraform.io/hashicorp/google\"]",
      "instances": []
    },
    {
      "module": "module.branch-sandbox-folder[0]",
      "mode": "managed",
      "type": "google_folder",
      "name": "folder",
      "provider": "provider[\"registry.terraform.io/hashicorp/google\"]",
      "instances": [
        {
          "index_key": 0,
          "schema_version": 0,
          "attributes": {
            "create_time": "2023-05-03T09:42:16.869Z",
            "display_name": "Sandbox",
            "folder_id": "439054504235",
            "id": "folders/439054504235",
            "lifecycle_state": "ACTIVE",
            "name": "folders/439054504235",
            "parent": "organizations/1068395049087",
            "timeouts": null
          },
          "sensitive_attributes": [],
          "private": "eyJlMmJmYjczMC1lY2FhLTExZTYtOGY4OC0zNDM2M2JjN2M0YzAiOnsiY3JlYXRlIjoyNDAwMDAwMDAwMDAsImRlbGV0ZSI6MjQwMDAwMDAwMDAwLCJyZWFkIjoyNDAwMDAwMDAwMDAsInVwZGF0ZSI6MjQwMDAwMDAwMDAwfX0="
        }
      ]
    },
    {
      "module": "module.branch-sandbox-folder[0]",
      "mode": "managed",
      "type": "google_folder_iam_binding",
      "name": "authoritative",
      "provider": "provider[\"registry.terraform.io/hashicorp/google\"]",
      "instances": [
        {
          "index_key": "roles/logging.admin",
          "schema_version": 0,
          "attributes": {
            "condition": [],
            "etag": "BwX6xuINp50=",
            "folder": "folders/439054504235",
            "id": "folders/439054504235/roles/logging.admin",
            "members": [
              "serviceAccount:nyx-dev-resman-sbox-0@nyx-prod-iac-core-0.iam.gserviceaccount.com"
            ],
            "role": "roles/logging.admin"
          },
          "sensitive_attributes": [],
          "private": "bnVsbA==",
          "dependencies": [
            "module.branch-sandbox-folder.data.google_folder.folder",
            "module.branch-sandbox-folder.google_folder.folder",
            "module.branch-sandbox-sa.data.google_service_account.service_account",
            "module.branch-sandbox-sa.google_service_account.service_account"
          ]
        },
        {
          "index_key": "roles/owner",
          "schema_version": 0,
          "attributes": {
            "condition": [],
            "etag": "BwX6xuINp50=",
            "folder": "folders/439054504235",
            "id": "folders/439054504235/roles/owner",
            "members": [
              "serviceAccount:nyx-dev-resman-sbox-0@nyx-prod-iac-core-0.iam.gserviceaccount.com"
            ],
            "role": "roles/owner"
          },
          "sensitive_attributes": [],
          "private": "bnVsbA==",
          "dependencies": [
            "module.branch-sandbox-folder.data.google_folder.folder",
            "module.branch-sandbox-folder.google_folder.folder",
            "module.branch-sandbox-sa.data.google_service_account.service_account",
            "module.branch-sandbox-sa.google_service_account.service_account"
          ]
        },
        {
          "index_key": "roles/resourcemanager.folderAdmin",
          "schema_version": 0,
          "attributes": {
            "condition": [],
            "etag": "BwX6xuINp50=",
            "folder": "folders/439054504235",
            "id": "folders/439054504235/roles/resourcemanager.folderAdmin",
            "members": [
              "serviceAccount:nyx-dev-resman-sbox-0@nyx-prod-iac-core-0.iam.gserviceaccount.com"
            ],
            "role": "roles/resourcemanager.folderAdmin"
          },
          "sensitive_attributes": [],
          "private": "bnVsbA==",
          "dependencies": [
            "module.branch-sandbox-folder.data.google_folder.folder",
            "module.branch-sandbox-folder.google_folder.folder",
            "module.branch-sandbox-sa.data.google_service_account.service_account",
            "module.branch-sandbox-sa.google_service_account.service_account"
          ]
        },
        {
          "index_key": "roles/resourcemanager.projectCreator",
          "schema_version": 0,
          "attributes": {
            "condition": [],
            "etag": "BwX6xuINp50=",
            "folder": "folders/439054504235",
            "id": "folders/439054504235/roles/resourcemanager.projectCreator",
            "members": [
              "serviceAccount:nyx-dev-resman-sbox-0@nyx-prod-iac-core-0.iam.gserviceaccount.com"
            ],
            "role": "roles/resourcemanager.projectCreator"
          },
          "sensitive_attributes": [],
          "private": "bnVsbA==",
          "dependencies": [
            "module.branch-sandbox-folder.data.google_folder.folder",
            "module.branch-sandbox-folder.google_folder.folder",
            "module.branch-sandbox-sa.data.google_service_account.service_account",
            "module.branch-sandbox-sa.google_service_account.service_account"
          ]
        }
      ]
    },
    {
      "module": "module.branch-sandbox-folder[0]",
      "mode": "managed",
      "type": "google_org_policy_policy",
      "name": "default",
      "provider": "provider[\"registry.terraform.io/hashicorp/google\"]",
      "instances": [
        {
          "index_key": "compute.vmExternalIpAccess",
          "schema_version": 0,
          "attributes": {
            "id": "folders/439054504235/policies/compute.vmExternalIpAccess",
            "name": "folders/439054504235/policies/compute.vmExternalIpAccess",
            "parent": "folders/439054504235",
            "spec": [
              {
                "etag": "CLvZyKIGEOiIpTk=",
                "inherit_from_parent": false,
                "reset": false,
                "rules": [
                  {
                    "allow_all": "TRUE",
                    "condition": [],
                    "deny_all": "",
                    "enforce": "",
                    "values": []
                  }
                ],
                "update_time": "2023-05-03T09:43:23.120145Z"
              }
            ],
            "timeouts": null
          },
          "sensitive_attributes": [],
          "private": "eyJlMmJmYjczMC1lY2FhLTExZTYtOGY4OC0zNDM2M2JjN2M0YzAiOnsiY3JlYXRlIjoxMjAwMDAwMDAwMDAwLCJkZWxldGUiOjEyMDAwMDAwMDAwMDAsInVwZGF0ZSI6MTIwMDAwMDAwMDAwMH19",
          "dependencies": [
            "module.branch-sandbox-folder.data.google_folder.folder",
            "module.branch-sandbox-folder.google_folder.folder"
          ]
        },
        {
          "index_key": "sql.restrictPublicIp",
          "schema_version": 0,
          "attributes": {
            "id": "folders/439054504235/policies/sql.restrictPublicIp",
            "name": "folders/439054504235/policies/sql.restrictPublicIp",
            "parent": "folders/439054504235",
            "spec": [
              {
                "etag": "CL3ZyKIGEPCxqJkB",
                "inherit_from_parent": false,
                "reset": false,
                "rules": [
                  {
                    "allow_all": "",
                    "condition": [],
                    "deny_all": "",
                    "enforce": "FALSE",
                    "values": []
                  }
                ],
                "update_time": "2023-05-03T09:43:25.321526Z"
              }
            ],
            "timeouts": null
          },
          "sensitive_attributes": [],
          "private": "eyJlMmJmYjczMC1lY2FhLTExZTYtOGY4OC0zNDM2M2JjN2M0YzAiOnsiY3JlYXRlIjoxMjAwMDAwMDAwMDAwLCJkZWxldGUiOjEyMDAwMDAwMDAwMDAsInVwZGF0ZSI6MTIwMDAwMDAwMDAwMH19",
          "dependencies": [
            "module.branch-sandbox-folder.data.google_folder.folder",
            "module.branch-sandbox-folder.google_folder.folder"
          ]
        }
      ]
    },
    {
      "module": "module.branch-sandbox-gcs[0]",
      "mode": "managed",
      "type": "google_storage_bucket",
      "name": "bucket",
      "provider": "provider[\"registry.terraform.io/hashicorp/google\"]",
      "instances": [
        {
          "schema_version": 0,
          "attributes": {
            "autoclass": [],
            "cors": [],
            "custom_placement_config": [],
            "default_event_based_hold": false,
            "encryption": [],
            "force_destroy": false,
            "id": "nyx-dev-resman-sbox-0",
            "labels": {},
            "lifecycle_rule": [],
            "location": "US",
            "logging": [],
            "name": "nyx-dev-resman-sbox-0",
            "project": "nyx-prod-iac-core-0",
            "public_access_prevention": "inherited",
            "requester_pays": false,
            "retention_policy": [],
            "self_link": "https://www.googleapis.com/storage/v1/b/nyx-dev-resman-sbox-0",
            "storage_class": "MULTI_REGIONAL",
            "timeouts": null,
            "uniform_bucket_level_access": true,
            "url": "gs://nyx-dev-resman-sbox-0",
            "versioning": [
              {
                "enabled": true
              }
            ],
            "website": []
          },
          "sensitive_attributes": [],
          "private": "eyJlMmJmYjczMC1lY2FhLTExZTYtOGY4OC0zNDM2M2JjN2M0YzAiOnsiY3JlYXRlIjo2MDAwMDAwMDAwMDAsInJlYWQiOjI0MDAwMDAwMDAwMCwidXBkYXRlIjoyNDAwMDAwMDAwMDB9fQ=="
        }
      ]
    },
    {
      "module": "module.branch-sandbox-gcs[0]",
      "mode": "managed",
      "type": "google_storage_bucket_iam_binding",
      "name": "bindings",
      "provider": "provider[\"registry.terraform.io/hashicorp/google\"]",
      "instances": [
        {
          "index_key": "roles/storage.objectAdmin",
          "schema_version": 0,
          "attributes": {
            "bucket": "b/nyx-dev-resman-sbox-0",
            "condition": [],
            "etag": "CAI=",
            "id": "b/nyx-dev-resman-sbox-0/roles/storage.objectAdmin",
            "members": [
              "serviceAccount:nyx-dev-resman-sbox-0@nyx-prod-iac-core-0.iam.gserviceaccount.com"
            ],
            "role": "roles/storage.objectAdmin"
          },
          "sensitive_attributes": [],
          "private": "bnVsbA==",
          "dependencies": [
            "module.branch-sandbox-gcs.google_storage_bucket.bucket",
            "module.branch-sandbox-sa.data.google_service_account.service_account",
            "module.branch-sandbox-sa.google_service_account.service_account"
          ]
        }
      ]
    },
    {
      "module": "module.branch-sandbox-sa[0]",
      "mode": "data",
      "type": "google_service_account",
      "name": "service_account",
      "provider": "provider[\"registry.terraform.io/hashicorp/google\"]",
      "instances": []
    },
    {
      "module": "module.branch-sandbox-sa[0]",
      "mode": "managed",
      "type": "google_service_account",
      "name": "service_account",
      "provider": "provider[\"registry.terraform.io/hashicorp/google\"]",
      "instances": [
        {
          "index_key": 0,
          "schema_version": 0,
          "attributes": {
            "account_id": "nyx-dev-resman-sbox-0",
            "description": "",
            "disabled": false,
            "display_name": "Terraform resman sandbox service account.",
            "email": "nyx-dev-resman-sbox-0@nyx-prod-iac-core-0.iam.gserviceaccount.com",
            "id": "projects/nyx-prod-iac-core-0/serviceAccounts/nyx-dev-resman-sbox-0@nyx-prod-iac-core-0.iam.gserviceaccount.com",
            "member": "serviceAccount:nyx-dev-resman-sbox-0@nyx-prod-iac-core-0.iam.gserviceaccount.com",
            "name": "projects/nyx-prod-iac-core-0/serviceAccounts/nyx-dev-resman-sbox-0@nyx-prod-iac-core-0.iam.gserviceaccount.com",
            "project": "nyx-prod-iac-core-0",
            "timeouts": null,
            "unique_id": "114254061235015715673"
          },
          "sensitive_attributes": [],
          "private": "eyJlMmJmYjczMC1lY2FhLTExZTYtOGY4OC0zNDM2M2JjN2M0YzAiOnsiY3JlYXRlIjozMDAwMDAwMDAwMDB9fQ=="
        }
      ]
    },
    {
      "module": "module.branch-security-folder",
      "mode": "data",
      "type": "google_folder",
      "name": "folder",
      "provider": "provider[\"registry.terraform.io/hashicorp/google\"]",
      "instances": []
    },
    {
      "module": "module.branch-security-folder",
      "mode": "managed",
      "type": "google_folder",
      "name": "folder",
      "provider": "provider[\"registry.terraform.io/hashicorp/google\"]",
      "instances": [
        {
          "index_key": 0,
          "schema_version": 0,
          "attributes": {
            "create_time": "2023-05-03T09:47:42.097Z",
            "display_name": "Security",
            "folder_id": "1031690213144",
            "id": "folders/1031690213144",
            "lifecycle_state": "ACTIVE",
            "name": "folders/1031690213144",
            "parent": "organizations/1068395049087",
            "timeouts": null
          },
          "sensitive_attributes": [],
          "private": "eyJlMmJmYjczMC1lY2FhLTExZTYtOGY4OC0zNDM2M2JjN2M0YzAiOnsiY3JlYXRlIjoyNDAwMDAwMDAwMDAsImRlbGV0ZSI6MjQwMDAwMDAwMDAwLCJyZWFkIjoyNDAwMDAwMDAwMDAsInVwZGF0ZSI6MjQwMDAwMDAwMDAwfX0="
        }
      ]
    },
    {
      "module": "module.branch-security-folder",
      "mode": "managed",
      "type": "google_folder_iam_binding",
      "name": "authoritative",
      "provider": "provider[\"registry.terraform.io/hashicorp/google\"]",
      "instances": [
        {
          "index_key": "roles/logging.admin",
          "schema_version": 0,
          "attributes": {
            "condition": [],
            "etag": "BwX6xvSpSjs=",
            "folder": "folders/1031690213144",
            "id": "folders/1031690213144/roles/logging.admin",
            "members": [
              "serviceAccount:nyx-security-0@nyx-prod-iac-core-0.iam.gserviceaccount.com"
            ],
            "role": "roles/logging.admin"
          },
          "sensitive_attributes": [],
          "private": "bnVsbA==",
          "dependencies": [
            "module.branch-security-folder.data.google_folder.folder",
            "module.branch-security-folder.google_folder.folder",
            "module.branch-security-sa.data.google_service_account.service_account",
            "module.branch-security-sa.google_service_account.service_account"
          ]
        },
        {
          "index_key": "roles/owner",
          "schema_version": 0,
          "attributes": {
            "condition": [],
            "etag": "BwX6xvSpSjs=",
            "folder": "folders/1031690213144",
            "id": "folders/1031690213144/roles/owner",
            "members": [
              "serviceAccount:nyx-security-0@nyx-prod-iac-core-0.iam.gserviceaccount.com"
            ],
            "role": "roles/owner"
          },
          "sensitive_attributes": [],
          "private": "bnVsbA==",
          "dependencies": [
            "module.branch-security-folder.data.google_folder.folder",
            "module.branch-security-folder.google_folder.folder",
            "module.branch-security-sa.data.google_service_account.service_account",
            "module.branch-security-sa.google_service_account.service_account"
          ]
        },
        {
          "index_key": "roles/resourcemanager.folderAdmin",
          "schema_version": 0,
          "attributes": {
            "condition": [],
            "etag": "BwX6xvSpSjs=",
            "folder": "folders/1031690213144",
            "id": "folders/1031690213144/roles/resourcemanager.folderAdmin",
            "members": [
              "serviceAccount:nyx-security-0@nyx-prod-iac-core-0.iam.gserviceaccount.com"
            ],
            "role": "roles/resourcemanager.folderAdmin"
          },
          "sensitive_attributes": [],
          "private": "bnVsbA==",
          "dependencies": [
            "module.branch-security-folder.data.google_folder.folder",
            "module.branch-security-folder.google_folder.folder",
            "module.branch-security-sa.data.google_service_account.service_account",
            "module.branch-security-sa.google_service_account.service_account"
          ]
        },
        {
          "index_key": "roles/resourcemanager.projectCreator",
          "schema_version": 0,
          "attributes": {
            "condition": [],
            "etag": "BwX6xvSpSjs=",
            "folder": "folders/1031690213144",
            "id": "folders/1031690213144/roles/resourcemanager.projectCreator",
            "members": [
              "serviceAccount:nyx-security-0@nyx-prod-iac-core-0.iam.gserviceaccount.com"
            ],
            "role": "roles/resourcemanager.projectCreator"
          },
          "sensitive_attributes": [],
          "private": "bnVsbA==",
          "dependencies": [
            "module.branch-security-folder.data.google_folder.folder",
            "module.branch-security-folder.google_folder.folder",
            "module.branch-security-sa.data.google_service_account.service_account",
            "module.branch-security-sa.google_service_account.service_account"
          ]
        },
        {
          "index_key": "roles/viewer",
          "schema_version": 0,
          "attributes": {
            "condition": [],
            "etag": "BwX6xvSpSjs=",
            "folder": "folders/1031690213144",
            "id": "folders/1031690213144/roles/viewer",
            "members": [
              "group:gcp-security-admins@obol.app"
            ],
            "role": "roles/viewer"
          },
          "sensitive_attributes": [],
          "private": "bnVsbA==",
          "dependencies": [
            "module.branch-security-folder.data.google_folder.folder",
            "module.branch-security-folder.google_folder.folder",
            "module.branch-security-sa.data.google_service_account.service_account",
            "module.branch-security-sa.google_service_account.service_account"
          ]
        }
      ]
    },
    {
      "module": "module.branch-security-folder",
      "mode": "managed",
      "type": "google_org_policy_policy",
      "name": "default",
      "provider": "provider[\"registry.terraform.io/hashicorp/google\"]",
      "instances": []
    },
    {
      "module": "module.branch-security-gcs",
      "mode": "managed",
      "type": "google_storage_bucket",
      "name": "bucket",
      "provider": "provider[\"registry.terraform.io/hashicorp/google\"]",
      "instances": [
        {
          "schema_version": 0,
          "attributes": {
            "autoclass": [],
            "cors": [],
            "custom_placement_config": [],
            "default_event_based_hold": false,
            "encryption": [],
            "force_destroy": false,
            "id": "nyx-prod-resman-sec-0",
            "labels": {},
            "lifecycle_rule": [],
            "location": "US",
            "logging": [],
            "name": "nyx-prod-resman-sec-0",
            "project": "nyx-prod-iac-core-0",
            "public_access_prevention": "inherited",
            "requester_pays": false,
            "retention_policy": [],
            "self_link": "https://www.googleapis.com/storage/v1/b/nyx-prod-resman-sec-0",
            "storage_class": "MULTI_REGIONAL",
            "timeouts": null,
            "uniform_bucket_level_access": true,
            "url": "gs://nyx-prod-resman-sec-0",
            "versioning": [
              {
                "enabled": true
              }
            ],
            "website": []
          },
          "sensitive_attributes": [],
          "private": "eyJlMmJmYjczMC1lY2FhLTExZTYtOGY4OC0zNDM2M2JjN2M0YzAiOnsiY3JlYXRlIjo2MDAwMDAwMDAwMDAsInJlYWQiOjI0MDAwMDAwMDAwMCwidXBkYXRlIjoyNDAwMDAwMDAwMDB9fQ=="
        }
      ]
    },
    {
      "module": "module.branch-security-gcs",
      "mode": "managed",
      "type": "google_storage_bucket_iam_binding",
      "name": "bindings",
      "provider": "provider[\"registry.terraform.io/hashicorp/google\"]",
      "instances": [
        {
          "index_key": "roles/storage.objectAdmin",
          "schema_version": 0,
          "attributes": {
            "bucket": "b/nyx-prod-resman-sec-0",
            "condition": [],
            "etag": "CAI=",
            "id": "b/nyx-prod-resman-sec-0/roles/storage.objectAdmin",
            "members": [
              "serviceAccount:nyx-security-0@nyx-prod-iac-core-0.iam.gserviceaccount.com"
            ],
            "role": "roles/storage.objectAdmin"
          },
          "sensitive_attributes": [],
          "private": "bnVsbA==",
          "dependencies": [
            "module.branch-security-gcs.google_storage_bucket.bucket",
            "module.branch-security-sa.data.google_service_account.service_account",
            "module.branch-security-sa.google_service_account.service_account"
          ]
        }
      ]
    },
    {
      "module": "module.branch-security-sa",
      "mode": "data",
      "type": "google_service_account",
      "name": "service_account",
      "provider": "provider[\"registry.terraform.io/hashicorp/google\"]",
      "instances": []
    },
    {
      "module": "module.branch-security-sa",
      "mode": "managed",
      "type": "google_service_account",
      "name": "service_account",
      "provider": "provider[\"registry.terraform.io/hashicorp/google\"]",
      "instances": [
        {
          "index_key": 0,
          "schema_version": 0,
          "attributes": {
            "account_id": "nyx-security-0",
            "description": "",
            "disabled": false,
            "display_name": "Terraform resman security service account.",
            "email": "nyx-security-0@nyx-prod-iac-core-0.iam.gserviceaccount.com",
            "id": "projects/nyx-prod-iac-core-0/serviceAccounts/nyx-security-0@nyx-prod-iac-core-0.iam.gserviceaccount.com",
            "member": "serviceAccount:nyx-security-0@nyx-prod-iac-core-0.iam.gserviceaccount.com",
            "name": "projects/nyx-prod-iac-core-0/serviceAccounts/nyx-security-0@nyx-prod-iac-core-0.iam.gserviceaccount.com",
            "project": "nyx-prod-iac-core-0",
            "timeouts": null,
            "unique_id": "112738406506621418859"
          },
          "sensitive_attributes": [],
          "private": "eyJlMmJmYjczMC1lY2FhLTExZTYtOGY4OC0zNDM2M2JjN2M0YzAiOnsiY3JlYXRlIjozMDAwMDAwMDAwMDB9fQ=="
        }
      ]
    },
    {
      "module": "module.branch-security-sa",
      "mode": "managed",
      "type": "google_service_account_iam_binding",
      "name": "roles",
      "provider": "provider[\"registry.terraform.io/hashicorp/google\"]",
      "instances": [
        {
          "index_key": "roles/iam.serviceAccountTokenCreator",
          "schema_version": 0,
          "attributes": {
            "condition": [],
            "etag": null,
            "id": "projects/nyx-prod-iac-core-0/serviceAccounts/nyx-security-0@nyx-prod-iac-core-0.iam.gserviceaccount.com/roles/iam.serviceAccountTokenCreator",
            "members": [],
            "role": "roles/iam.serviceAccountTokenCreator",
            "service_account_id": "projects/nyx-prod-iac-core-0/serviceAccounts/nyx-security-0@nyx-prod-iac-core-0.iam.gserviceaccount.com"
          },
          "sensitive_attributes": [],
          "private": "bnVsbA==",
          "dependencies": [
            "module.branch-security-sa-cicd.data.google_service_account.service_account",
            "module.branch-security-sa-cicd.google_service_account.service_account",
            "module.branch-security-sa.data.google_service_account.service_account",
            "module.branch-security-sa.google_service_account.service_account"
          ]
        }
      ]
    },
    {
      "module": "module.branch-security-sa",
      "mode": "managed",
      "type": "google_storage_bucket_iam_member",
      "name": "bucket-roles",
      "provider": "provider[\"registry.terraform.io/hashicorp/google\"]",
      "instances": [
        {
          "index_key": "nyx-prod-iac-core-outputs-0-roles/storage.objectAdmin",
          "schema_version": 0,
          "attributes": {
            "bucket": "b/nyx-prod-iac-core-outputs-0",
            "condition": [],
            "etag": "CAo=",
            "id": "b/nyx-prod-iac-core-outputs-0/roles/storage.objectAdmin/serviceAccount:nyx-security-0@nyx-prod-iac-core-0.iam.gserviceaccount.com",
            "member": "serviceAccount:nyx-security-0@nyx-prod-iac-core-0.iam.gserviceaccount.com",
            "role": "roles/storage.objectAdmin"
          },
          "sensitive_attributes": [],
          "private": "bnVsbA==",
          "dependencies": [
            "module.branch-security-sa.data.google_service_account.service_account",
            "module.branch-security-sa.google_service_account.service_account"
          ]
        }
      ]
    },
    {
      "module": "module.branch-teams-folder[0]",
      "mode": "data",
      "type": "google_folder",
      "name": "folder",
      "provider": "provider[\"registry.terraform.io/hashicorp/google\"]",
      "instances": []
    },
    {
      "module": "module.branch-teams-folder[0]",
      "mode": "managed",
      "type": "google_folder",
      "name": "folder",
      "provider": "provider[\"registry.terraform.io/hashicorp/google\"]",
      "instances": [
        {
          "index_key": 0,
          "schema_version": 0,
          "attributes": {
            "create_time": "2023-05-03T09:42:17.195Z",
            "display_name": "Teams",
            "folder_id": "487551680540",
            "id": "folders/487551680540",
            "lifecycle_state": "ACTIVE",
            "name": "folders/487551680540",
            "parent": "organizations/1068395049087",
            "timeouts": null
          },
          "sensitive_attributes": [],
          "private": "eyJlMmJmYjczMC1lY2FhLTExZTYtOGY4OC0zNDM2M2JjN2M0YzAiOnsiY3JlYXRlIjoyNDAwMDAwMDAwMDAsImRlbGV0ZSI6MjQwMDAwMDAwMDAwLCJyZWFkIjoyNDAwMDAwMDAwMDAsInVwZGF0ZSI6MjQwMDAwMDAwMDAwfX0="
        }
      ]
    },
    {
      "module": "module.branch-teams-folder[0]",
      "mode": "managed",
      "type": "google_folder_iam_binding",
      "name": "authoritative",
      "provider": "provider[\"registry.terraform.io/hashicorp/google\"]",
      "instances": [
        {
          "index_key": "roles/compute.xpnAdmin",
          "schema_version": 0,
          "attributes": {
            "condition": [],
            "etag": "BwX6xuHri1E=",
            "folder": "folders/487551680540",
            "id": "folders/487551680540/roles/compute.xpnAdmin",
            "members": [
              "serviceAccount:nyx-prod-resman-teams-0@nyx-prod-iac-core-0.iam.gserviceaccount.com"
            ],
            "role": "roles/compute.xpnAdmin"
          },
          "sensitive_attributes": [],
          "private": "bnVsbA==",
          "dependencies": [
            "module.branch-teams-folder.data.google_folder.folder",
            "module.branch-teams-folder.google_folder.folder",
            "module.branch-teams-sa.data.google_service_account.service_account",
            "module.branch-teams-sa.google_service_account.service_account"
          ]
        },
        {
          "index_key": "roles/logging.admin",
          "schema_version": 0,
          "attributes": {
            "condition": [],
            "etag": "BwX6xuHri1E=",
            "folder": "folders/487551680540",
            "id": "folders/487551680540/roles/logging.admin",
            "members": [
              "serviceAccount:nyx-prod-resman-teams-0@nyx-prod-iac-core-0.iam.gserviceaccount.com"
            ],
            "role": "roles/logging.admin"
          },
          "sensitive_attributes": [],
          "private": "bnVsbA==",
          "dependencies": [
            "module.branch-teams-folder.data.google_folder.folder",
            "module.branch-teams-folder.google_folder.folder",
            "module.branch-teams-sa.data.google_service_account.service_account",
            "module.branch-teams-sa.google_service_account.service_account"
          ]
        },
        {
          "index_key": "roles/owner",
          "schema_version": 0,
          "attributes": {
            "condition": [],
            "etag": "BwX6xuHri1E=",
            "folder": "folders/487551680540",
            "id": "folders/487551680540/roles/owner",
            "members": [
              "serviceAccount:nyx-prod-resman-teams-0@nyx-prod-iac-core-0.iam.gserviceaccount.com"
            ],
            "role": "roles/owner"
          },
          "sensitive_attributes": [],
          "private": "bnVsbA==",
          "dependencies": [
            "module.branch-teams-folder.data.google_folder.folder",
            "module.branch-teams-folder.google_folder.folder",
            "module.branch-teams-sa.data.google_service_account.service_account",
            "module.branch-teams-sa.google_service_account.service_account"
          ]
        },
        {
          "index_key": "roles/resourcemanager.folderAdmin",
          "schema_version": 0,
          "attributes": {
            "condition": [],
            "etag": "BwX6xuHri1E=",
            "folder": "folders/487551680540",
            "id": "folders/487551680540/roles/resourcemanager.folderAdmin",
            "members": [
              "serviceAccount:nyx-prod-resman-teams-0@nyx-prod-iac-core-0.iam.gserviceaccount.com"
            ],
            "role": "roles/resourcemanager.folderAdmin"
          },
          "sensitive_attributes": [],
          "private": "bnVsbA==",
          "dependencies": [
            "module.branch-teams-folder.data.google_folder.folder",
            "module.branch-teams-folder.google_folder.folder",
            "module.branch-teams-sa.data.google_service_account.service_account",
            "module.branch-teams-sa.google_service_account.service_account"
          ]
        },
        {
          "index_key": "roles/resourcemanager.projectCreator",
          "schema_version": 0,
          "attributes": {
            "condition": [],
            "etag": "BwX6xuHri1E=",
            "folder": "folders/487551680540",
            "id": "folders/487551680540/roles/resourcemanager.projectCreator",
            "members": [
              "serviceAccount:nyx-prod-resman-teams-0@nyx-prod-iac-core-0.iam.gserviceaccount.com"
            ],
            "role": "roles/resourcemanager.projectCreator"
          },
          "sensitive_attributes": [],
          "private": "bnVsbA==",
          "dependencies": [
            "module.branch-teams-folder.data.google_folder.folder",
            "module.branch-teams-folder.google_folder.folder",
            "module.branch-teams-sa.data.google_service_account.service_account",
            "module.branch-teams-sa.google_service_account.service_account"
          ]
        }
      ]
    },
    {
      "module": "module.branch-teams-folder[0]",
      "mode": "managed",
      "type": "google_org_policy_policy",
      "name": "default",
      "provider": "provider[\"registry.terraform.io/hashicorp/google\"]",
      "instances": []
    },
    {
      "module": "module.branch-teams-gcs[0]",
      "mode": "managed",
      "type": "google_storage_bucket",
      "name": "bucket",
      "provider": "provider[\"registry.terraform.io/hashicorp/google\"]",
      "instances": [
        {
          "schema_version": 0,
          "attributes": {
            "autoclass": [],
            "cors": [],
            "custom_placement_config": [],
            "default_event_based_hold": false,
            "encryption": [],
            "force_destroy": false,
            "id": "nyx-prod-resman-teams-0",
            "labels": {},
            "lifecycle_rule": [],
            "location": "US",
            "logging": [],
            "name": "nyx-prod-resman-teams-0",
            "project": "nyx-prod-iac-core-0",
            "public_access_prevention": "inherited",
            "requester_pays": false,
            "retention_policy": [],
            "self_link": "https://www.googleapis.com/storage/v1/b/nyx-prod-resman-teams-0",
            "storage_class": "MULTI_REGIONAL",
            "timeouts": null,
            "uniform_bucket_level_access": true,
            "url": "gs://nyx-prod-resman-teams-0",
            "versioning": [
              {
                "enabled": true
              }
            ],
            "website": []
          },
          "sensitive_attributes": [],
          "private": "eyJlMmJmYjczMC1lY2FhLTExZTYtOGY4OC0zNDM2M2JjN2M0YzAiOnsiY3JlYXRlIjo2MDAwMDAwMDAwMDAsInJlYWQiOjI0MDAwMDAwMDAwMCwidXBkYXRlIjoyNDAwMDAwMDAwMDB9fQ=="
        }
      ]
    },
    {
      "module": "module.branch-teams-gcs[0]",
      "mode": "managed",
      "type": "google_storage_bucket_iam_binding",
      "name": "bindings",
      "provider": "provider[\"registry.terraform.io/hashicorp/google\"]",
      "instances": [
        {
          "index_key": "roles/storage.objectAdmin",
          "schema_version": 0,
          "attributes": {
            "bucket": "b/nyx-prod-resman-teams-0",
            "condition": [],
            "etag": "CAI=",
            "id": "b/nyx-prod-resman-teams-0/roles/storage.objectAdmin",
            "members": [
              "serviceAccount:nyx-prod-resman-teams-0@nyx-prod-iac-core-0.iam.gserviceaccount.com"
            ],
            "role": "roles/storage.objectAdmin"
          },
          "sensitive_attributes": [],
          "private": "bnVsbA==",
          "dependencies": [
            "module.branch-teams-gcs.google_storage_bucket.bucket",
            "module.branch-teams-sa.data.google_service_account.service_account",
            "module.branch-teams-sa.google_service_account.service_account"
          ]
        }
      ]
    },
    {
      "module": "module.branch-teams-sa[0]",
      "mode": "data",
      "type": "google_service_account",
      "name": "service_account",
      "provider": "provider[\"registry.terraform.io/hashicorp/google\"]",
      "instances": []
    },
    {
      "module": "module.branch-teams-sa[0]",
      "mode": "managed",
      "type": "google_service_account",
      "name": "service_account",
      "provider": "provider[\"registry.terraform.io/hashicorp/google\"]",
      "instances": [
        {
          "index_key": 0,
          "schema_version": 0,
          "attributes": {
            "account_id": "nyx-prod-resman-teams-0",
            "description": "",
            "disabled": false,
            "display_name": "Terraform resman teams service account.",
            "email": "nyx-prod-resman-teams-0@nyx-prod-iac-core-0.iam.gserviceaccount.com",
            "id": "projects/nyx-prod-iac-core-0/serviceAccounts/nyx-prod-resman-teams-0@nyx-prod-iac-core-0.iam.gserviceaccount.com",
            "member": "serviceAccount:nyx-prod-resman-teams-0@nyx-prod-iac-core-0.iam.gserviceaccount.com",
            "name": "projects/nyx-prod-iac-core-0/serviceAccounts/nyx-prod-resman-teams-0@nyx-prod-iac-core-0.iam.gserviceaccount.com",
            "project": "nyx-prod-iac-core-0",
            "timeouts": null,
            "unique_id": "109963147590144179322"
          },
          "sensitive_attributes": [],
          "private": "eyJlMmJmYjczMC1lY2FhLTExZTYtOGY4OC0zNDM2M2JjN2M0YzAiOnsiY3JlYXRlIjozMDAwMDAwMDAwMDB9fQ=="
        }
      ]
    },
    {
      "module": "module.branch-teams-sa[0]",
      "mode": "managed",
      "type": "google_storage_bucket_iam_member",
      "name": "bucket-roles",
      "provider": "provider[\"registry.terraform.io/hashicorp/google\"]",
      "instances": [
        {
          "index_key": "nyx-prod-iac-core-outputs-0-roles/storage.objectAdmin",
          "schema_version": 0,
          "attributes": {
            "bucket": "b/nyx-prod-iac-core-outputs-0",
            "condition": [],
            "etag": "CAo=",
            "id": "b/nyx-prod-iac-core-outputs-0/roles/storage.objectAdmin/serviceAccount:nyx-prod-resman-teams-0@nyx-prod-iac-core-0.iam.gserviceaccount.com",
            "member": "serviceAccount:nyx-prod-resman-teams-0@nyx-prod-iac-core-0.iam.gserviceaccount.com",
            "role": "roles/storage.objectAdmin"
          },
          "sensitive_attributes": [],
          "private": "bnVsbA==",
          "dependencies": [
            "module.branch-teams-sa.data.google_service_account.service_account",
            "module.branch-teams-sa.google_service_account.service_account"
          ]
        }
      ]
    },
    {
      "module": "module.branch-teams-team-dev-folder[\"application\"]",
      "mode": "data",
      "type": "google_folder",
      "name": "folder",
      "provider": "provider[\"registry.terraform.io/hashicorp/google\"]",
      "instances": []
    },
    {
      "module": "module.branch-teams-team-dev-folder[\"application\"]",
      "mode": "managed",
      "type": "google_compute_firewall_policy",
      "name": "policy",
      "provider": "provider[\"registry.terraform.io/hashicorp/google\"]",
      "instances": []
    },
    {
      "module": "module.branch-teams-team-dev-folder[\"application\"]",
      "mode": "managed",
      "type": "google_folder",
      "name": "folder",
      "provider": "provider[\"registry.terraform.io/hashicorp/google\"]",
      "instances": [
        {
          "index_key": 0,
          "schema_version": 0,
          "attributes": {
            "create_time": "2023-05-03T09:45:28.312Z",
            "display_name": "Development",
            "folder_id": "325255215912",
            "id": "folders/325255215912",
            "lifecycle_state": "ACTIVE",
            "name": "folders/325255215912",
            "parent": "folders/662160269814",
            "timeouts": null
          },
          "sensitive_attributes": [],
          "private": "eyJlMmJmYjczMC1lY2FhLTExZTYtOGY4OC0zNDM2M2JjN2M0YzAiOnsiY3JlYXRlIjoyNDAwMDAwMDAwMDAsImRlbGV0ZSI6MjQwMDAwMDAwMDAwLCJyZWFkIjoyNDAwMDAwMDAwMDAsInVwZGF0ZSI6MjQwMDAwMDAwMDAwfX0=",
          "dependencies": [
            "module.branch-teams-folder.data.google_folder.folder",
            "module.branch-teams-folder.google_folder.folder",
            "module.branch-teams-folder.google_folder_iam_binding.authoritative",
            "module.branch-teams-folder.google_org_policy_policy.default",
            "module.branch-teams-sa.data.google_service_account.service_account",
            "module.branch-teams-sa.google_service_account.service_account",
            "module.branch-teams-team-folder.data.google_folder.folder",
            "module.branch-teams-team-folder.google_bigquery_dataset_iam_member.bq-sinks-binding",
            "module.branch-teams-team-folder.google_compute_firewall_policy.policy",
            "module.branch-teams-team-folder.google_compute_firewall_policy_association.association",
            "module.branch-teams-team-folder.google_compute_firewall_policy_rule.rule",
            "module.branch-teams-team-folder.google_essential_contacts_contact.contact",
            "module.branch-teams-team-folder.google_folder.folder",
            "module.branch-teams-team-folder.google_folder_iam_binding.authoritative",
            "module.branch-teams-team-folder.google_folder_iam_member.additive",
            "module.branch-teams-team-folder.google_logging_folder_exclusion.logging-exclusion",
            "module.branch-teams-team-folder.google_logging_folder_sink.sink",
            "module.branch-teams-team-folder.google_org_policy_policy.default",
            "module.branch-teams-team-folder.google_project_iam_member.bucket-sinks-binding",
            "module.branch-teams-team-folder.google_pubsub_topic_iam_member.pubsub-sinks-binding",
            "module.branch-teams-team-folder.google_storage_bucket_iam_member.gcs-sinks-binding",
            "module.branch-teams-team-folder.google_tags_tag_binding.binding",
            "module.branch-teams-team-sa.data.google_service_account.service_account",
            "module.branch-teams-team-sa.google_billing_account_iam_member.billing-roles",
            "module.branch-teams-team-sa.google_folder_iam_member.folder-roles",
            "module.branch-teams-team-sa.google_organization_iam_member.organization-roles",
            "module.branch-teams-team-sa.google_project_iam_member.project-roles",
            "module.branch-teams-team-sa.google_service_account.service_account",
            "module.branch-teams-team-sa.google_service_account_iam_binding.roles",
            "module.branch-teams-team-sa.google_service_account_iam_member.additive",
            "module.branch-teams-team-sa.google_service_account_iam_member.roles",
            "module.branch-teams-team-sa.google_service_account_key.key",
            "module.branch-teams-team-sa.google_service_account_key.upload_key",
            "module.branch-teams-team-sa.google_storage_bucket_iam_member.bucket-roles"
          ]
        }
      ]
    },
    {
      "module": "module.branch-teams-team-dev-folder[\"application\"]",
      "mode": "managed",
      "type": "google_folder_iam_binding",
      "name": "authoritative",
      "provider": "provider[\"registry.terraform.io/hashicorp/google\"]",
      "instances": [
        {
          "index_key": "organizations/1068395049087/roles/serviceProjectNetworkAdmin",
          "schema_version": 0,
          "attributes": {
            "condition": [],
            "etag": "BwX6xuyoKtU=",
            "folder": "folders/325255215912",
            "id": "folders/325255215912/organizations/1068395049087/roles/serviceProjectNetworkAdmin",
            "members": [
              "serviceAccount:nyx-dev-resman-pf-0@nyx-prod-iac-core-0.iam.gserviceaccount.com"
            ],
            "role": "organizations/1068395049087/roles/serviceProjectNetworkAdmin"
          },
          "sensitive_attributes": [],
          "private": "bnVsbA==",
          "dependencies": [
            "module.branch-dp-dev-sa.data.google_service_account.service_account",
            "module.branch-dp-dev-sa.google_service_account.service_account",
            "module.branch-dp-prod-sa.data.google_service_account.service_account",
            "module.branch-dp-prod-sa.google_service_account.service_account",
            "module.branch-gke-dev-sa.data.google_service_account.service_account",
            "module.branch-gke-dev-sa.google_service_account.service_account",
            "module.branch-gke-prod-sa.data.google_service_account.service_account",
            "module.branch-gke-prod-sa.google_service_account.service_account",
            "module.branch-pf-dev-sa.data.google_service_account.service_account",
            "module.branch-pf-dev-sa.google_service_account.service_account",
            "module.branch-pf-prod-sa.data.google_service_account.service_account",
            "module.branch-pf-prod-sa.google_service_account.service_account",
            "module.branch-teams-folder.data.google_folder.folder",
            "module.branch-teams-folder.google_folder.folder",
            "module.branch-teams-folder.google_folder_iam_binding.authoritative",
            "module.branch-teams-folder.google_org_policy_policy.default",
            "module.branch-teams-sa.data.google_service_account.service_account",
            "module.branch-teams-sa.google_service_account.service_account",
            "module.branch-teams-team-dev-folder.data.google_folder.folder",
            "module.branch-teams-team-dev-folder.google_folder.folder",
            "module.branch-teams-team-folder.data.google_folder.folder",
            "module.branch-teams-team-folder.google_bigquery_dataset_iam_member.bq-sinks-binding",
            "module.branch-teams-team-folder.google_compute_firewall_policy.policy",
            "module.branch-teams-team-folder.google_compute_firewall_policy_association.association",
            "module.branch-teams-team-folder.google_compute_firewall_policy_rule.rule",
            "module.branch-teams-team-folder.google_essential_contacts_contact.contact",
            "module.branch-teams-team-folder.google_folder.folder",
            "module.branch-teams-team-folder.google_folder_iam_binding.authoritative",
            "module.branch-teams-team-folder.google_folder_iam_member.additive",
            "module.branch-teams-team-folder.google_logging_folder_exclusion.logging-exclusion",
            "module.branch-teams-team-folder.google_logging_folder_sink.sink",
            "module.branch-teams-team-folder.google_org_policy_policy.default",
            "module.branch-teams-team-folder.google_project_iam_member.bucket-sinks-binding",
            "module.branch-teams-team-folder.google_pubsub_topic_iam_member.pubsub-sinks-binding",
            "module.branch-teams-team-folder.google_storage_bucket_iam_member.gcs-sinks-binding",
            "module.branch-teams-team-folder.google_tags_tag_binding.binding",
            "module.branch-teams-team-sa.data.google_service_account.service_account",
            "module.branch-teams-team-sa.google_billing_account_iam_member.billing-roles",
            "module.branch-teams-team-sa.google_folder_iam_member.folder-roles",
            "module.branch-teams-team-sa.google_organization_iam_member.organization-roles",
            "module.branch-teams-team-sa.google_project_iam_member.project-roles",
            "module.branch-teams-team-sa.google_service_account.service_account",
            "module.branch-teams-team-sa.google_service_account_iam_binding.roles",
            "module.branch-teams-team-sa.google_service_account_iam_member.additive",
            "module.branch-teams-team-sa.google_service_account_iam_member.roles",
            "module.branch-teams-team-sa.google_service_account_key.key",
            "module.branch-teams-team-sa.google_service_account_key.upload_key",
            "module.branch-teams-team-sa.google_storage_bucket_iam_member.bucket-roles"
          ]
        },
        {
          "index_key": "roles/logging.admin",
          "schema_version": 0,
          "attributes": {
            "condition": [],
            "etag": "BwX6xuyoKtU=",
            "folder": "folders/325255215912",
            "id": "folders/325255215912/roles/logging.admin",
            "members": [
              "serviceAccount:nyx-dev-resman-pf-0@nyx-prod-iac-core-0.iam.gserviceaccount.com"
            ],
            "role": "roles/logging.admin"
          },
          "sensitive_attributes": [],
          "private": "bnVsbA==",
          "dependencies": [
            "module.branch-dp-dev-sa.data.google_service_account.service_account",
            "module.branch-dp-dev-sa.google_service_account.service_account",
            "module.branch-dp-prod-sa.data.google_service_account.service_account",
            "module.branch-dp-prod-sa.google_service_account.service_account",
            "module.branch-gke-dev-sa.data.google_service_account.service_account",
            "module.branch-gke-dev-sa.google_service_account.service_account",
            "module.branch-gke-prod-sa.data.google_service_account.service_account",
            "module.branch-gke-prod-sa.google_service_account.service_account",
            "module.branch-pf-dev-sa.data.google_service_account.service_account",
            "module.branch-pf-dev-sa.google_service_account.service_account",
            "module.branch-pf-prod-sa.data.google_service_account.service_account",
            "module.branch-pf-prod-sa.google_service_account.service_account",
            "module.branch-teams-folder.data.google_folder.folder",
            "module.branch-teams-folder.google_folder.folder",
            "module.branch-teams-folder.google_folder_iam_binding.authoritative",
            "module.branch-teams-folder.google_org_policy_policy.default",
            "module.branch-teams-sa.data.google_service_account.service_account",
            "module.branch-teams-sa.google_service_account.service_account",
            "module.branch-teams-team-dev-folder.data.google_folder.folder",
            "module.branch-teams-team-dev-folder.google_folder.folder",
            "module.branch-teams-team-folder.data.google_folder.folder",
            "module.branch-teams-team-folder.google_bigquery_dataset_iam_member.bq-sinks-binding",
            "module.branch-teams-team-folder.google_compute_firewall_policy.policy",
            "module.branch-teams-team-folder.google_compute_firewall_policy_association.association",
            "module.branch-teams-team-folder.google_compute_firewall_policy_rule.rule",
            "module.branch-teams-team-folder.google_essential_contacts_contact.contact",
            "module.branch-teams-team-folder.google_folder.folder",
            "module.branch-teams-team-folder.google_folder_iam_binding.authoritative",
            "module.branch-teams-team-folder.google_folder_iam_member.additive",
            "module.branch-teams-team-folder.google_logging_folder_exclusion.logging-exclusion",
            "module.branch-teams-team-folder.google_logging_folder_sink.sink",
            "module.branch-teams-team-folder.google_org_policy_policy.default",
            "module.branch-teams-team-folder.google_project_iam_member.bucket-sinks-binding",
            "module.branch-teams-team-folder.google_pubsub_topic_iam_member.pubsub-sinks-binding",
            "module.branch-teams-team-folder.google_storage_bucket_iam_member.gcs-sinks-binding",
            "module.branch-teams-team-folder.google_tags_tag_binding.binding",
            "module.branch-teams-team-sa.data.google_service_account.service_account",
            "module.branch-teams-team-sa.google_billing_account_iam_member.billing-roles",
            "module.branch-teams-team-sa.google_folder_iam_member.folder-roles",
            "module.branch-teams-team-sa.google_organization_iam_member.organization-roles",
            "module.branch-teams-team-sa.google_project_iam_member.project-roles",
            "module.branch-teams-team-sa.google_service_account.service_account",
            "module.branch-teams-team-sa.google_service_account_iam_binding.roles",
            "module.branch-teams-team-sa.google_service_account_iam_member.additive",
            "module.branch-teams-team-sa.google_service_account_iam_member.roles",
            "module.branch-teams-team-sa.google_service_account_key.key",
            "module.branch-teams-team-sa.google_service_account_key.upload_key",
            "module.branch-teams-team-sa.google_storage_bucket_iam_member.bucket-roles"
          ]
        },
        {
          "index_key": "roles/owner",
          "schema_version": 0,
          "attributes": {
            "condition": [],
            "etag": "BwX6xuyoKtU=",
            "folder": "folders/325255215912",
            "id": "folders/325255215912/roles/owner",
            "members": [
              "serviceAccount:nyx-dev-resman-pf-0@nyx-prod-iac-core-0.iam.gserviceaccount.com"
            ],
            "role": "roles/owner"
          },
          "sensitive_attributes": [],
          "private": "bnVsbA==",
          "dependencies": [
            "module.branch-dp-dev-sa.data.google_service_account.service_account",
            "module.branch-dp-dev-sa.google_service_account.service_account",
            "module.branch-dp-prod-sa.data.google_service_account.service_account",
            "module.branch-dp-prod-sa.google_service_account.service_account",
            "module.branch-gke-dev-sa.data.google_service_account.service_account",
            "module.branch-gke-dev-sa.google_service_account.service_account",
            "module.branch-gke-prod-sa.data.google_service_account.service_account",
            "module.branch-gke-prod-sa.google_service_account.service_account",
            "module.branch-pf-dev-sa.data.google_service_account.service_account",
            "module.branch-pf-dev-sa.google_service_account.service_account",
            "module.branch-pf-prod-sa.data.google_service_account.service_account",
            "module.branch-pf-prod-sa.google_service_account.service_account",
            "module.branch-teams-folder.data.google_folder.folder",
            "module.branch-teams-folder.google_folder.folder",
            "module.branch-teams-folder.google_folder_iam_binding.authoritative",
            "module.branch-teams-folder.google_org_policy_policy.default",
            "module.branch-teams-sa.data.google_service_account.service_account",
            "module.branch-teams-sa.google_service_account.service_account",
            "module.branch-teams-team-dev-folder.data.google_folder.folder",
            "module.branch-teams-team-dev-folder.google_folder.folder",
            "module.branch-teams-team-folder.data.google_folder.folder",
            "module.branch-teams-team-folder.google_bigquery_dataset_iam_member.bq-sinks-binding",
            "module.branch-teams-team-folder.google_compute_firewall_policy.policy",
            "module.branch-teams-team-folder.google_compute_firewall_policy_association.association",
            "module.branch-teams-team-folder.google_compute_firewall_policy_rule.rule",
            "module.branch-teams-team-folder.google_essential_contacts_contact.contact",
            "module.branch-teams-team-folder.google_folder.folder",
            "module.branch-teams-team-folder.google_folder_iam_binding.authoritative",
            "module.branch-teams-team-folder.google_folder_iam_member.additive",
            "module.branch-teams-team-folder.google_logging_folder_exclusion.logging-exclusion",
            "module.branch-teams-team-folder.google_logging_folder_sink.sink",
            "module.branch-teams-team-folder.google_org_policy_policy.default",
            "module.branch-teams-team-folder.google_project_iam_member.bucket-sinks-binding",
            "module.branch-teams-team-folder.google_pubsub_topic_iam_member.pubsub-sinks-binding",
            "module.branch-teams-team-folder.google_storage_bucket_iam_member.gcs-sinks-binding",
            "module.branch-teams-team-folder.google_tags_tag_binding.binding",
            "module.branch-teams-team-sa.data.google_service_account.service_account",
            "module.branch-teams-team-sa.google_billing_account_iam_member.billing-roles",
            "module.branch-teams-team-sa.google_folder_iam_member.folder-roles",
            "module.branch-teams-team-sa.google_organization_iam_member.organization-roles",
            "module.branch-teams-team-sa.google_project_iam_member.project-roles",
            "module.branch-teams-team-sa.google_service_account.service_account",
            "module.branch-teams-team-sa.google_service_account_iam_binding.roles",
            "module.branch-teams-team-sa.google_service_account_iam_member.additive",
            "module.branch-teams-team-sa.google_service_account_iam_member.roles",
            "module.branch-teams-team-sa.google_service_account_key.key",
            "module.branch-teams-team-sa.google_service_account_key.upload_key",
            "module.branch-teams-team-sa.google_storage_bucket_iam_member.bucket-roles"
          ]
        },
        {
          "index_key": "roles/resourcemanager.folderAdmin",
          "schema_version": 0,
          "attributes": {
            "condition": [],
            "etag": "BwX6xuyoKtU=",
            "folder": "folders/325255215912",
            "id": "folders/325255215912/roles/resourcemanager.folderAdmin",
            "members": [
              "serviceAccount:nyx-dev-resman-pf-0@nyx-prod-iac-core-0.iam.gserviceaccount.com"
            ],
            "role": "roles/resourcemanager.folderAdmin"
          },
          "sensitive_attributes": [],
          "private": "bnVsbA==",
          "dependencies": [
            "module.branch-dp-dev-sa.data.google_service_account.service_account",
            "module.branch-dp-dev-sa.google_service_account.service_account",
            "module.branch-dp-prod-sa.data.google_service_account.service_account",
            "module.branch-dp-prod-sa.google_service_account.service_account",
            "module.branch-gke-dev-sa.data.google_service_account.service_account",
            "module.branch-gke-dev-sa.google_service_account.service_account",
            "module.branch-gke-prod-sa.data.google_service_account.service_account",
            "module.branch-gke-prod-sa.google_service_account.service_account",
            "module.branch-pf-dev-sa.data.google_service_account.service_account",
            "module.branch-pf-dev-sa.google_service_account.service_account",
            "module.branch-pf-prod-sa.data.google_service_account.service_account",
            "module.branch-pf-prod-sa.google_service_account.service_account",
            "module.branch-teams-folder.data.google_folder.folder",
            "module.branch-teams-folder.google_folder.folder",
            "module.branch-teams-folder.google_folder_iam_binding.authoritative",
            "module.branch-teams-folder.google_org_policy_policy.default",
            "module.branch-teams-sa.data.google_service_account.service_account",
            "module.branch-teams-sa.google_service_account.service_account",
            "module.branch-teams-team-dev-folder.data.google_folder.folder",
            "module.branch-teams-team-dev-folder.google_folder.folder",
            "module.branch-teams-team-folder.data.google_folder.folder",
            "module.branch-teams-team-folder.google_bigquery_dataset_iam_member.bq-sinks-binding",
            "module.branch-teams-team-folder.google_compute_firewall_policy.policy",
            "module.branch-teams-team-folder.google_compute_firewall_policy_association.association",
            "module.branch-teams-team-folder.google_compute_firewall_policy_rule.rule",
            "module.branch-teams-team-folder.google_essential_contacts_contact.contact",
            "module.branch-teams-team-folder.google_folder.folder",
            "module.branch-teams-team-folder.google_folder_iam_binding.authoritative",
            "module.branch-teams-team-folder.google_folder_iam_member.additive",
            "module.branch-teams-team-folder.google_logging_folder_exclusion.logging-exclusion",
            "module.branch-teams-team-folder.google_logging_folder_sink.sink",
            "module.branch-teams-team-folder.google_org_policy_policy.default",
            "module.branch-teams-team-folder.google_project_iam_member.bucket-sinks-binding",
            "module.branch-teams-team-folder.google_pubsub_topic_iam_member.pubsub-sinks-binding",
            "module.branch-teams-team-folder.google_storage_bucket_iam_member.gcs-sinks-binding",
            "module.branch-teams-team-folder.google_tags_tag_binding.binding",
            "module.branch-teams-team-sa.data.google_service_account.service_account",
            "module.branch-teams-team-sa.google_billing_account_iam_member.billing-roles",
            "module.branch-teams-team-sa.google_folder_iam_member.folder-roles",
            "module.branch-teams-team-sa.google_organization_iam_member.organization-roles",
            "module.branch-teams-team-sa.google_project_iam_member.project-roles",
            "module.branch-teams-team-sa.google_service_account.service_account",
            "module.branch-teams-team-sa.google_service_account_iam_binding.roles",
            "module.branch-teams-team-sa.google_service_account_iam_member.additive",
            "module.branch-teams-team-sa.google_service_account_iam_member.roles",
            "module.branch-teams-team-sa.google_service_account_key.key",
            "module.branch-teams-team-sa.google_service_account_key.upload_key",
            "module.branch-teams-team-sa.google_storage_bucket_iam_member.bucket-roles"
          ]
        },
        {
          "index_key": "roles/resourcemanager.projectCreator",
          "schema_version": 0,
          "attributes": {
            "condition": [],
            "etag": "BwX6xuyoKtU=",
            "folder": "folders/325255215912",
            "id": "folders/325255215912/roles/resourcemanager.projectCreator",
            "members": [
              "serviceAccount:nyx-dev-resman-pf-0@nyx-prod-iac-core-0.iam.gserviceaccount.com"
            ],
            "role": "roles/resourcemanager.projectCreator"
          },
          "sensitive_attributes": [],
          "private": "bnVsbA==",
          "dependencies": [
            "module.branch-dp-dev-sa.data.google_service_account.service_account",
            "module.branch-dp-dev-sa.google_service_account.service_account",
            "module.branch-dp-prod-sa.data.google_service_account.service_account",
            "module.branch-dp-prod-sa.google_service_account.service_account",
            "module.branch-gke-dev-sa.data.google_service_account.service_account",
            "module.branch-gke-dev-sa.google_service_account.service_account",
            "module.branch-gke-prod-sa.data.google_service_account.service_account",
            "module.branch-gke-prod-sa.google_service_account.service_account",
            "module.branch-pf-dev-sa.data.google_service_account.service_account",
            "module.branch-pf-dev-sa.google_service_account.service_account",
            "module.branch-pf-prod-sa.data.google_service_account.service_account",
            "module.branch-pf-prod-sa.google_service_account.service_account",
            "module.branch-teams-folder.data.google_folder.folder",
            "module.branch-teams-folder.google_folder.folder",
            "module.branch-teams-folder.google_folder_iam_binding.authoritative",
            "module.branch-teams-folder.google_org_policy_policy.default",
            "module.branch-teams-sa.data.google_service_account.service_account",
            "module.branch-teams-sa.google_service_account.service_account",
            "module.branch-teams-team-dev-folder.data.google_folder.folder",
            "module.branch-teams-team-dev-folder.google_folder.folder",
            "module.branch-teams-team-folder.data.google_folder.folder",
            "module.branch-teams-team-folder.google_bigquery_dataset_iam_member.bq-sinks-binding",
            "module.branch-teams-team-folder.google_compute_firewall_policy.policy",
            "module.branch-teams-team-folder.google_compute_firewall_policy_association.association",
            "module.branch-teams-team-folder.google_compute_firewall_policy_rule.rule",
            "module.branch-teams-team-folder.google_essential_contacts_contact.contact",
            "module.branch-teams-team-folder.google_folder.folder",
            "module.branch-teams-team-folder.google_folder_iam_binding.authoritative",
            "module.branch-teams-team-folder.google_folder_iam_member.additive",
            "module.branch-teams-team-folder.google_logging_folder_exclusion.logging-exclusion",
            "module.branch-teams-team-folder.google_logging_folder_sink.sink",
            "module.branch-teams-team-folder.google_org_policy_policy.default",
            "module.branch-teams-team-folder.google_project_iam_member.bucket-sinks-binding",
            "module.branch-teams-team-folder.google_pubsub_topic_iam_member.pubsub-sinks-binding",
            "module.branch-teams-team-folder.google_storage_bucket_iam_member.gcs-sinks-binding",
            "module.branch-teams-team-folder.google_tags_tag_binding.binding",
            "module.branch-teams-team-sa.data.google_service_account.service_account",
            "module.branch-teams-team-sa.google_billing_account_iam_member.billing-roles",
            "module.branch-teams-team-sa.google_folder_iam_member.folder-roles",
            "module.branch-teams-team-sa.google_organization_iam_member.organization-roles",
            "module.branch-teams-team-sa.google_project_iam_member.project-roles",
            "module.branch-teams-team-sa.google_service_account.service_account",
            "module.branch-teams-team-sa.google_service_account_iam_binding.roles",
            "module.branch-teams-team-sa.google_service_account_iam_member.additive",
            "module.branch-teams-team-sa.google_service_account_iam_member.roles",
            "module.branch-teams-team-sa.google_service_account_key.key",
            "module.branch-teams-team-sa.google_service_account_key.upload_key",
            "module.branch-teams-team-sa.google_storage_bucket_iam_member.bucket-roles"
          ]
        }
      ]
    },
    {
      "module": "module.branch-teams-team-dev-folder[\"application\"]",
      "mode": "managed",
      "type": "google_logging_folder_sink",
      "name": "sink",
      "provider": "provider[\"registry.terraform.io/hashicorp/google\"]",
      "instances": []
    },
    {
      "module": "module.branch-teams-team-dev-folder[\"application\"]",
      "mode": "managed",
      "type": "google_org_policy_policy",
      "name": "default",
      "provider": "provider[\"registry.terraform.io/hashicorp/google\"]",
      "instances": []
    },
    {
      "module": "module.branch-teams-team-folder[\"application\"]",
      "mode": "data",
      "type": "google_folder",
      "name": "folder",
      "provider": "provider[\"registry.terraform.io/hashicorp/google\"]",
      "instances": []
    },
    {
      "module": "module.branch-teams-team-folder[\"application\"]",
      "mode": "managed",
      "type": "google_compute_firewall_policy",
      "name": "policy",
      "provider": "provider[\"registry.terraform.io/hashicorp/google\"]",
      "instances": []
    },
    {
      "module": "module.branch-teams-team-folder[\"application\"]",
      "mode": "managed",
      "type": "google_folder",
      "name": "folder",
      "provider": "provider[\"registry.terraform.io/hashicorp/google\"]",
      "instances": [
        {
          "index_key": 0,
          "schema_version": 0,
          "attributes": {
            "create_time": "2023-05-03T09:43:55.305Z",
            "display_name": "Application",
            "folder_id": "662160269814",
            "id": "folders/662160269814",
            "lifecycle_state": "ACTIVE",
            "name": "folders/662160269814",
            "parent": "folders/487551680540",
            "timeouts": null
          },
          "sensitive_attributes": [],
          "private": "eyJlMmJmYjczMC1lY2FhLTExZTYtOGY4OC0zNDM2M2JjN2M0YzAiOnsiY3JlYXRlIjoyNDAwMDAwMDAwMDAsImRlbGV0ZSI6MjQwMDAwMDAwMDAwLCJyZWFkIjoyNDAwMDAwMDAwMDAsInVwZGF0ZSI6MjQwMDAwMDAwMDAwfX0=",
          "dependencies": [
            "module.branch-teams-folder.data.google_folder.folder",
            "module.branch-teams-folder.google_folder.folder",
            "module.branch-teams-folder.google_folder_iam_binding.authoritative",
            "module.branch-teams-folder.google_org_policy_policy.default",
            "module.branch-teams-sa.data.google_service_account.service_account",
            "module.branch-teams-sa.google_service_account.service_account"
          ]
        }
      ]
    },
    {
      "module": "module.branch-teams-team-folder[\"application\"]",
      "mode": "managed",
      "type": "google_folder_iam_binding",
      "name": "authoritative",
      "provider": "provider[\"registry.terraform.io/hashicorp/google\"]",
      "instances": [
        {
          "index_key": "roles/cloudbuild.builds.editor",
          "schema_version": 0,
          "attributes": {
            "condition": [],
            "etag": "BwX6xuouukA=",
            "folder": "folders/662160269814",
            "id": "folders/662160269814/roles/cloudbuild.builds.editor",
            "members": [
              "group:gcp-application-devops@obol.app"
            ],
            "role": "roles/cloudbuild.builds.editor"
          },
          "sensitive_attributes": [],
          "private": "bnVsbA==",
          "dependencies": [
            "module.branch-teams-folder.data.google_folder.folder",
            "module.branch-teams-folder.google_folder.folder",
            "module.branch-teams-folder.google_folder_iam_binding.authoritative",
            "module.branch-teams-folder.google_org_policy_policy.default",
            "module.branch-teams-sa.data.google_service_account.service_account",
            "module.branch-teams-sa.google_service_account.service_account",
            "module.branch-teams-team-folder.data.google_folder.folder",
            "module.branch-teams-team-folder.google_folder.folder",
            "module.branch-teams-team-sa.data.google_service_account.service_account",
            "module.branch-teams-team-sa.google_billing_account_iam_member.billing-roles",
            "module.branch-teams-team-sa.google_folder_iam_member.folder-roles",
            "module.branch-teams-team-sa.google_organization_iam_member.organization-roles",
            "module.branch-teams-team-sa.google_project_iam_member.project-roles",
            "module.branch-teams-team-sa.google_service_account.service_account",
            "module.branch-teams-team-sa.google_service_account_iam_binding.roles",
            "module.branch-teams-team-sa.google_service_account_iam_member.additive",
            "module.branch-teams-team-sa.google_service_account_iam_member.roles",
            "module.branch-teams-team-sa.google_service_account_key.key",
            "module.branch-teams-team-sa.google_service_account_key.upload_key",
            "module.branch-teams-team-sa.google_storage_bucket_iam_member.bucket-roles"
          ]
        },
        {
          "index_key": "roles/cloudbuild.builds.viewer",
          "schema_version": 0,
          "attributes": {
            "condition": [],
            "etag": "BwX6xuouukA=",
            "folder": "folders/662160269814",
            "id": "folders/662160269814/roles/cloudbuild.builds.viewer",
            "members": [
              "group:gcp-application@obol.app"
            ],
            "role": "roles/cloudbuild.builds.viewer"
          },
          "sensitive_attributes": [],
          "private": "bnVsbA==",
          "dependencies": [
            "module.branch-teams-folder.data.google_folder.folder",
            "module.branch-teams-folder.google_folder.folder",
            "module.branch-teams-folder.google_folder_iam_binding.authoritative",
            "module.branch-teams-folder.google_org_policy_policy.default",
            "module.branch-teams-sa.data.google_service_account.service_account",
            "module.branch-teams-sa.google_service_account.service_account",
            "module.branch-teams-team-folder.data.google_folder.folder",
            "module.branch-teams-team-folder.google_folder.folder",
            "module.branch-teams-team-sa.data.google_service_account.service_account",
            "module.branch-teams-team-sa.google_billing_account_iam_member.billing-roles",
            "module.branch-teams-team-sa.google_folder_iam_member.folder-roles",
            "module.branch-teams-team-sa.google_organization_iam_member.organization-roles",
            "module.branch-teams-team-sa.google_project_iam_member.project-roles",
            "module.branch-teams-team-sa.google_service_account.service_account",
            "module.branch-teams-team-sa.google_service_account_iam_binding.roles",
            "module.branch-teams-team-sa.google_service_account_iam_member.additive",
            "module.branch-teams-team-sa.google_service_account_iam_member.roles",
            "module.branch-teams-team-sa.google_service_account_key.key",
            "module.branch-teams-team-sa.google_service_account_key.upload_key",
            "module.branch-teams-team-sa.google_storage_bucket_iam_member.bucket-roles"
          ]
        },
        {
          "index_key": "roles/cloudfunctions.admin",
          "schema_version": 0,
          "attributes": {
            "condition": [],
            "etag": "BwX6xuouukA=",
            "folder": "folders/662160269814",
            "id": "folders/662160269814/roles/cloudfunctions.admin",
            "members": [
              "group:gcp-application-devops@obol.app"
            ],
            "role": "roles/cloudfunctions.admin"
          },
          "sensitive_attributes": [],
          "private": "bnVsbA==",
          "dependencies": [
            "module.branch-teams-folder.data.google_folder.folder",
            "module.branch-teams-folder.google_folder.folder",
            "module.branch-teams-folder.google_folder_iam_binding.authoritative",
            "module.branch-teams-folder.google_org_policy_policy.default",
            "module.branch-teams-sa.data.google_service_account.service_account",
            "module.branch-teams-sa.google_service_account.service_account",
            "module.branch-teams-team-folder.data.google_folder.folder",
            "module.branch-teams-team-folder.google_folder.folder",
            "module.branch-teams-team-sa.data.google_service_account.service_account",
            "module.branch-teams-team-sa.google_billing_account_iam_member.billing-roles",
            "module.branch-teams-team-sa.google_folder_iam_member.folder-roles",
            "module.branch-teams-team-sa.google_organization_iam_member.organization-roles",
            "module.branch-teams-team-sa.google_project_iam_member.project-roles",
            "module.branch-teams-team-sa.google_service_account.service_account",
            "module.branch-teams-team-sa.google_service_account_iam_binding.roles",
            "module.branch-teams-team-sa.google_service_account_iam_member.additive",
            "module.branch-teams-team-sa.google_service_account_iam_member.roles",
            "module.branch-teams-team-sa.google_service_account_key.key",
            "module.branch-teams-team-sa.google_service_account_key.upload_key",
            "module.branch-teams-team-sa.google_storage_bucket_iam_member.bucket-roles"
          ]
        },
        {
          "index_key": "roles/cloudsql.admin",
          "schema_version": 0,
          "attributes": {
            "condition": [],
            "etag": "BwX6xuouukA=",
            "folder": "folders/662160269814",
            "id": "folders/662160269814/roles/cloudsql.admin",
            "members": [
              "group:gcp-application-devops@obol.app"
            ],
            "role": "roles/cloudsql.admin"
          },
          "sensitive_attributes": [],
          "private": "bnVsbA==",
          "dependencies": [
            "module.branch-teams-folder.data.google_folder.folder",
            "module.branch-teams-folder.google_folder.folder",
            "module.branch-teams-folder.google_folder_iam_binding.authoritative",
            "module.branch-teams-folder.google_org_policy_policy.default",
            "module.branch-teams-sa.data.google_service_account.service_account",
            "module.branch-teams-sa.google_service_account.service_account",
            "module.branch-teams-team-folder.data.google_folder.folder",
            "module.branch-teams-team-folder.google_folder.folder",
            "module.branch-teams-team-sa.data.google_service_account.service_account",
            "module.branch-teams-team-sa.google_billing_account_iam_member.billing-roles",
            "module.branch-teams-team-sa.google_folder_iam_member.folder-roles",
            "module.branch-teams-team-sa.google_organization_iam_member.organization-roles",
            "module.branch-teams-team-sa.google_project_iam_member.project-roles",
            "module.branch-teams-team-sa.google_service_account.service_account",
            "module.branch-teams-team-sa.google_service_account_iam_binding.roles",
            "module.branch-teams-team-sa.google_service_account_iam_member.additive",
            "module.branch-teams-team-sa.google_service_account_iam_member.roles",
            "module.branch-teams-team-sa.google_service_account_key.key",
            "module.branch-teams-team-sa.google_service_account_key.upload_key",
            "module.branch-teams-team-sa.google_storage_bucket_iam_member.bucket-roles"
          ]
        },
        {
          "index_key": "roles/cloudsql.client",
          "schema_version": 0,
          "attributes": {
            "condition": [],
            "etag": "BwX6xuouukA=",
            "folder": "folders/662160269814",
            "id": "folders/662160269814/roles/cloudsql.client",
            "members": [
              "group:gcp-application@obol.app"
            ],
            "role": "roles/cloudsql.client"
          },
          "sensitive_attributes": [],
          "private": "bnVsbA==",
          "dependencies": [
            "module.branch-teams-folder.data.google_folder.folder",
            "module.branch-teams-folder.google_folder.folder",
            "module.branch-teams-folder.google_folder_iam_binding.authoritative",
            "module.branch-teams-folder.google_org_policy_policy.default",
            "module.branch-teams-sa.data.google_service_account.service_account",
            "module.branch-teams-sa.google_service_account.service_account",
            "module.branch-teams-team-folder.data.google_folder.folder",
            "module.branch-teams-team-folder.google_folder.folder",
            "module.branch-teams-team-sa.data.google_service_account.service_account",
            "module.branch-teams-team-sa.google_billing_account_iam_member.billing-roles",
            "module.branch-teams-team-sa.google_folder_iam_member.folder-roles",
            "module.branch-teams-team-sa.google_organization_iam_member.organization-roles",
            "module.branch-teams-team-sa.google_project_iam_member.project-roles",
            "module.branch-teams-team-sa.google_service_account.service_account",
            "module.branch-teams-team-sa.google_service_account_iam_binding.roles",
            "module.branch-teams-team-sa.google_service_account_iam_member.additive",
            "module.branch-teams-team-sa.google_service_account_iam_member.roles",
            "module.branch-teams-team-sa.google_service_account_key.key",
            "module.branch-teams-team-sa.google_service_account_key.upload_key",
            "module.branch-teams-team-sa.google_storage_bucket_iam_member.bucket-roles"
          ]
        },
        {
          "index_key": "roles/composer.admin",
          "schema_version": 0,
          "attributes": {
            "condition": [],
            "etag": "BwX6xuouukA=",
            "folder": "folders/662160269814",
            "id": "folders/662160269814/roles/composer.admin",
            "members": [
              "group:gcp-application-devops@obol.app"
            ],
            "role": "roles/composer.admin"
          },
          "sensitive_attributes": [],
          "private": "bnVsbA==",
          "dependencies": [
            "module.branch-teams-folder.data.google_folder.folder",
            "module.branch-teams-folder.google_folder.folder",
            "module.branch-teams-folder.google_folder_iam_binding.authoritative",
            "module.branch-teams-folder.google_org_policy_policy.default",
            "module.branch-teams-sa.data.google_service_account.service_account",
            "module.branch-teams-sa.google_service_account.service_account",
            "module.branch-teams-team-folder.data.google_folder.folder",
            "module.branch-teams-team-folder.google_folder.folder",
            "module.branch-teams-team-sa.data.google_service_account.service_account",
            "module.branch-teams-team-sa.google_billing_account_iam_member.billing-roles",
            "module.branch-teams-team-sa.google_folder_iam_member.folder-roles",
            "module.branch-teams-team-sa.google_organization_iam_member.organization-roles",
            "module.branch-teams-team-sa.google_project_iam_member.project-roles",
            "module.branch-teams-team-sa.google_service_account.service_account",
            "module.branch-teams-team-sa.google_service_account_iam_binding.roles",
            "module.branch-teams-team-sa.google_service_account_iam_member.additive",
            "module.branch-teams-team-sa.google_service_account_iam_member.roles",
            "module.branch-teams-team-sa.google_service_account_key.key",
            "module.branch-teams-team-sa.google_service_account_key.upload_key",
            "module.branch-teams-team-sa.google_storage_bucket_iam_member.bucket-roles"
          ]
        },
        {
          "index_key": "roles/compute.xpnAdmin",
          "schema_version": 0,
          "attributes": {
            "condition": [],
            "etag": "BwX6xuouukA=",
            "folder": "folders/662160269814",
            "id": "folders/662160269814/roles/compute.xpnAdmin",
            "members": [
              "serviceAccount:nyx-prod-teams-application-0@nyx-prod-iac-core-0.iam.gserviceaccount.com"
            ],
            "role": "roles/compute.xpnAdmin"
          },
          "sensitive_attributes": [],
          "private": "bnVsbA==",
          "dependencies": [
            "module.branch-teams-folder.data.google_folder.folder",
            "module.branch-teams-folder.google_folder.folder",
            "module.branch-teams-folder.google_folder_iam_binding.authoritative",
            "module.branch-teams-folder.google_org_policy_policy.default",
            "module.branch-teams-sa.data.google_service_account.service_account",
            "module.branch-teams-sa.google_service_account.service_account",
            "module.branch-teams-team-folder.data.google_folder.folder",
            "module.branch-teams-team-folder.google_folder.folder",
            "module.branch-teams-team-sa.data.google_service_account.service_account",
            "module.branch-teams-team-sa.google_billing_account_iam_member.billing-roles",
            "module.branch-teams-team-sa.google_folder_iam_member.folder-roles",
            "module.branch-teams-team-sa.google_organization_iam_member.organization-roles",
            "module.branch-teams-team-sa.google_project_iam_member.project-roles",
            "module.branch-teams-team-sa.google_service_account.service_account",
            "module.branch-teams-team-sa.google_service_account_iam_binding.roles",
            "module.branch-teams-team-sa.google_service_account_iam_member.additive",
            "module.branch-teams-team-sa.google_service_account_iam_member.roles",
            "module.branch-teams-team-sa.google_service_account_key.key",
            "module.branch-teams-team-sa.google_service_account_key.upload_key",
            "module.branch-teams-team-sa.google_storage_bucket_iam_member.bucket-roles"
          ]
        },
        {
          "index_key": "roles/logging.admin",
          "schema_version": 0,
          "attributes": {
            "condition": [],
            "etag": "BwX6xuouukA=",
            "folder": "folders/662160269814",
            "id": "folders/662160269814/roles/logging.admin",
            "members": [
              "serviceAccount:nyx-prod-teams-application-0@nyx-prod-iac-core-0.iam.gserviceaccount.com"
            ],
            "role": "roles/logging.admin"
          },
          "sensitive_attributes": [],
          "private": "bnVsbA==",
          "dependencies": [
            "module.branch-teams-folder.data.google_folder.folder",
            "module.branch-teams-folder.google_folder.folder",
            "module.branch-teams-folder.google_folder_iam_binding.authoritative",
            "module.branch-teams-folder.google_org_policy_policy.default",
            "module.branch-teams-sa.data.google_service_account.service_account",
            "module.branch-teams-sa.google_service_account.service_account",
            "module.branch-teams-team-folder.data.google_folder.folder",
            "module.branch-teams-team-folder.google_folder.folder",
            "module.branch-teams-team-sa.data.google_service_account.service_account",
            "module.branch-teams-team-sa.google_billing_account_iam_member.billing-roles",
            "module.branch-teams-team-sa.google_folder_iam_member.folder-roles",
            "module.branch-teams-team-sa.google_organization_iam_member.organization-roles",
            "module.branch-teams-team-sa.google_project_iam_member.project-roles",
            "module.branch-teams-team-sa.google_service_account.service_account",
            "module.branch-teams-team-sa.google_service_account_iam_binding.roles",
            "module.branch-teams-team-sa.google_service_account_iam_member.additive",
            "module.branch-teams-team-sa.google_service_account_iam_member.roles",
            "module.branch-teams-team-sa.google_service_account_key.key",
            "module.branch-teams-team-sa.google_service_account_key.upload_key",
            "module.branch-teams-team-sa.google_storage_bucket_iam_member.bucket-roles"
          ]
        },
        {
          "index_key": "roles/owner",
          "schema_version": 0,
          "attributes": {
            "condition": [],
            "etag": "BwX6xuouukA=",
            "folder": "folders/662160269814",
            "id": "folders/662160269814/roles/owner",
            "members": [
              "serviceAccount:nyx-prod-teams-application-0@nyx-prod-iac-core-0.iam.gserviceaccount.com"
            ],
            "role": "roles/owner"
          },
          "sensitive_attributes": [],
          "private": "bnVsbA==",
          "dependencies": [
            "module.branch-teams-folder.data.google_folder.folder",
            "module.branch-teams-folder.google_folder.folder",
            "module.branch-teams-folder.google_folder_iam_binding.authoritative",
            "module.branch-teams-folder.google_org_policy_policy.default",
            "module.branch-teams-sa.data.google_service_account.service_account",
            "module.branch-teams-sa.google_service_account.service_account",
            "module.branch-teams-team-folder.data.google_folder.folder",
            "module.branch-teams-team-folder.google_folder.folder",
            "module.branch-teams-team-sa.data.google_service_account.service_account",
            "module.branch-teams-team-sa.google_billing_account_iam_member.billing-roles",
            "module.branch-teams-team-sa.google_folder_iam_member.folder-roles",
            "module.branch-teams-team-sa.google_organization_iam_member.organization-roles",
            "module.branch-teams-team-sa.google_project_iam_member.project-roles",
            "module.branch-teams-team-sa.google_service_account.service_account",
            "module.branch-teams-team-sa.google_service_account_iam_binding.roles",
            "module.branch-teams-team-sa.google_service_account_iam_member.additive",
            "module.branch-teams-team-sa.google_service_account_iam_member.roles",
            "module.branch-teams-team-sa.google_service_account_key.key",
            "module.branch-teams-team-sa.google_service_account_key.upload_key",
            "module.branch-teams-team-sa.google_storage_bucket_iam_member.bucket-roles"
          ]
        },
        {
          "index_key": "roles/resourcemanager.folderAdmin",
          "schema_version": 0,
          "attributes": {
            "condition": [],
            "etag": "BwX6xuouukA=",
            "folder": "folders/662160269814",
            "id": "folders/662160269814/roles/resourcemanager.folderAdmin",
            "members": [
              "serviceAccount:nyx-prod-teams-application-0@nyx-prod-iac-core-0.iam.gserviceaccount.com"
            ],
            "role": "roles/resourcemanager.folderAdmin"
          },
          "sensitive_attributes": [],
          "private": "bnVsbA==",
          "dependencies": [
            "module.branch-teams-folder.data.google_folder.folder",
            "module.branch-teams-folder.google_folder.folder",
            "module.branch-teams-folder.google_folder_iam_binding.authoritative",
            "module.branch-teams-folder.google_org_policy_policy.default",
            "module.branch-teams-sa.data.google_service_account.service_account",
            "module.branch-teams-sa.google_service_account.service_account",
            "module.branch-teams-team-folder.data.google_folder.folder",
            "module.branch-teams-team-folder.google_folder.folder",
            "module.branch-teams-team-sa.data.google_service_account.service_account",
            "module.branch-teams-team-sa.google_billing_account_iam_member.billing-roles",
            "module.branch-teams-team-sa.google_folder_iam_member.folder-roles",
            "module.branch-teams-team-sa.google_organization_iam_member.organization-roles",
            "module.branch-teams-team-sa.google_project_iam_member.project-roles",
            "module.branch-teams-team-sa.google_service_account.service_account",
            "module.branch-teams-team-sa.google_service_account_iam_binding.roles",
            "module.branch-teams-team-sa.google_service_account_iam_member.additive",
            "module.branch-teams-team-sa.google_service_account_iam_member.roles",
            "module.branch-teams-team-sa.google_service_account_key.key",
            "module.branch-teams-team-sa.google_service_account_key.upload_key",
            "module.branch-teams-team-sa.google_storage_bucket_iam_member.bucket-roles"
          ]
        },
        {
          "index_key": "roles/resourcemanager.projectCreator",
          "schema_version": 0,
          "attributes": {
            "condition": [],
            "etag": "BwX6xuouukA=",
            "folder": "folders/662160269814",
            "id": "folders/662160269814/roles/resourcemanager.projectCreator",
            "members": [
              "serviceAccount:nyx-prod-teams-application-0@nyx-prod-iac-core-0.iam.gserviceaccount.com"
            ],
            "role": "roles/resourcemanager.projectCreator"
          },
          "sensitive_attributes": [],
          "private": "bnVsbA==",
          "dependencies": [
            "module.branch-teams-folder.data.google_folder.folder",
            "module.branch-teams-folder.google_folder.folder",
            "module.branch-teams-folder.google_folder_iam_binding.authoritative",
            "module.branch-teams-folder.google_org_policy_policy.default",
            "module.branch-teams-sa.data.google_service_account.service_account",
            "module.branch-teams-sa.google_service_account.service_account",
            "module.branch-teams-team-folder.data.google_folder.folder",
            "module.branch-teams-team-folder.google_folder.folder",
            "module.branch-teams-team-sa.data.google_service_account.service_account",
            "module.branch-teams-team-sa.google_billing_account_iam_member.billing-roles",
            "module.branch-teams-team-sa.google_folder_iam_member.folder-roles",
            "module.branch-teams-team-sa.google_organization_iam_member.organization-roles",
            "module.branch-teams-team-sa.google_project_iam_member.project-roles",
            "module.branch-teams-team-sa.google_service_account.service_account",
            "module.branch-teams-team-sa.google_service_account_iam_binding.roles",
            "module.branch-teams-team-sa.google_service_account_iam_member.additive",
            "module.branch-teams-team-sa.google_service_account_iam_member.roles",
            "module.branch-teams-team-sa.google_service_account_key.key",
            "module.branch-teams-team-sa.google_service_account_key.upload_key",
            "module.branch-teams-team-sa.google_storage_bucket_iam_member.bucket-roles"
          ]
        },
        {
          "index_key": "roles/run.admin",
          "schema_version": 0,
          "attributes": {
            "condition": [],
            "etag": "BwX6xuouukA=",
            "folder": "folders/662160269814",
            "id": "folders/662160269814/roles/run.admin",
            "members": [
              "group:gcp-application-devops@obol.app"
            ],
            "role": "roles/run.admin"
          },
          "sensitive_attributes": [],
          "private": "bnVsbA==",
          "dependencies": [
            "module.branch-teams-folder.data.google_folder.folder",
            "module.branch-teams-folder.google_folder.folder",
            "module.branch-teams-folder.google_folder_iam_binding.authoritative",
            "module.branch-teams-folder.google_org_policy_policy.default",
            "module.branch-teams-sa.data.google_service_account.service_account",
            "module.branch-teams-sa.google_service_account.service_account",
            "module.branch-teams-team-folder.data.google_folder.folder",
            "module.branch-teams-team-folder.google_folder.folder",
            "module.branch-teams-team-sa.data.google_service_account.service_account",
            "module.branch-teams-team-sa.google_billing_account_iam_member.billing-roles",
            "module.branch-teams-team-sa.google_folder_iam_member.folder-roles",
            "module.branch-teams-team-sa.google_organization_iam_member.organization-roles",
            "module.branch-teams-team-sa.google_project_iam_member.project-roles",
            "module.branch-teams-team-sa.google_service_account.service_account",
            "module.branch-teams-team-sa.google_service_account_iam_binding.roles",
            "module.branch-teams-team-sa.google_service_account_iam_member.additive",
            "module.branch-teams-team-sa.google_service_account_iam_member.roles",
            "module.branch-teams-team-sa.google_service_account_key.key",
            "module.branch-teams-team-sa.google_service_account_key.upload_key",
            "module.branch-teams-team-sa.google_storage_bucket_iam_member.bucket-roles"
          ]
        },
        {
          "index_key": "roles/run.invoker",
          "schema_version": 0,
          "attributes": {
            "condition": [],
            "etag": "BwX6xuouukA=",
            "folder": "folders/662160269814",
            "id": "folders/662160269814/roles/run.invoker",
            "members": [
              "group:gcp-application@obol.app"
            ],
            "role": "roles/run.invoker"
          },
          "sensitive_attributes": [],
          "private": "bnVsbA==",
          "dependencies": [
            "module.branch-teams-folder.data.google_folder.folder",
            "module.branch-teams-folder.google_folder.folder",
            "module.branch-teams-folder.google_folder_iam_binding.authoritative",
            "module.branch-teams-folder.google_org_policy_policy.default",
            "module.branch-teams-sa.data.google_service_account.service_account",
            "module.branch-teams-sa.google_service_account.service_account",
            "module.branch-teams-team-folder.data.google_folder.folder",
            "module.branch-teams-team-folder.google_folder.folder",
            "module.branch-teams-team-sa.data.google_service_account.service_account",
            "module.branch-teams-team-sa.google_billing_account_iam_member.billing-roles",
            "module.branch-teams-team-sa.google_folder_iam_member.folder-roles",
            "module.branch-teams-team-sa.google_organization_iam_member.organization-roles",
            "module.branch-teams-team-sa.google_project_iam_member.project-roles",
            "module.branch-teams-team-sa.google_service_account.service_account",
            "module.branch-teams-team-sa.google_service_account_iam_binding.roles",
            "module.branch-teams-team-sa.google_service_account_iam_member.additive",
            "module.branch-teams-team-sa.google_service_account_iam_member.roles",
            "module.branch-teams-team-sa.google_service_account_key.key",
            "module.branch-teams-team-sa.google_service_account_key.upload_key",
            "module.branch-teams-team-sa.google_storage_bucket_iam_member.bucket-roles"
          ]
        },
        {
          "index_key": "roles/storage.objectAdmin",
          "schema_version": 0,
          "attributes": {
            "condition": [],
            "etag": "BwX6xuouukA=",
            "folder": "folders/662160269814",
            "id": "folders/662160269814/roles/storage.objectAdmin",
            "members": [
              "group:gcp-application-devops@obol.app"
            ],
            "role": "roles/storage.objectAdmin"
          },
          "sensitive_attributes": [],
          "private": "bnVsbA==",
          "dependencies": [
            "module.branch-teams-folder.data.google_folder.folder",
            "module.branch-teams-folder.google_folder.folder",
            "module.branch-teams-folder.google_folder_iam_binding.authoritative",
            "module.branch-teams-folder.google_org_policy_policy.default",
            "module.branch-teams-sa.data.google_service_account.service_account",
            "module.branch-teams-sa.google_service_account.service_account",
            "module.branch-teams-team-folder.data.google_folder.folder",
            "module.branch-teams-team-folder.google_folder.folder",
            "module.branch-teams-team-sa.data.google_service_account.service_account",
            "module.branch-teams-team-sa.google_billing_account_iam_member.billing-roles",
            "module.branch-teams-team-sa.google_folder_iam_member.folder-roles",
            "module.branch-teams-team-sa.google_organization_iam_member.organization-roles",
            "module.branch-teams-team-sa.google_project_iam_member.project-roles",
            "module.branch-teams-team-sa.google_service_account.service_account",
            "module.branch-teams-team-sa.google_service_account_iam_binding.roles",
            "module.branch-teams-team-sa.google_service_account_iam_member.additive",
            "module.branch-teams-team-sa.google_service_account_iam_member.roles",
            "module.branch-teams-team-sa.google_service_account_key.key",
            "module.branch-teams-team-sa.google_service_account_key.upload_key",
            "module.branch-teams-team-sa.google_storage_bucket_iam_member.bucket-roles"
          ]
        }
      ]
    },
    {
      "module": "module.branch-teams-team-folder[\"application\"]",
      "mode": "managed",
      "type": "google_logging_folder_sink",
      "name": "sink",
      "provider": "provider[\"registry.terraform.io/hashicorp/google\"]",
      "instances": []
    },
    {
      "module": "module.branch-teams-team-folder[\"application\"]",
      "mode": "managed",
      "type": "google_org_policy_policy",
      "name": "default",
      "provider": "provider[\"registry.terraform.io/hashicorp/google\"]",
      "instances": []
    },
    {
      "module": "module.branch-teams-team-gcs[\"application\"]",
      "mode": "managed",
      "type": "google_pubsub_topic",
      "name": "topic",
      "provider": "provider[\"registry.terraform.io/hashicorp/google\"]",
      "instances": []
    },
    {
      "module": "module.branch-teams-team-gcs[\"application\"]",
      "mode": "managed",
      "type": "google_storage_bucket",
      "name": "bucket",
      "provider": "provider[\"registry.terraform.io/hashicorp/google\"]",
      "instances": [
        {
          "schema_version": 0,
          "attributes": {
            "autoclass": [],
            "cors": [],
            "custom_placement_config": [],
            "default_event_based_hold": false,
            "encryption": [],
            "force_destroy": false,
            "id": "nyx-prod-teams-application-0",
            "labels": {},
            "lifecycle_rule": [],
            "location": "US",
            "logging": [],
            "name": "nyx-prod-teams-application-0",
            "project": "nyx-prod-iac-core-0",
            "public_access_prevention": "inherited",
            "requester_pays": false,
            "retention_policy": [],
            "self_link": "https://www.googleapis.com/storage/v1/b/nyx-prod-teams-application-0",
            "storage_class": "MULTI_REGIONAL",
            "timeouts": null,
            "uniform_bucket_level_access": true,
            "url": "gs://nyx-prod-teams-application-0",
            "versioning": [
              {
                "enabled": true
              }
            ],
            "website": []
          },
          "sensitive_attributes": [],
          "private": "eyJlMmJmYjczMC1lY2FhLTExZTYtOGY4OC0zNDM2M2JjN2M0YzAiOnsiY3JlYXRlIjo2MDAwMDAwMDAwMDAsInJlYWQiOjI0MDAwMDAwMDAwMCwidXBkYXRlIjoyNDAwMDAwMDAwMDB9fQ=="
        }
      ]
    },
    {
      "module": "module.branch-teams-team-gcs[\"application\"]",
      "mode": "managed",
      "type": "google_storage_bucket_iam_binding",
      "name": "bindings",
      "provider": "provider[\"registry.terraform.io/hashicorp/google\"]",
      "instances": [
        {
          "index_key": "roles/storage.objectAdmin",
          "schema_version": 0,
          "attributes": {
            "bucket": "b/nyx-prod-teams-application-0",
            "condition": [],
            "etag": "CAI=",
            "id": "b/nyx-prod-teams-application-0/roles/storage.objectAdmin",
            "members": [
              "serviceAccount:nyx-prod-teams-application-0@nyx-prod-iac-core-0.iam.gserviceaccount.com"
            ],
            "role": "roles/storage.objectAdmin"
          },
          "sensitive_attributes": [],
          "private": "bnVsbA==",
          "dependencies": [
            "module.branch-teams-team-gcs.google_storage_bucket.bucket",
            "module.branch-teams-team-sa.data.google_service_account.service_account",
            "module.branch-teams-team-sa.google_billing_account_iam_member.billing-roles",
            "module.branch-teams-team-sa.google_folder_iam_member.folder-roles",
            "module.branch-teams-team-sa.google_organization_iam_member.organization-roles",
            "module.branch-teams-team-sa.google_project_iam_member.project-roles",
            "module.branch-teams-team-sa.google_service_account.service_account",
            "module.branch-teams-team-sa.google_service_account_iam_binding.roles",
            "module.branch-teams-team-sa.google_service_account_iam_member.additive",
            "module.branch-teams-team-sa.google_service_account_iam_member.roles",
            "module.branch-teams-team-sa.google_service_account_key.key",
            "module.branch-teams-team-sa.google_service_account_key.upload_key",
            "module.branch-teams-team-sa.google_storage_bucket_iam_member.bucket-roles"
          ]
        }
      ]
    },
    {
      "module": "module.branch-teams-team-gcs[\"application\"]",
      "mode": "managed",
      "type": "google_storage_notification",
      "name": "notification",
      "provider": "provider[\"registry.terraform.io/hashicorp/google\"]",
      "instances": []
    },
    {
      "module": "module.branch-teams-team-prod-folder[\"application\"]",
      "mode": "data",
      "type": "google_folder",
      "name": "folder",
      "provider": "provider[\"registry.terraform.io/hashicorp/google\"]",
      "instances": []
    },
    {
      "module": "module.branch-teams-team-prod-folder[\"application\"]",
      "mode": "managed",
      "type": "google_compute_firewall_policy",
      "name": "policy",
      "provider": "provider[\"registry.terraform.io/hashicorp/google\"]",
      "instances": []
    },
    {
      "module": "module.branch-teams-team-prod-folder[\"application\"]",
      "mode": "managed",
      "type": "google_folder",
      "name": "folder",
      "provider": "provider[\"registry.terraform.io/hashicorp/google\"]",
      "instances": [
        {
          "index_key": 0,
          "schema_version": 0,
          "attributes": {
            "create_time": "2023-05-03T09:45:28.115Z",
            "display_name": "Production",
            "folder_id": "780342606043",
            "id": "folders/780342606043",
            "lifecycle_state": "ACTIVE",
            "name": "folders/780342606043",
            "parent": "folders/662160269814",
            "timeouts": null
          },
          "sensitive_attributes": [],
          "private": "eyJlMmJmYjczMC1lY2FhLTExZTYtOGY4OC0zNDM2M2JjN2M0YzAiOnsiY3JlYXRlIjoyNDAwMDAwMDAwMDAsImRlbGV0ZSI6MjQwMDAwMDAwMDAwLCJyZWFkIjoyNDAwMDAwMDAwMDAsInVwZGF0ZSI6MjQwMDAwMDAwMDAwfX0=",
          "dependencies": [
            "module.branch-teams-folder.data.google_folder.folder",
            "module.branch-teams-folder.google_folder.folder",
            "module.branch-teams-folder.google_folder_iam_binding.authoritative",
            "module.branch-teams-folder.google_org_policy_policy.default",
            "module.branch-teams-sa.data.google_service_account.service_account",
            "module.branch-teams-sa.google_service_account.service_account",
            "module.branch-teams-team-folder.data.google_folder.folder",
            "module.branch-teams-team-folder.google_bigquery_dataset_iam_member.bq-sinks-binding",
            "module.branch-teams-team-folder.google_compute_firewall_policy.policy",
            "module.branch-teams-team-folder.google_compute_firewall_policy_association.association",
            "module.branch-teams-team-folder.google_compute_firewall_policy_rule.rule",
            "module.branch-teams-team-folder.google_essential_contacts_contact.contact",
            "module.branch-teams-team-folder.google_folder.folder",
            "module.branch-teams-team-folder.google_folder_iam_binding.authoritative",
            "module.branch-teams-team-folder.google_folder_iam_member.additive",
            "module.branch-teams-team-folder.google_logging_folder_exclusion.logging-exclusion",
            "module.branch-teams-team-folder.google_logging_folder_sink.sink",
            "module.branch-teams-team-folder.google_org_policy_policy.default",
            "module.branch-teams-team-folder.google_project_iam_member.bucket-sinks-binding",
            "module.branch-teams-team-folder.google_pubsub_topic_iam_member.pubsub-sinks-binding",
            "module.branch-teams-team-folder.google_storage_bucket_iam_member.gcs-sinks-binding",
            "module.branch-teams-team-folder.google_tags_tag_binding.binding",
            "module.branch-teams-team-sa.data.google_service_account.service_account",
            "module.branch-teams-team-sa.google_billing_account_iam_member.billing-roles",
            "module.branch-teams-team-sa.google_folder_iam_member.folder-roles",
            "module.branch-teams-team-sa.google_organization_iam_member.organization-roles",
            "module.branch-teams-team-sa.google_project_iam_member.project-roles",
            "module.branch-teams-team-sa.google_service_account.service_account",
            "module.branch-teams-team-sa.google_service_account_iam_binding.roles",
            "module.branch-teams-team-sa.google_service_account_iam_member.additive",
            "module.branch-teams-team-sa.google_service_account_iam_member.roles",
            "module.branch-teams-team-sa.google_service_account_key.key",
            "module.branch-teams-team-sa.google_service_account_key.upload_key",
            "module.branch-teams-team-sa.google_storage_bucket_iam_member.bucket-roles"
          ]
        }
      ]
    },
    {
      "module": "module.branch-teams-team-prod-folder[\"application\"]",
      "mode": "managed",
      "type": "google_folder_iam_binding",
      "name": "authoritative",
      "provider": "provider[\"registry.terraform.io/hashicorp/google\"]",
      "instances": [
        {
          "index_key": "organizations/1068395049087/roles/serviceProjectNetworkAdmin",
          "schema_version": 0,
          "attributes": {
            "condition": [],
            "etag": "BwX6xuyvyik=",
            "folder": "folders/780342606043",
            "id": "folders/780342606043/organizations/1068395049087/roles/serviceProjectNetworkAdmin",
            "members": [
              "serviceAccount:nyx-prod-resman-pf-0@nyx-prod-iac-core-0.iam.gserviceaccount.com"
            ],
            "role": "organizations/1068395049087/roles/serviceProjectNetworkAdmin"
          },
          "sensitive_attributes": [],
          "private": "bnVsbA==",
          "dependencies": [
            "module.branch-dp-dev-sa.data.google_service_account.service_account",
            "module.branch-dp-dev-sa.google_service_account.service_account",
            "module.branch-dp-prod-sa.data.google_service_account.service_account",
            "module.branch-dp-prod-sa.google_service_account.service_account",
            "module.branch-gke-dev-sa.data.google_service_account.service_account",
            "module.branch-gke-dev-sa.google_service_account.service_account",
            "module.branch-gke-prod-sa.data.google_service_account.service_account",
            "module.branch-gke-prod-sa.google_service_account.service_account",
            "module.branch-pf-dev-sa.data.google_service_account.service_account",
            "module.branch-pf-dev-sa.google_service_account.service_account",
            "module.branch-pf-prod-sa.data.google_service_account.service_account",
            "module.branch-pf-prod-sa.google_service_account.service_account",
            "module.branch-teams-folder.data.google_folder.folder",
            "module.branch-teams-folder.google_folder.folder",
            "module.branch-teams-folder.google_folder_iam_binding.authoritative",
            "module.branch-teams-folder.google_org_policy_policy.default",
            "module.branch-teams-sa.data.google_service_account.service_account",
            "module.branch-teams-sa.google_service_account.service_account",
            "module.branch-teams-team-folder.data.google_folder.folder",
            "module.branch-teams-team-folder.google_bigquery_dataset_iam_member.bq-sinks-binding",
            "module.branch-teams-team-folder.google_compute_firewall_policy.policy",
            "module.branch-teams-team-folder.google_compute_firewall_policy_association.association",
            "module.branch-teams-team-folder.google_compute_firewall_policy_rule.rule",
            "module.branch-teams-team-folder.google_essential_contacts_contact.contact",
            "module.branch-teams-team-folder.google_folder.folder",
            "module.branch-teams-team-folder.google_folder_iam_binding.authoritative",
            "module.branch-teams-team-folder.google_folder_iam_member.additive",
            "module.branch-teams-team-folder.google_logging_folder_exclusion.logging-exclusion",
            "module.branch-teams-team-folder.google_logging_folder_sink.sink",
            "module.branch-teams-team-folder.google_org_policy_policy.default",
            "module.branch-teams-team-folder.google_project_iam_member.bucket-sinks-binding",
            "module.branch-teams-team-folder.google_pubsub_topic_iam_member.pubsub-sinks-binding",
            "module.branch-teams-team-folder.google_storage_bucket_iam_member.gcs-sinks-binding",
            "module.branch-teams-team-folder.google_tags_tag_binding.binding",
            "module.branch-teams-team-prod-folder.data.google_folder.folder",
            "module.branch-teams-team-prod-folder.google_folder.folder",
            "module.branch-teams-team-sa.data.google_service_account.service_account",
            "module.branch-teams-team-sa.google_billing_account_iam_member.billing-roles",
            "module.branch-teams-team-sa.google_folder_iam_member.folder-roles",
            "module.branch-teams-team-sa.google_organization_iam_member.organization-roles",
            "module.branch-teams-team-sa.google_project_iam_member.project-roles",
            "module.branch-teams-team-sa.google_service_account.service_account",
            "module.branch-teams-team-sa.google_service_account_iam_binding.roles",
            "module.branch-teams-team-sa.google_service_account_iam_member.additive",
            "module.branch-teams-team-sa.google_service_account_iam_member.roles",
            "module.branch-teams-team-sa.google_service_account_key.key",
            "module.branch-teams-team-sa.google_service_account_key.upload_key",
            "module.branch-teams-team-sa.google_storage_bucket_iam_member.bucket-roles"
          ]
        },
        {
          "index_key": "roles/logging.admin",
          "schema_version": 0,
          "attributes": {
            "condition": [],
            "etag": "BwX6xuyvyik=",
            "folder": "folders/780342606043",
            "id": "folders/780342606043/roles/logging.admin",
            "members": [
              "serviceAccount:nyx-prod-resman-pf-0@nyx-prod-iac-core-0.iam.gserviceaccount.com"
            ],
            "role": "roles/logging.admin"
          },
          "sensitive_attributes": [],
          "private": "bnVsbA==",
          "dependencies": [
            "module.branch-dp-dev-sa.data.google_service_account.service_account",
            "module.branch-dp-dev-sa.google_service_account.service_account",
            "module.branch-dp-prod-sa.data.google_service_account.service_account",
            "module.branch-dp-prod-sa.google_service_account.service_account",
            "module.branch-gke-dev-sa.data.google_service_account.service_account",
            "module.branch-gke-dev-sa.google_service_account.service_account",
            "module.branch-gke-prod-sa.data.google_service_account.service_account",
            "module.branch-gke-prod-sa.google_service_account.service_account",
            "module.branch-pf-dev-sa.data.google_service_account.service_account",
            "module.branch-pf-dev-sa.google_service_account.service_account",
            "module.branch-pf-prod-sa.data.google_service_account.service_account",
            "module.branch-pf-prod-sa.google_service_account.service_account",
            "module.branch-teams-folder.data.google_folder.folder",
            "module.branch-teams-folder.google_folder.folder",
            "module.branch-teams-folder.google_folder_iam_binding.authoritative",
            "module.branch-teams-folder.google_org_policy_policy.default",
            "module.branch-teams-sa.data.google_service_account.service_account",
            "module.branch-teams-sa.google_service_account.service_account",
            "module.branch-teams-team-folder.data.google_folder.folder",
            "module.branch-teams-team-folder.google_bigquery_dataset_iam_member.bq-sinks-binding",
            "module.branch-teams-team-folder.google_compute_firewall_policy.policy",
            "module.branch-teams-team-folder.google_compute_firewall_policy_association.association",
            "module.branch-teams-team-folder.google_compute_firewall_policy_rule.rule",
            "module.branch-teams-team-folder.google_essential_contacts_contact.contact",
            "module.branch-teams-team-folder.google_folder.folder",
            "module.branch-teams-team-folder.google_folder_iam_binding.authoritative",
            "module.branch-teams-team-folder.google_folder_iam_member.additive",
            "module.branch-teams-team-folder.google_logging_folder_exclusion.logging-exclusion",
            "module.branch-teams-team-folder.google_logging_folder_sink.sink",
            "module.branch-teams-team-folder.google_org_policy_policy.default",
            "module.branch-teams-team-folder.google_project_iam_member.bucket-sinks-binding",
            "module.branch-teams-team-folder.google_pubsub_topic_iam_member.pubsub-sinks-binding",
            "module.branch-teams-team-folder.google_storage_bucket_iam_member.gcs-sinks-binding",
            "module.branch-teams-team-folder.google_tags_tag_binding.binding",
            "module.branch-teams-team-prod-folder.data.google_folder.folder",
            "module.branch-teams-team-prod-folder.google_folder.folder",
            "module.branch-teams-team-sa.data.google_service_account.service_account",
            "module.branch-teams-team-sa.google_billing_account_iam_member.billing-roles",
            "module.branch-teams-team-sa.google_folder_iam_member.folder-roles",
            "module.branch-teams-team-sa.google_organization_iam_member.organization-roles",
            "module.branch-teams-team-sa.google_project_iam_member.project-roles",
            "module.branch-teams-team-sa.google_service_account.service_account",
            "module.branch-teams-team-sa.google_service_account_iam_binding.roles",
            "module.branch-teams-team-sa.google_service_account_iam_member.additive",
            "module.branch-teams-team-sa.google_service_account_iam_member.roles",
            "module.branch-teams-team-sa.google_service_account_key.key",
            "module.branch-teams-team-sa.google_service_account_key.upload_key",
            "module.branch-teams-team-sa.google_storage_bucket_iam_member.bucket-roles"
          ]
        },
        {
          "index_key": "roles/owner",
          "schema_version": 0,
          "attributes": {
            "condition": [],
            "etag": "BwX6xuyvyik=",
            "folder": "folders/780342606043",
            "id": "folders/780342606043/roles/owner",
            "members": [
              "serviceAccount:nyx-prod-resman-pf-0@nyx-prod-iac-core-0.iam.gserviceaccount.com"
            ],
            "role": "roles/owner"
          },
          "sensitive_attributes": [],
          "private": "bnVsbA==",
          "dependencies": [
            "module.branch-dp-dev-sa.data.google_service_account.service_account",
            "module.branch-dp-dev-sa.google_service_account.service_account",
            "module.branch-dp-prod-sa.data.google_service_account.service_account",
            "module.branch-dp-prod-sa.google_service_account.service_account",
            "module.branch-gke-dev-sa.data.google_service_account.service_account",
            "module.branch-gke-dev-sa.google_service_account.service_account",
            "module.branch-gke-prod-sa.data.google_service_account.service_account",
            "module.branch-gke-prod-sa.google_service_account.service_account",
            "module.branch-pf-dev-sa.data.google_service_account.service_account",
            "module.branch-pf-dev-sa.google_service_account.service_account",
            "module.branch-pf-prod-sa.data.google_service_account.service_account",
            "module.branch-pf-prod-sa.google_service_account.service_account",
            "module.branch-teams-folder.data.google_folder.folder",
            "module.branch-teams-folder.google_folder.folder",
            "module.branch-teams-folder.google_folder_iam_binding.authoritative",
            "module.branch-teams-folder.google_org_policy_policy.default",
            "module.branch-teams-sa.data.google_service_account.service_account",
            "module.branch-teams-sa.google_service_account.service_account",
            "module.branch-teams-team-folder.data.google_folder.folder",
            "module.branch-teams-team-folder.google_bigquery_dataset_iam_member.bq-sinks-binding",
            "module.branch-teams-team-folder.google_compute_firewall_policy.policy",
            "module.branch-teams-team-folder.google_compute_firewall_policy_association.association",
            "module.branch-teams-team-folder.google_compute_firewall_policy_rule.rule",
            "module.branch-teams-team-folder.google_essential_contacts_contact.contact",
            "module.branch-teams-team-folder.google_folder.folder",
            "module.branch-teams-team-folder.google_folder_iam_binding.authoritative",
            "module.branch-teams-team-folder.google_folder_iam_member.additive",
            "module.branch-teams-team-folder.google_logging_folder_exclusion.logging-exclusion",
            "module.branch-teams-team-folder.google_logging_folder_sink.sink",
            "module.branch-teams-team-folder.google_org_policy_policy.default",
            "module.branch-teams-team-folder.google_project_iam_member.bucket-sinks-binding",
            "module.branch-teams-team-folder.google_pubsub_topic_iam_member.pubsub-sinks-binding",
            "module.branch-teams-team-folder.google_storage_bucket_iam_member.gcs-sinks-binding",
            "module.branch-teams-team-folder.google_tags_tag_binding.binding",
            "module.branch-teams-team-prod-folder.data.google_folder.folder",
            "module.branch-teams-team-prod-folder.google_folder.folder",
            "module.branch-teams-team-sa.data.google_service_account.service_account",
            "module.branch-teams-team-sa.google_billing_account_iam_member.billing-roles",
            "module.branch-teams-team-sa.google_folder_iam_member.folder-roles",
            "module.branch-teams-team-sa.google_organization_iam_member.organization-roles",
            "module.branch-teams-team-sa.google_project_iam_member.project-roles",
            "module.branch-teams-team-sa.google_service_account.service_account",
            "module.branch-teams-team-sa.google_service_account_iam_binding.roles",
            "module.branch-teams-team-sa.google_service_account_iam_member.additive",
            "module.branch-teams-team-sa.google_service_account_iam_member.roles",
            "module.branch-teams-team-sa.google_service_account_key.key",
            "module.branch-teams-team-sa.google_service_account_key.upload_key",
            "module.branch-teams-team-sa.google_storage_bucket_iam_member.bucket-roles"
          ]
        },
        {
          "index_key": "roles/resourcemanager.folderAdmin",
          "schema_version": 0,
          "attributes": {
            "condition": [],
            "etag": "BwX6xuyvyik=",
            "folder": "folders/780342606043",
            "id": "folders/780342606043/roles/resourcemanager.folderAdmin",
            "members": [
              "serviceAccount:nyx-prod-resman-pf-0@nyx-prod-iac-core-0.iam.gserviceaccount.com"
            ],
            "role": "roles/resourcemanager.folderAdmin"
          },
          "sensitive_attributes": [],
          "private": "bnVsbA==",
          "dependencies": [
            "module.branch-dp-dev-sa.data.google_service_account.service_account",
            "module.branch-dp-dev-sa.google_service_account.service_account",
            "module.branch-dp-prod-sa.data.google_service_account.service_account",
            "module.branch-dp-prod-sa.google_service_account.service_account",
            "module.branch-gke-dev-sa.data.google_service_account.service_account",
            "module.branch-gke-dev-sa.google_service_account.service_account",
            "module.branch-gke-prod-sa.data.google_service_account.service_account",
            "module.branch-gke-prod-sa.google_service_account.service_account",
            "module.branch-pf-dev-sa.data.google_service_account.service_account",
            "module.branch-pf-dev-sa.google_service_account.service_account",
            "module.branch-pf-prod-sa.data.google_service_account.service_account",
            "module.branch-pf-prod-sa.google_service_account.service_account",
            "module.branch-teams-folder.data.google_folder.folder",
            "module.branch-teams-folder.google_folder.folder",
            "module.branch-teams-folder.google_folder_iam_binding.authoritative",
            "module.branch-teams-folder.google_org_policy_policy.default",
            "module.branch-teams-sa.data.google_service_account.service_account",
            "module.branch-teams-sa.google_service_account.service_account",
            "module.branch-teams-team-folder.data.google_folder.folder",
            "module.branch-teams-team-folder.google_bigquery_dataset_iam_member.bq-sinks-binding",
            "module.branch-teams-team-folder.google_compute_firewall_policy.policy",
            "module.branch-teams-team-folder.google_compute_firewall_policy_association.association",
            "module.branch-teams-team-folder.google_compute_firewall_policy_rule.rule",
            "module.branch-teams-team-folder.google_essential_contacts_contact.contact",
            "module.branch-teams-team-folder.google_folder.folder",
            "module.branch-teams-team-folder.google_folder_iam_binding.authoritative",
            "module.branch-teams-team-folder.google_folder_iam_member.additive",
            "module.branch-teams-team-folder.google_logging_folder_exclusion.logging-exclusion",
            "module.branch-teams-team-folder.google_logging_folder_sink.sink",
            "module.branch-teams-team-folder.google_org_policy_policy.default",
            "module.branch-teams-team-folder.google_project_iam_member.bucket-sinks-binding",
            "module.branch-teams-team-folder.google_pubsub_topic_iam_member.pubsub-sinks-binding",
            "module.branch-teams-team-folder.google_storage_bucket_iam_member.gcs-sinks-binding",
            "module.branch-teams-team-folder.google_tags_tag_binding.binding",
            "module.branch-teams-team-prod-folder.data.google_folder.folder",
            "module.branch-teams-team-prod-folder.google_folder.folder",
            "module.branch-teams-team-sa.data.google_service_account.service_account",
            "module.branch-teams-team-sa.google_billing_account_iam_member.billing-roles",
            "module.branch-teams-team-sa.google_folder_iam_member.folder-roles",
            "module.branch-teams-team-sa.google_organization_iam_member.organization-roles",
            "module.branch-teams-team-sa.google_project_iam_member.project-roles",
            "module.branch-teams-team-sa.google_service_account.service_account",
            "module.branch-teams-team-sa.google_service_account_iam_binding.roles",
            "module.branch-teams-team-sa.google_service_account_iam_member.additive",
            "module.branch-teams-team-sa.google_service_account_iam_member.roles",
            "module.branch-teams-team-sa.google_service_account_key.key",
            "module.branch-teams-team-sa.google_service_account_key.upload_key",
            "module.branch-teams-team-sa.google_storage_bucket_iam_member.bucket-roles"
          ]
        },
        {
          "index_key": "roles/resourcemanager.projectCreator",
          "schema_version": 0,
          "attributes": {
            "condition": [],
            "etag": "BwX6xuyvyik=",
            "folder": "folders/780342606043",
            "id": "folders/780342606043/roles/resourcemanager.projectCreator",
            "members": [
              "serviceAccount:nyx-prod-resman-pf-0@nyx-prod-iac-core-0.iam.gserviceaccount.com"
            ],
            "role": "roles/resourcemanager.projectCreator"
          },
          "sensitive_attributes": [],
          "private": "bnVsbA==",
          "dependencies": [
            "module.branch-dp-dev-sa.data.google_service_account.service_account",
            "module.branch-dp-dev-sa.google_service_account.service_account",
            "module.branch-dp-prod-sa.data.google_service_account.service_account",
            "module.branch-dp-prod-sa.google_service_account.service_account",
            "module.branch-gke-dev-sa.data.google_service_account.service_account",
            "module.branch-gke-dev-sa.google_service_account.service_account",
            "module.branch-gke-prod-sa.data.google_service_account.service_account",
            "module.branch-gke-prod-sa.google_service_account.service_account",
            "module.branch-pf-dev-sa.data.google_service_account.service_account",
            "module.branch-pf-dev-sa.google_service_account.service_account",
            "module.branch-pf-prod-sa.data.google_service_account.service_account",
            "module.branch-pf-prod-sa.google_service_account.service_account",
            "module.branch-teams-folder.data.google_folder.folder",
            "module.branch-teams-folder.google_folder.folder",
            "module.branch-teams-folder.google_folder_iam_binding.authoritative",
            "module.branch-teams-folder.google_org_policy_policy.default",
            "module.branch-teams-sa.data.google_service_account.service_account",
            "module.branch-teams-sa.google_service_account.service_account",
            "module.branch-teams-team-folder.data.google_folder.folder",
            "module.branch-teams-team-folder.google_bigquery_dataset_iam_member.bq-sinks-binding",
            "module.branch-teams-team-folder.google_compute_firewall_policy.policy",
            "module.branch-teams-team-folder.google_compute_firewall_policy_association.association",
            "module.branch-teams-team-folder.google_compute_firewall_policy_rule.rule",
            "module.branch-teams-team-folder.google_essential_contacts_contact.contact",
            "module.branch-teams-team-folder.google_folder.folder",
            "module.branch-teams-team-folder.google_folder_iam_binding.authoritative",
            "module.branch-teams-team-folder.google_folder_iam_member.additive",
            "module.branch-teams-team-folder.google_logging_folder_exclusion.logging-exclusion",
            "module.branch-teams-team-folder.google_logging_folder_sink.sink",
            "module.branch-teams-team-folder.google_org_policy_policy.default",
            "module.branch-teams-team-folder.google_project_iam_member.bucket-sinks-binding",
            "module.branch-teams-team-folder.google_pubsub_topic_iam_member.pubsub-sinks-binding",
            "module.branch-teams-team-folder.google_storage_bucket_iam_member.gcs-sinks-binding",
            "module.branch-teams-team-folder.google_tags_tag_binding.binding",
            "module.branch-teams-team-prod-folder.data.google_folder.folder",
            "module.branch-teams-team-prod-folder.google_folder.folder",
            "module.branch-teams-team-sa.data.google_service_account.service_account",
            "module.branch-teams-team-sa.google_billing_account_iam_member.billing-roles",
            "module.branch-teams-team-sa.google_folder_iam_member.folder-roles",
            "module.branch-teams-team-sa.google_organization_iam_member.organization-roles",
            "module.branch-teams-team-sa.google_project_iam_member.project-roles",
            "module.branch-teams-team-sa.google_service_account.service_account",
            "module.branch-teams-team-sa.google_service_account_iam_binding.roles",
            "module.branch-teams-team-sa.google_service_account_iam_member.additive",
            "module.branch-teams-team-sa.google_service_account_iam_member.roles",
            "module.branch-teams-team-sa.google_service_account_key.key",
            "module.branch-teams-team-sa.google_service_account_key.upload_key",
            "module.branch-teams-team-sa.google_storage_bucket_iam_member.bucket-roles"
          ]
        }
      ]
    },
    {
      "module": "module.branch-teams-team-prod-folder[\"application\"]",
      "mode": "managed",
      "type": "google_logging_folder_sink",
      "name": "sink",
      "provider": "provider[\"registry.terraform.io/hashicorp/google\"]",
      "instances": []
    },
    {
      "module": "module.branch-teams-team-prod-folder[\"application\"]",
      "mode": "managed",
      "type": "google_org_policy_policy",
      "name": "default",
      "provider": "provider[\"registry.terraform.io/hashicorp/google\"]",
      "instances": []
    },
    {
      "module": "module.branch-teams-team-sa[\"application\"]",
      "mode": "data",
      "type": "google_service_account",
      "name": "service_account",
      "provider": "provider[\"registry.terraform.io/hashicorp/google\"]",
      "instances": []
    },
    {
      "module": "module.branch-teams-team-sa[\"application\"]",
      "mode": "managed",
      "type": "google_service_account",
      "name": "service_account",
      "provider": "provider[\"registry.terraform.io/hashicorp/google\"]",
      "instances": [
        {
          "index_key": 0,
          "schema_version": 0,
          "attributes": {
            "account_id": "nyx-prod-teams-application-0",
            "description": "",
            "disabled": false,
            "display_name": "Terraform team application service account.",
            "email": "nyx-prod-teams-application-0@nyx-prod-iac-core-0.iam.gserviceaccount.com",
            "id": "projects/nyx-prod-iac-core-0/serviceAccounts/nyx-prod-teams-application-0@nyx-prod-iac-core-0.iam.gserviceaccount.com",
            "member": "serviceAccount:nyx-prod-teams-application-0@nyx-prod-iac-core-0.iam.gserviceaccount.com",
            "name": "projects/nyx-prod-iac-core-0/serviceAccounts/nyx-prod-teams-application-0@nyx-prod-iac-core-0.iam.gserviceaccount.com",
            "project": "nyx-prod-iac-core-0",
            "timeouts": null,
            "unique_id": "108548616018578444227"
          },
          "sensitive_attributes": [],
          "private": "eyJlMmJmYjczMC1lY2FhLTExZTYtOGY4OC0zNDM2M2JjN2M0YzAiOnsiY3JlYXRlIjozMDAwMDAwMDAwMDB9fQ=="
        }
      ]
    },
    {
      "module": "module.branch-teams-team-sa[\"application\"]",
      "mode": "managed",
      "type": "google_service_account_iam_binding",
      "name": "roles",
      "provider": "provider[\"registry.terraform.io/hashicorp/google\"]",
      "instances": [
        {
          "index_key": "roles/iam.serviceAccountTokenCreator",
          "schema_version": 0,
          "attributes": {
            "condition": [],
            "etag": null,
            "id": "projects/nyx-prod-iac-core-0/serviceAccounts/nyx-prod-teams-application-0@nyx-prod-iac-core-0.iam.gserviceaccount.com/roles/iam.serviceAccountTokenCreator",
            "members": [],
            "role": "roles/iam.serviceAccountTokenCreator",
            "service_account_id": "projects/nyx-prod-iac-core-0/serviceAccounts/nyx-prod-teams-application-0@nyx-prod-iac-core-0.iam.gserviceaccount.com"
          },
          "sensitive_attributes": [],
          "private": "bnVsbA==",
          "dependencies": [
            "module.branch-teams-team-sa.data.google_service_account.service_account",
            "module.branch-teams-team-sa.google_service_account.service_account"
          ]
        }
      ]
    },
    {
      "module": "module.branch-teams-team-sa[\"application\"]",
      "mode": "managed",
      "type": "google_service_account_key",
      "name": "key",
      "provider": "provider[\"registry.terraform.io/hashicorp/google\"]",
      "instances": []
    },
    {
      "module": "module.branch-teams-team-sa[\"application\"]",
      "mode": "managed",
      "type": "google_service_account_key",
      "name": "upload_key",
      "provider": "provider[\"registry.terraform.io/hashicorp/google\"]",
      "instances": []
    },
    {
      "module": "module.organization",
      "mode": "data",
      "type": "google_iam_policy",
      "name": "authoritative",
      "provider": "provider[\"registry.terraform.io/hashicorp/google\"]",
      "instances": [
        {
          "schema_version": 0,
          "attributes": {
            "audit_config": null,
            "binding": null,
            "id": "2745614147",
            "policy_data": "{}"
          },
          "sensitive_attributes": []
        }
      ]
    },
    {
      "module": "module.organization",
      "mode": "managed",
      "type": "google_org_policy_custom_constraint",
      "name": "constraint",
      "provider": "provider[\"registry.terraform.io/hashicorp/google-beta\"]",
      "instances": []
    },
    {
      "module": "module.organization",
      "mode": "managed",
      "type": "google_org_policy_policy",
      "name": "default",
      "provider": "provider[\"registry.terraform.io/hashicorp/google\"]",
      "instances": [
        {
          "index_key": "compute.restrictLoadBalancerCreationForTypes",
          "schema_version": 0,
          "attributes": {
            "id": "organizations/1068395049087/policies/compute.restrictLoadBalancerCreationForTypes",
            "name": "organizations/1068395049087/policies/compute.restrictLoadBalancerCreationForTypes",
            "parent": "organizations/1068395049087",
            "spec": [
              {
                "etag": "CP7gyKIGEIi9zdAB",
                "inherit_from_parent": false,
                "reset": false,
                "rules": [
                  {
                    "allow_all": "",
                    "condition": [],
                    "deny_all": "",
                    "enforce": "",
                    "values": [
                      {
                        "allowed_values": [
                          "in:INTERNAL"
                        ],
                        "denied_values": null
                      }
                    ]
                  }
                ],
                "update_time": "2023-05-03T09:59:26.437477Z"
              }
            ],
            "timeouts": null
          },
          "sensitive_attributes": [],
          "private": "eyJlMmJmYjczMC1lY2FhLTExZTYtOGY4OC0zNDM2M2JjN2M0YzAiOnsiY3JlYXRlIjoxMjAwMDAwMDAwMDAwLCJkZWxldGUiOjEyMDAwMDAwMDAwMDAsInVwZGF0ZSI6MTIwMDAwMDAwMDAwMH19",
          "dependencies": [
            "module.branch-dp-dev-sa.data.google_service_account.service_account",
            "module.branch-dp-dev-sa.google_service_account.service_account",
            "module.branch-dp-prod-sa.data.google_service_account.service_account",
            "module.branch-dp-prod-sa.google_service_account.service_account",
            "module.branch-gke-dev-sa.data.google_service_account.service_account",
            "module.branch-gke-dev-sa.google_service_account.service_account",
            "module.branch-gke-prod-sa.data.google_service_account.service_account",
            "module.branch-gke-prod-sa.google_service_account.service_account",
            "module.branch-network-sa.data.google_service_account.service_account",
            "module.branch-network-sa.google_service_account.service_account",
            "module.branch-pf-dev-sa.data.google_service_account.service_account",
            "module.branch-pf-dev-sa.google_service_account.service_account",
            "module.branch-pf-prod-sa.data.google_service_account.service_account",
            "module.branch-pf-prod-sa.google_service_account.service_account",
            "module.branch-security-sa.data.google_service_account.service_account",
            "module.branch-security-sa.google_service_account.service_account",
            "module.organization.google_org_policy_custom_constraint.constraint",
            "module.organization.google_organization_iam_audit_config.config",
            "module.organization.google_organization_iam_binding.authoritative",
            "module.organization.google_organization_iam_custom_role.roles",
            "module.organization.google_organization_iam_member.additive",
            "module.organization.google_organization_iam_policy.authoritative"
          ]
        }
      ]
    },
    {
      "module": "module.organization",
      "mode": "managed",
      "type": "google_organization_iam_audit_config",
      "name": "config",
      "provider": "provider[\"registry.terraform.io/hashicorp/google\"]",
      "instances": []
    },
    {
      "module": "module.organization",
      "mode": "managed",
      "type": "google_organization_iam_binding",
      "name": "authoritative",
      "provider": "provider[\"registry.terraform.io/hashicorp/google\"]",
      "instances": []
    },
    {
      "module": "module.organization",
      "mode": "managed",
      "type": "google_organization_iam_custom_role",
      "name": "roles",
      "provider": "provider[\"registry.terraform.io/hashicorp/google\"]",
      "instances": []
    },
    {
      "module": "module.organization",
      "mode": "managed",
      "type": "google_organization_iam_member",
      "name": "additive",
      "provider": "provider[\"registry.terraform.io/hashicorp/google\"]",
      "instances": [
        {
          "index_key": "roles/accesscontextmanager.policyAdmin-serviceAccount:nyx-security-0@nyx-prod-iac-core-0.iam.gserviceaccount.com",
          "schema_version": 0,
          "attributes": {
            "condition": [],
            "etag": "BwX6xuTtwWc=",
            "id": "1068395049087/roles/accesscontextmanager.policyAdmin/serviceAccount:nyx-security-0@nyx-prod-iac-core-0.iam.gserviceaccount.com",
            "member": "serviceAccount:nyx-security-0@nyx-prod-iac-core-0.iam.gserviceaccount.com",
            "org_id": "1068395049087",
            "role": "roles/accesscontextmanager.policyAdmin"
          },
          "sensitive_attributes": [],
          "private": "bnVsbA==",
          "dependencies": [
            "module.branch-dp-dev-sa.data.google_service_account.service_account",
            "module.branch-dp-dev-sa.google_service_account.service_account",
            "module.branch-dp-prod-sa.data.google_service_account.service_account",
            "module.branch-dp-prod-sa.google_service_account.service_account",
            "module.branch-gke-dev-sa.data.google_service_account.service_account",
            "module.branch-gke-dev-sa.google_service_account.service_account",
            "module.branch-gke-prod-sa.data.google_service_account.service_account",
            "module.branch-gke-prod-sa.google_service_account.service_account",
            "module.branch-network-sa.data.google_service_account.service_account",
            "module.branch-network-sa.google_service_account.service_account",
            "module.branch-pf-dev-sa.data.google_service_account.service_account",
            "module.branch-pf-dev-sa.google_service_account.service_account",
            "module.branch-pf-prod-sa.data.google_service_account.service_account",
            "module.branch-pf-prod-sa.google_service_account.service_account",
            "module.branch-security-sa.data.google_service_account.service_account",
            "module.branch-security-sa.google_service_account.service_account"
          ]
        },
        {
          "index_key": "roles/billing.costsManager-serviceAccount:nyx-dev-resman-pf-0@nyx-prod-iac-core-0.iam.gserviceaccount.com",
          "schema_version": 0,
          "attributes": {
            "condition": [],
            "etag": "BwX6xuTtwWc=",
            "id": "1068395049087/roles/billing.costsManager/serviceAccount:nyx-dev-resman-pf-0@nyx-prod-iac-core-0.iam.gserviceaccount.com",
            "member": "serviceAccount:nyx-dev-resman-pf-0@nyx-prod-iac-core-0.iam.gserviceaccount.com",
            "org_id": "1068395049087",
            "role": "roles/billing.costsManager"
          },
          "sensitive_attributes": [],
          "private": "bnVsbA==",
          "dependencies": [
            "module.branch-dp-dev-sa.data.google_service_account.service_account",
            "module.branch-dp-dev-sa.google_service_account.service_account",
            "module.branch-dp-prod-sa.data.google_service_account.service_account",
            "module.branch-dp-prod-sa.google_service_account.service_account",
            "module.branch-gke-dev-sa.data.google_service_account.service_account",
            "module.branch-gke-dev-sa.google_service_account.service_account",
            "module.branch-gke-prod-sa.data.google_service_account.service_account",
            "module.branch-gke-prod-sa.google_service_account.service_account",
            "module.branch-network-sa.data.google_service_account.service_account",
            "module.branch-network-sa.google_service_account.service_account",
            "module.branch-pf-dev-sa.data.google_service_account.service_account",
            "module.branch-pf-dev-sa.google_service_account.service_account",
            "module.branch-pf-prod-sa.data.google_service_account.service_account",
            "module.branch-pf-prod-sa.google_service_account.service_account",
            "module.branch-security-sa.data.google_service_account.service_account",
            "module.branch-security-sa.google_service_account.service_account"
          ]
        },
        {
          "index_key": "roles/billing.costsManager-serviceAccount:nyx-prod-resman-pf-0@nyx-prod-iac-core-0.iam.gserviceaccount.com",
          "schema_version": 0,
          "attributes": {
            "condition": [],
            "etag": "BwX6xuTtwWc=",
            "id": "1068395049087/roles/billing.costsManager/serviceAccount:nyx-prod-resman-pf-0@nyx-prod-iac-core-0.iam.gserviceaccount.com",
            "member": "serviceAccount:nyx-prod-resman-pf-0@nyx-prod-iac-core-0.iam.gserviceaccount.com",
            "org_id": "1068395049087",
            "role": "roles/billing.costsManager"
          },
          "sensitive_attributes": [],
          "private": "bnVsbA==",
          "dependencies": [
            "module.branch-dp-dev-sa.data.google_service_account.service_account",
            "module.branch-dp-dev-sa.google_service_account.service_account",
            "module.branch-dp-prod-sa.data.google_service_account.service_account",
            "module.branch-dp-prod-sa.google_service_account.service_account",
            "module.branch-gke-dev-sa.data.google_service_account.service_account",
            "module.branch-gke-dev-sa.google_service_account.service_account",
            "module.branch-gke-prod-sa.data.google_service_account.service_account",
            "module.branch-gke-prod-sa.google_service_account.service_account",
            "module.branch-network-sa.data.google_service_account.service_account",
            "module.branch-network-sa.google_service_account.service_account",
            "module.branch-pf-dev-sa.data.google_service_account.service_account",
            "module.branch-pf-dev-sa.google_service_account.service_account",
            "module.branch-pf-prod-sa.data.google_service_account.service_account",
            "module.branch-pf-prod-sa.google_service_account.service_account",
            "module.branch-security-sa.data.google_service_account.service_account",
            "module.branch-security-sa.google_service_account.service_account"
          ]
        },
        {
          "index_key": "roles/billing.user-serviceAccount:nyx-dev-resman-dp-0@nyx-prod-iac-core-0.iam.gserviceaccount.com",
          "schema_version": 0,
          "attributes": {
            "condition": [],
            "etag": "BwX6xuTtwWc=",
            "id": "1068395049087/roles/billing.user/serviceAccount:nyx-dev-resman-dp-0@nyx-prod-iac-core-0.iam.gserviceaccount.com",
            "member": "serviceAccount:nyx-dev-resman-dp-0@nyx-prod-iac-core-0.iam.gserviceaccount.com",
            "org_id": "1068395049087",
            "role": "roles/billing.user"
          },
          "sensitive_attributes": [],
          "private": "bnVsbA==",
          "dependencies": [
            "module.branch-dp-dev-sa.data.google_service_account.service_account",
            "module.branch-dp-dev-sa.google_service_account.service_account",
            "module.branch-dp-prod-sa.data.google_service_account.service_account",
            "module.branch-dp-prod-sa.google_service_account.service_account",
            "module.branch-gke-dev-sa.data.google_service_account.service_account",
            "module.branch-gke-dev-sa.google_service_account.service_account",
            "module.branch-gke-prod-sa.data.google_service_account.service_account",
            "module.branch-gke-prod-sa.google_service_account.service_account",
            "module.branch-network-sa.data.google_service_account.service_account",
            "module.branch-network-sa.google_service_account.service_account",
            "module.branch-pf-dev-sa.data.google_service_account.service_account",
            "module.branch-pf-dev-sa.google_service_account.service_account",
            "module.branch-pf-prod-sa.data.google_service_account.service_account",
            "module.branch-pf-prod-sa.google_service_account.service_account",
            "module.branch-security-sa.data.google_service_account.service_account",
            "module.branch-security-sa.google_service_account.service_account"
          ]
        },
        {
          "index_key": "roles/billing.user-serviceAccount:nyx-dev-resman-pf-0@nyx-prod-iac-core-0.iam.gserviceaccount.com",
          "schema_version": 0,
          "attributes": {
            "condition": [],
            "etag": "BwX6xuTtwWc=",
            "id": "1068395049087/roles/billing.user/serviceAccount:nyx-dev-resman-pf-0@nyx-prod-iac-core-0.iam.gserviceaccount.com",
            "member": "serviceAccount:nyx-dev-resman-pf-0@nyx-prod-iac-core-0.iam.gserviceaccount.com",
            "org_id": "1068395049087",
            "role": "roles/billing.user"
          },
          "sensitive_attributes": [],
          "private": "bnVsbA==",
          "dependencies": [
            "module.branch-dp-dev-sa.data.google_service_account.service_account",
            "module.branch-dp-dev-sa.google_service_account.service_account",
            "module.branch-dp-prod-sa.data.google_service_account.service_account",
            "module.branch-dp-prod-sa.google_service_account.service_account",
            "module.branch-gke-dev-sa.data.google_service_account.service_account",
            "module.branch-gke-dev-sa.google_service_account.service_account",
            "module.branch-gke-prod-sa.data.google_service_account.service_account",
            "module.branch-gke-prod-sa.google_service_account.service_account",
            "module.branch-network-sa.data.google_service_account.service_account",
            "module.branch-network-sa.google_service_account.service_account",
            "module.branch-pf-dev-sa.data.google_service_account.service_account",
            "module.branch-pf-dev-sa.google_service_account.service_account",
            "module.branch-pf-prod-sa.data.google_service_account.service_account",
            "module.branch-pf-prod-sa.google_service_account.service_account",
            "module.branch-security-sa.data.google_service_account.service_account",
            "module.branch-security-sa.google_service_account.service_account"
          ]
        },
        {
          "index_key": "roles/billing.user-serviceAccount:nyx-prod-resman-dp-0@nyx-prod-iac-core-0.iam.gserviceaccount.com",
          "schema_version": 0,
          "attributes": {
            "condition": [],
            "etag": "BwX6xuTtwWc=",
            "id": "1068395049087/roles/billing.user/serviceAccount:nyx-prod-resman-dp-0@nyx-prod-iac-core-0.iam.gserviceaccount.com",
            "member": "serviceAccount:nyx-prod-resman-dp-0@nyx-prod-iac-core-0.iam.gserviceaccount.com",
            "org_id": "1068395049087",
            "role": "roles/billing.user"
          },
          "sensitive_attributes": [],
          "private": "bnVsbA==",
          "dependencies": [
            "module.branch-dp-dev-sa.data.google_service_account.service_account",
            "module.branch-dp-dev-sa.google_service_account.service_account",
            "module.branch-dp-prod-sa.data.google_service_account.service_account",
            "module.branch-dp-prod-sa.google_service_account.service_account",
            "module.branch-gke-dev-sa.data.google_service_account.service_account",
            "module.branch-gke-dev-sa.google_service_account.service_account",
            "module.branch-gke-prod-sa.data.google_service_account.service_account",
            "module.branch-gke-prod-sa.google_service_account.service_account",
            "module.branch-network-sa.data.google_service_account.service_account",
            "module.branch-network-sa.google_service_account.service_account",
            "module.branch-pf-dev-sa.data.google_service_account.service_account",
            "module.branch-pf-dev-sa.google_service_account.service_account",
            "module.branch-pf-prod-sa.data.google_service_account.service_account",
            "module.branch-pf-prod-sa.google_service_account.service_account",
            "module.branch-security-sa.data.google_service_account.service_account",
            "module.branch-security-sa.google_service_account.service_account"
          ]
        },
        {
          "index_key": "roles/billing.user-serviceAccount:nyx-prod-resman-net-0@nyx-prod-iac-core-0.iam.gserviceaccount.com",
          "schema_version": 0,
          "attributes": {
            "condition": [],
            "etag": "BwX6xuTtwWc=",
            "id": "1068395049087/roles/billing.user/serviceAccount:nyx-prod-resman-net-0@nyx-prod-iac-core-0.iam.gserviceaccount.com",
            "member": "serviceAccount:nyx-prod-resman-net-0@nyx-prod-iac-core-0.iam.gserviceaccount.com",
            "org_id": "1068395049087",
            "role": "roles/billing.user"
          },
          "sensitive_attributes": [],
          "private": "bnVsbA==",
          "dependencies": [
            "module.branch-dp-dev-sa.data.google_service_account.service_account",
            "module.branch-dp-dev-sa.google_service_account.service_account",
            "module.branch-dp-prod-sa.data.google_service_account.service_account",
            "module.branch-dp-prod-sa.google_service_account.service_account",
            "module.branch-gke-dev-sa.data.google_service_account.service_account",
            "module.branch-gke-dev-sa.google_service_account.service_account",
            "module.branch-gke-prod-sa.data.google_service_account.service_account",
            "module.branch-gke-prod-sa.google_service_account.service_account",
            "module.branch-network-sa.data.google_service_account.service_account",
            "module.branch-network-sa.google_service_account.service_account",
            "module.branch-pf-dev-sa.data.google_service_account.service_account",
            "module.branch-pf-dev-sa.google_service_account.service_account",
            "module.branch-pf-prod-sa.data.google_service_account.service_account",
            "module.branch-pf-prod-sa.google_service_account.service_account",
            "module.branch-security-sa.data.google_service_account.service_account",
            "module.branch-security-sa.google_service_account.service_account"
          ]
        },
        {
          "index_key": "roles/billing.user-serviceAccount:nyx-prod-resman-pf-0@nyx-prod-iac-core-0.iam.gserviceaccount.com",
          "schema_version": 0,
          "attributes": {
            "condition": [],
            "etag": "BwX6xuTtwWc=",
            "id": "1068395049087/roles/billing.user/serviceAccount:nyx-prod-resman-pf-0@nyx-prod-iac-core-0.iam.gserviceaccount.com",
            "member": "serviceAccount:nyx-prod-resman-pf-0@nyx-prod-iac-core-0.iam.gserviceaccount.com",
            "org_id": "1068395049087",
            "role": "roles/billing.user"
          },
          "sensitive_attributes": [],
          "private": "bnVsbA==",
          "dependencies": [
            "module.branch-dp-dev-sa.data.google_service_account.service_account",
            "module.branch-dp-dev-sa.google_service_account.service_account",
            "module.branch-dp-prod-sa.data.google_service_account.service_account",
            "module.branch-dp-prod-sa.google_service_account.service_account",
            "module.branch-gke-dev-sa.data.google_service_account.service_account",
            "module.branch-gke-dev-sa.google_service_account.service_account",
            "module.branch-gke-prod-sa.data.google_service_account.service_account",
            "module.branch-gke-prod-sa.google_service_account.service_account",
            "module.branch-network-sa.data.google_service_account.service_account",
            "module.branch-network-sa.google_service_account.service_account",
            "module.branch-pf-dev-sa.data.google_service_account.service_account",
            "module.branch-pf-dev-sa.google_service_account.service_account",
            "module.branch-pf-prod-sa.data.google_service_account.service_account",
            "module.branch-pf-prod-sa.google_service_account.service_account",
            "module.branch-security-sa.data.google_service_account.service_account",
            "module.branch-security-sa.google_service_account.service_account"
          ]
        },
        {
          "index_key": "roles/billing.user-serviceAccount:nyx-security-0@nyx-prod-iac-core-0.iam.gserviceaccount.com",
          "schema_version": 0,
          "attributes": {
            "condition": [],
            "etag": "BwX6xuTtwWc=",
            "id": "1068395049087/roles/billing.user/serviceAccount:nyx-security-0@nyx-prod-iac-core-0.iam.gserviceaccount.com",
            "member": "serviceAccount:nyx-security-0@nyx-prod-iac-core-0.iam.gserviceaccount.com",
            "org_id": "1068395049087",
            "role": "roles/billing.user"
          },
          "sensitive_attributes": [],
          "private": "bnVsbA==",
          "dependencies": [
            "module.branch-dp-dev-sa.data.google_service_account.service_account",
            "module.branch-dp-dev-sa.google_service_account.service_account",
            "module.branch-dp-prod-sa.data.google_service_account.service_account",
            "module.branch-dp-prod-sa.google_service_account.service_account",
            "module.branch-gke-dev-sa.data.google_service_account.service_account",
            "module.branch-gke-dev-sa.google_service_account.service_account",
            "module.branch-gke-prod-sa.data.google_service_account.service_account",
            "module.branch-gke-prod-sa.google_service_account.service_account",
            "module.branch-network-sa.data.google_service_account.service_account",
            "module.branch-network-sa.google_service_account.service_account",
            "module.branch-pf-dev-sa.data.google_service_account.service_account",
            "module.branch-pf-dev-sa.google_service_account.service_account",
            "module.branch-pf-prod-sa.data.google_service_account.service_account",
            "module.branch-pf-prod-sa.google_service_account.service_account",
            "module.branch-security-sa.data.google_service_account.service_account",
            "module.branch-security-sa.google_service_account.service_account"
          ]
        },
        {
          "index_key": "roles/compute.orgFirewallPolicyAdmin-serviceAccount:nyx-prod-resman-net-0@nyx-prod-iac-core-0.iam.gserviceaccount.com",
          "schema_version": 0,
          "attributes": {
            "condition": [],
            "etag": "BwX6xuTtwWc=",
            "id": "1068395049087/roles/compute.orgFirewallPolicyAdmin/serviceAccount:nyx-prod-resman-net-0@nyx-prod-iac-core-0.iam.gserviceaccount.com",
            "member": "serviceAccount:nyx-prod-resman-net-0@nyx-prod-iac-core-0.iam.gserviceaccount.com",
            "org_id": "1068395049087",
            "role": "roles/compute.orgFirewallPolicyAdmin"
          },
          "sensitive_attributes": [],
          "private": "bnVsbA==",
          "dependencies": [
            "module.branch-dp-dev-sa.data.google_service_account.service_account",
            "module.branch-dp-dev-sa.google_service_account.service_account",
            "module.branch-dp-prod-sa.data.google_service_account.service_account",
            "module.branch-dp-prod-sa.google_service_account.service_account",
            "module.branch-gke-dev-sa.data.google_service_account.service_account",
            "module.branch-gke-dev-sa.google_service_account.service_account",
            "module.branch-gke-prod-sa.data.google_service_account.service_account",
            "module.branch-gke-prod-sa.google_service_account.service_account",
            "module.branch-network-sa.data.google_service_account.service_account",
            "module.branch-network-sa.google_service_account.service_account",
            "module.branch-pf-dev-sa.data.google_service_account.service_account",
            "module.branch-pf-dev-sa.google_service_account.service_account",
            "module.branch-pf-prod-sa.data.google_service_account.service_account",
            "module.branch-pf-prod-sa.google_service_account.service_account",
            "module.branch-security-sa.data.google_service_account.service_account",
            "module.branch-security-sa.google_service_account.service_account"
          ]
        },
        {
          "index_key": "roles/compute.xpnAdmin-serviceAccount:nyx-prod-resman-net-0@nyx-prod-iac-core-0.iam.gserviceaccount.com",
          "schema_version": 0,
          "attributes": {
            "condition": [],
            "etag": "BwX6xuTtwWc=",
            "id": "1068395049087/roles/compute.xpnAdmin/serviceAccount:nyx-prod-resman-net-0@nyx-prod-iac-core-0.iam.gserviceaccount.com",
            "member": "serviceAccount:nyx-prod-resman-net-0@nyx-prod-iac-core-0.iam.gserviceaccount.com",
            "org_id": "1068395049087",
            "role": "roles/compute.xpnAdmin"
          },
          "sensitive_attributes": [],
          "private": "bnVsbA==",
          "dependencies": [
            "module.branch-dp-dev-sa.data.google_service_account.service_account",
            "module.branch-dp-dev-sa.google_service_account.service_account",
            "module.branch-dp-prod-sa.data.google_service_account.service_account",
            "module.branch-dp-prod-sa.google_service_account.service_account",
            "module.branch-gke-dev-sa.data.google_service_account.service_account",
            "module.branch-gke-dev-sa.google_service_account.service_account",
            "module.branch-gke-prod-sa.data.google_service_account.service_account",
            "module.branch-gke-prod-sa.google_service_account.service_account",
            "module.branch-network-sa.data.google_service_account.service_account",
            "module.branch-network-sa.google_service_account.service_account",
            "module.branch-pf-dev-sa.data.google_service_account.service_account",
            "module.branch-pf-dev-sa.google_service_account.service_account",
            "module.branch-pf-prod-sa.data.google_service_account.service_account",
            "module.branch-pf-prod-sa.google_service_account.service_account",
            "module.branch-security-sa.data.google_service_account.service_account",
            "module.branch-security-sa.google_service_account.service_account"
          ]
        }
      ]
    },
    {
      "module": "module.organization",
      "mode": "managed",
      "type": "google_organization_iam_policy",
      "name": "authoritative",
      "provider": "provider[\"registry.terraform.io/hashicorp/google\"]",
      "instances": []
    },
    {
      "module": "module.organization",
      "mode": "managed",
      "type": "google_tags_tag_value",
      "name": "default",
      "provider": "provider[\"registry.terraform.io/hashicorp/google\"]",
      "instances": []
    }
  ],
  "check_results": null
}
